{
  "version": 4,
  "terraform_version": "1.6.5",
  "serial": 55,
  "lineage": "17c0b476-c8d8-e4e3-9348-6e32b07c16ee",
  "outputs": {},
  "resources": [
    {
      "mode": "managed",
      "type": "aws_instance",
      "name": "sulaiman_ec2",
      "provider": "provider[\"registry.terraform.io/hashicorp/aws\"]",
      "instances": [
        {
          "index_key": 0,
          "schema_version": 1,
          "attributes": {
            "ami": "ami-0302f42a44bf53a45",
            "arn": "arn:aws:ec2:eu-west-3:682390094476:instance/i-02c639396285e855f",
            "associate_public_ip_address": true,
            "availability_zone": "eu-west-3a",
            "capacity_reservation_specification": [
              {
                "capacity_reservation_preference": "open",
                "capacity_reservation_target": []
              }
            ],
            "cpu_core_count": 1,
            "cpu_options": [
              {
                "amd_sev_snp": "",
                "core_count": 1,
                "threads_per_core": 1
              }
            ],
            "cpu_threads_per_core": 1,
            "credit_specification": [
              {
                "cpu_credits": "standard"
              }
            ],
            "disable_api_stop": false,
            "disable_api_termination": false,
            "ebs_block_device": [],
            "ebs_optimized": false,
            "enclave_options": [
              {
                "enabled": false
              }
            ],
            "ephemeral_block_device": [],
            "get_password_data": false,
            "hibernation": false,
            "host_id": "",
            "host_resource_group_arn": null,
            "iam_instance_profile": "",
            "id": "i-02c639396285e855f",
            "instance_initiated_shutdown_behavior": "stop",
            "instance_state": "running",
            "instance_type": "t2.micro",
            "ipv6_address_count": 0,
            "ipv6_addresses": [],
            "key_name": "macle",
            "launch_template": [],
            "maintenance_options": [
              {
                "auto_recovery": "default"
              }
            ],
            "metadata_options": [
              {
                "http_endpoint": "enabled",
                "http_put_response_hop_limit": 2,
                "http_tokens": "required",
                "instance_metadata_tags": "disabled"
              }
            ],
            "monitoring": false,
            "network_interface": [],
            "outpost_arn": "",
            "password_data": "",
            "placement_group": "",
            "placement_partition_number": 0,
            "primary_network_interface_id": "eni-00eb1fbe4c1ca5acb",
            "private_dns": "ip-192-168-1-143.eu-west-3.compute.internal",
            "private_dns_name_options": [
              {
                "enable_resource_name_dns_a_record": false,
                "enable_resource_name_dns_aaaa_record": false,
                "hostname_type": "ip-name"
              }
            ],
            "private_ip": "192.168.1.143",
            "public_dns": "",
            "public_ip": "13.38.77.222",
            "root_block_device": [
              {
                "delete_on_termination": true,
                "device_name": "/dev/xvda",
                "encrypted": false,
                "iops": 3000,
                "kms_key_id": "",
                "tags": {},
                "throughput": 125,
                "volume_id": "vol-07fbdb2779341f13a",
                "volume_size": 8,
                "volume_type": "gp3"
              }
            ],
            "secondary_private_ips": [],
            "security_groups": [
              "sg-0f44bfa3e13e28c75"
            ],
            "source_dest_check": true,
            "subnet_id": "subnet-0c91637fbd07db9bc",
            "tags": {
              "Name": "sulaiman-ec2-node-1"
            },
            "tags_all": {
              "Name": "sulaiman-ec2-node-1"
            },
            "tenancy": "default",
            "timeouts": null,
            "user_data": null,
            "user_data_base64": null,
            "user_data_replace_on_change": false,
            "volume_tags": null,
            "vpc_security_group_ids": [
              "sg-0f44bfa3e13e28c75"
            ]
          },
          "sensitive_attributes": [],
          "private": "eyJlMmJmYjczMC1lY2FhLTExZTYtOGY4OC0zNDM2M2JjN2M0YzAiOnsiY3JlYXRlIjo2MDAwMDAwMDAwMDAsImRlbGV0ZSI6MTIwMDAwMDAwMDAwMCwidXBkYXRlIjo2MDAwMDAwMDAwMDB9LCJzY2hlbWFfdmVyc2lvbiI6IjEifQ==",
          "dependencies": [
            "aws_key_pair.myawskey",
            "aws_security_group.sulaiman_sg",
            "aws_subnet.sulaiman_subnet",
            "aws_vpc.sulaiman_vpc",
            "tls_private_key.mykey"
          ]
        },
        {
          "index_key": 1,
          "schema_version": 1,
          "attributes": {
            "ami": "ami-0302f42a44bf53a45",
            "arn": "arn:aws:ec2:eu-west-3:682390094476:instance/i-0c0bcac34b8a253c6",
            "associate_public_ip_address": true,
            "availability_zone": "eu-west-3a",
            "capacity_reservation_specification": [
              {
                "capacity_reservation_preference": "open",
                "capacity_reservation_target": []
              }
            ],
            "cpu_core_count": 1,
            "cpu_options": [
              {
                "amd_sev_snp": "",
                "core_count": 1,
                "threads_per_core": 1
              }
            ],
            "cpu_threads_per_core": 1,
            "credit_specification": [
              {
                "cpu_credits": "standard"
              }
            ],
            "disable_api_stop": false,
            "disable_api_termination": false,
            "ebs_block_device": [],
            "ebs_optimized": false,
            "enclave_options": [
              {
                "enabled": false
              }
            ],
            "ephemeral_block_device": [],
            "get_password_data": false,
            "hibernation": false,
            "host_id": "",
            "host_resource_group_arn": null,
            "iam_instance_profile": "",
            "id": "i-0c0bcac34b8a253c6",
            "instance_initiated_shutdown_behavior": "stop",
            "instance_state": "running",
            "instance_type": "t2.micro",
            "ipv6_address_count": 0,
            "ipv6_addresses": [],
            "key_name": "macle",
            "launch_template": [],
            "maintenance_options": [
              {
                "auto_recovery": "default"
              }
            ],
            "metadata_options": [
              {
                "http_endpoint": "enabled",
                "http_put_response_hop_limit": 2,
                "http_tokens": "required",
                "instance_metadata_tags": "disabled"
              }
            ],
            "monitoring": false,
            "network_interface": [],
            "outpost_arn": "",
            "password_data": "",
            "placement_group": "",
            "placement_partition_number": 0,
            "primary_network_interface_id": "eni-0e62f329b945b8aca",
            "private_dns": "ip-192-168-1-189.eu-west-3.compute.internal",
            "private_dns_name_options": [
              {
                "enable_resource_name_dns_a_record": false,
                "enable_resource_name_dns_aaaa_record": false,
                "hostname_type": "ip-name"
              }
            ],
            "private_ip": "192.168.1.189",
            "public_dns": "",
            "public_ip": "13.36.237.64",
            "root_block_device": [
              {
                "delete_on_termination": true,
                "device_name": "/dev/xvda",
                "encrypted": false,
                "iops": 3000,
                "kms_key_id": "",
                "tags": {},
                "throughput": 125,
                "volume_id": "vol-0cb1f341a2c9dfa34",
                "volume_size": 8,
                "volume_type": "gp3"
              }
            ],
            "secondary_private_ips": [],
            "security_groups": [
              "sg-0f44bfa3e13e28c75"
            ],
            "source_dest_check": true,
            "subnet_id": "subnet-0c91637fbd07db9bc",
            "tags": {
              "Name": "sulaiman-ec2-node-2"
            },
            "tags_all": {
              "Name": "sulaiman-ec2-node-2"
            },
            "tenancy": "default",
            "timeouts": null,
            "user_data": null,
            "user_data_base64": null,
            "user_data_replace_on_change": false,
            "volume_tags": null,
            "vpc_security_group_ids": [
              "sg-0f44bfa3e13e28c75"
            ]
          },
          "sensitive_attributes": [],
          "private": "eyJlMmJmYjczMC1lY2FhLTExZTYtOGY4OC0zNDM2M2JjN2M0YzAiOnsiY3JlYXRlIjo2MDAwMDAwMDAwMDAsImRlbGV0ZSI6MTIwMDAwMDAwMDAwMCwidXBkYXRlIjo2MDAwMDAwMDAwMDB9LCJzY2hlbWFfdmVyc2lvbiI6IjEifQ==",
          "dependencies": [
            "aws_key_pair.myawskey",
            "aws_security_group.sulaiman_sg",
            "aws_subnet.sulaiman_subnet",
            "aws_vpc.sulaiman_vpc",
            "tls_private_key.mykey"
          ]
        },
        {
          "index_key": 2,
          "schema_version": 1,
          "attributes": {
            "ami": "ami-0302f42a44bf53a45",
            "arn": "arn:aws:ec2:eu-west-3:682390094476:instance/i-0cff297ed657bc63b",
            "associate_public_ip_address": true,
            "availability_zone": "eu-west-3a",
            "capacity_reservation_specification": [
              {
                "capacity_reservation_preference": "open",
                "capacity_reservation_target": []
              }
            ],
            "cpu_core_count": 1,
            "cpu_options": [
              {
                "amd_sev_snp": "",
                "core_count": 1,
                "threads_per_core": 1
              }
            ],
            "cpu_threads_per_core": 1,
            "credit_specification": [
              {
                "cpu_credits": "standard"
              }
            ],
            "disable_api_stop": false,
            "disable_api_termination": false,
            "ebs_block_device": [],
            "ebs_optimized": false,
            "enclave_options": [
              {
                "enabled": false
              }
            ],
            "ephemeral_block_device": [],
            "get_password_data": false,
            "hibernation": false,
            "host_id": "",
            "host_resource_group_arn": null,
            "iam_instance_profile": "",
            "id": "i-0cff297ed657bc63b",
            "instance_initiated_shutdown_behavior": "stop",
            "instance_state": "running",
            "instance_type": "t2.micro",
            "ipv6_address_count": 0,
            "ipv6_addresses": [],
            "key_name": "macle",
            "launch_template": [],
            "maintenance_options": [
              {
                "auto_recovery": "default"
              }
            ],
            "metadata_options": [
              {
                "http_endpoint": "enabled",
                "http_put_response_hop_limit": 2,
                "http_tokens": "required",
                "instance_metadata_tags": "disabled"
              }
            ],
            "monitoring": false,
            "network_interface": [],
            "outpost_arn": "",
            "password_data": "",
            "placement_group": "",
            "placement_partition_number": 0,
            "primary_network_interface_id": "eni-06dfcbca11fbeeba8",
            "private_dns": "ip-192-168-1-145.eu-west-3.compute.internal",
            "private_dns_name_options": [
              {
                "enable_resource_name_dns_a_record": false,
                "enable_resource_name_dns_aaaa_record": false,
                "hostname_type": "ip-name"
              }
            ],
            "private_ip": "192.168.1.145",
            "public_dns": "",
            "public_ip": "15.237.215.172",
            "root_block_device": [
              {
                "delete_on_termination": true,
                "device_name": "/dev/xvda",
                "encrypted": false,
                "iops": 3000,
                "kms_key_id": "",
                "tags": {},
                "throughput": 125,
                "volume_id": "vol-02db47578ad8a4ad2",
                "volume_size": 8,
                "volume_type": "gp3"
              }
            ],
            "secondary_private_ips": [],
            "security_groups": [
              "sg-0f44bfa3e13e28c75"
            ],
            "source_dest_check": true,
            "subnet_id": "subnet-0c91637fbd07db9bc",
            "tags": {
              "Name": "sulaiman-ec2-node-3"
            },
            "tags_all": {
              "Name": "sulaiman-ec2-node-3"
            },
            "tenancy": "default",
            "timeouts": null,
            "user_data": null,
            "user_data_base64": null,
            "user_data_replace_on_change": false,
            "volume_tags": null,
            "vpc_security_group_ids": [
              "sg-0f44bfa3e13e28c75"
            ]
          },
          "sensitive_attributes": [],
          "private": "eyJlMmJmYjczMC1lY2FhLTExZTYtOGY4OC0zNDM2M2JjN2M0YzAiOnsiY3JlYXRlIjo2MDAwMDAwMDAwMDAsImRlbGV0ZSI6MTIwMDAwMDAwMDAwMCwidXBkYXRlIjo2MDAwMDAwMDAwMDB9LCJzY2hlbWFfdmVyc2lvbiI6IjEifQ==",
          "dependencies": [
            "aws_key_pair.myawskey",
            "aws_security_group.sulaiman_sg",
            "aws_subnet.sulaiman_subnet",
            "aws_vpc.sulaiman_vpc",
            "tls_private_key.mykey"
          ]
        }
      ]
    },
    {
      "mode": "managed",
      "type": "aws_internet_gateway",
      "name": "sulaiman_igw",
      "provider": "provider[\"registry.terraform.io/hashicorp/aws\"]",
      "instances": [
        {
          "schema_version": 0,
          "attributes": {
            "arn": "arn:aws:ec2:eu-west-3:682390094476:internet-gateway/igw-02791a3f2d318b716",
            "id": "igw-02791a3f2d318b716",
            "owner_id": "682390094476",
            "tags": {
              "Name": "sulaiman_igw"
            },
            "tags_all": {
              "Name": "sulaiman_igw"
            },
            "timeouts": null,
            "vpc_id": "vpc-00476299188dd70ec"
          },
          "sensitive_attributes": [],
          "private": "eyJlMmJmYjczMC1lY2FhLTExZTYtOGY4OC0zNDM2M2JjN2M0YzAiOnsiY3JlYXRlIjoxMjAwMDAwMDAwMDAwLCJkZWxldGUiOjEyMDAwMDAwMDAwMDAsInVwZGF0ZSI6MTIwMDAwMDAwMDAwMH19",
          "dependencies": [
            "aws_vpc.sulaiman_vpc"
          ]
        }
      ]
    },
    {
      "mode": "managed",
      "type": "aws_key_pair",
      "name": "myawskey",
      "provider": "provider[\"registry.terraform.io/hashicorp/aws\"]",
      "instances": [
        {
          "schema_version": 1,
          "attributes": {
            "arn": "arn:aws:ec2:eu-west-3:682390094476:key-pair/macle",
            "fingerprint": "62:fa:ea:fd:d0:f0:4c:c6:f3:f1:22:be:15:25:c5:54",
            "id": "macle",
            "key_name": "macle",
            "key_name_prefix": "",
            "key_pair_id": "key-0f49298586d293904",
            "key_type": "rsa",
            "public_key": "ssh-rsa AAAAB3NzaC1yc2EAAAADAQABAAACAQDBlQob6AFHmuc52og1vzCWZainOMYojTQju3iSC0gHVuatlRkWXAIjt3ZqaYMqG7nTp7l6ZwyRAOKY++8XEkrb4o+95dG1kn32zeVKN6WvXtTG/M1HASn14u8O+p6jLE+KGqECx/vjAJzaWzdPb9VQt4fFY/6ONWsS5Zpg0f52AsUModnOqSkAeWSLwOyj7D204Ddp/Z94V5m5gt9g5e1taQvlX4nI65ptwRojN11GlIXt0phnA7fpmibKB7SvibKyMvW9nI9Z3XTIdavjlWZbdbe4vcf0uXski3vMWDBrrkturtkYbnD2g9YPTYMLe+ORnk8DXrYE15pn6oOJfUcDGDFVFM0ueektzuETBXU3kRS/AHM5M9GBpPkovUa9Nq8HIIx9kFNHe25skLvH0yog66tQrJWbiYAA3SNAN5jOfxolWj6rkDtuS0kNJMy7QNVtA+RH+f6yPSgqLY/pNTfy5cWFWH0RHkmKJ69H7AlrnObegGNpXqHU8iAN+tVsVlZ3JcJ98nFihTv9wlw4dnHUT4x8B1Ym8vuLcEFfQwOwvboAiBrKj6bV7Y0w6GMF3hjmgi5D/eK6zRO8e6PP5csDo/RmwV/wZCbn/naA/wNgkSzXqS2DZGow3M4KhQYsjPOiNGmbwGcNx10LOKRze4ixhaifSW0lZ6DbEdiTBDOe/w==",
            "tags": {},
            "tags_all": {}
          },
          "sensitive_attributes": [],
          "private": "eyJzY2hlbWFfdmVyc2lvbiI6IjEifQ==",
          "dependencies": [
            "tls_private_key.mykey"
          ]
        }
      ]
    },
    {
      "mode": "managed",
      "type": "aws_route",
      "name": "sulaiman_route",
      "provider": "provider[\"registry.terraform.io/hashicorp/aws\"]",
      "instances": [
        {
          "schema_version": 0,
          "attributes": {
            "carrier_gateway_id": "",
            "core_network_arn": "",
            "destination_cidr_block": "0.0.0.0/0",
            "destination_ipv6_cidr_block": "",
            "destination_prefix_list_id": "",
            "egress_only_gateway_id": "",
            "gateway_id": "igw-02791a3f2d318b716",
            "id": "r-rtb-00fe54ea75e8688cb1080289494",
            "instance_id": "",
            "instance_owner_id": "",
            "local_gateway_id": "",
            "nat_gateway_id": "",
            "network_interface_id": "",
            "origin": "CreateRoute",
            "route_table_id": "rtb-00fe54ea75e8688cb",
            "state": "active",
            "timeouts": null,
            "transit_gateway_id": "",
            "vpc_endpoint_id": "",
            "vpc_peering_connection_id": ""
          },
          "sensitive_attributes": [],
          "private": "eyJlMmJmYjczMC1lY2FhLTExZTYtOGY4OC0zNDM2M2JjN2M0YzAiOnsiY3JlYXRlIjozMDAwMDAwMDAwMDAsImRlbGV0ZSI6MzAwMDAwMDAwMDAwLCJ1cGRhdGUiOjEyMDAwMDAwMDAwMH19",
          "dependencies": [
            "aws_internet_gateway.sulaiman_igw",
            "aws_route_table.sulaiman_route_table",
            "aws_vpc.sulaiman_vpc"
          ]
        }
      ]
    },
    {
      "mode": "managed",
      "type": "aws_route_table",
      "name": "sulaiman_route_table",
      "provider": "provider[\"registry.terraform.io/hashicorp/aws\"]",
      "instances": [
        {
          "schema_version": 0,
          "attributes": {
            "arn": "arn:aws:ec2:eu-west-3:682390094476:route-table/rtb-00fe54ea75e8688cb",
            "id": "rtb-00fe54ea75e8688cb",
            "owner_id": "682390094476",
            "propagating_vgws": [],
            "route": [
              {
                "carrier_gateway_id": "",
                "cidr_block": "0.0.0.0/0",
                "core_network_arn": "",
                "destination_prefix_list_id": "",
                "egress_only_gateway_id": "",
                "gateway_id": "igw-02791a3f2d318b716",
                "instance_id": "",
                "ipv6_cidr_block": "",
                "local_gateway_id": "",
                "nat_gateway_id": "",
                "network_interface_id": "",
                "transit_gateway_id": "",
                "vpc_endpoint_id": "",
                "vpc_peering_connection_id": ""
              }
            ],
            "tags": {
              "Name": "sulaiman_route_table"
            },
            "tags_all": {
              "Name": "sulaiman_route_table"
            },
            "timeouts": null,
            "vpc_id": "vpc-00476299188dd70ec"
          },
          "sensitive_attributes": [],
          "private": "eyJlMmJmYjczMC1lY2FhLTExZTYtOGY4OC0zNDM2M2JjN2M0YzAiOnsiY3JlYXRlIjozMDAwMDAwMDAwMDAsImRlbGV0ZSI6MzAwMDAwMDAwMDAwLCJ1cGRhdGUiOjEyMDAwMDAwMDAwMH19",
          "dependencies": [
            "aws_internet_gateway.sulaiman_igw",
            "aws_vpc.sulaiman_vpc"
          ]
        }
      ]
    },
    {
      "mode": "managed",
      "type": "aws_security_group",
      "name": "sulaiman_sg",
      "provider": "provider[\"registry.terraform.io/hashicorp/aws\"]",
      "instances": [
        {
          "schema_version": 1,
          "attributes": {
            "arn": "arn:aws:ec2:eu-west-3:682390094476:security-group/sg-0f44bfa3e13e28c75",
            "description": "Managed by Terraform",
            "egress": [
              {
                "cidr_blocks": [
                  "0.0.0.0/0"
                ],
                "description": "",
                "from_port": 0,
                "ipv6_cidr_blocks": [],
                "prefix_list_ids": [],
                "protocol": "-1",
                "security_groups": [],
                "self": false,
                "to_port": 0
              }
            ],
            "id": "sg-0f44bfa3e13e28c75",
            "ingress": [
              {
                "cidr_blocks": [
                  "0.0.0.0/0"
                ],
                "description": "allow SSH from anywhere",
                "from_port": 22,
                "ipv6_cidr_blocks": [],
                "prefix_list_ids": [],
                "protocol": "tcp",
                "security_groups": [],
                "self": false,
                "to_port": 22
              }
            ],
            "name": "sulaiman_ssh",
            "name_prefix": "",
            "owner_id": "682390094476",
            "revoke_rules_on_delete": false,
            "tags": {},
            "tags_all": {},
            "timeouts": null,
            "vpc_id": "vpc-00476299188dd70ec"
          },
          "sensitive_attributes": [],
          "private": "eyJlMmJmYjczMC1lY2FhLTExZTYtOGY4OC0zNDM2M2JjN2M0YzAiOnsiY3JlYXRlIjo2MDAwMDAwMDAwMDAsImRlbGV0ZSI6OTAwMDAwMDAwMDAwfSwic2NoZW1hX3ZlcnNpb24iOiIxIn0=",
          "dependencies": [
            "aws_vpc.sulaiman_vpc"
          ]
        }
      ]
    },
    {
      "mode": "managed",
      "type": "aws_subnet",
      "name": "sulaiman_subnet",
      "provider": "provider[\"registry.terraform.io/hashicorp/aws\"]",
      "instances": [
        {
          "schema_version": 1,
          "attributes": {
            "arn": "arn:aws:ec2:eu-west-3:682390094476:subnet/subnet-0c91637fbd07db9bc",
            "assign_ipv6_address_on_creation": false,
            "availability_zone": "eu-west-3a",
            "availability_zone_id": "euw3-az1",
            "cidr_block": "192.168.1.0/24",
            "customer_owned_ipv4_pool": "",
            "enable_dns64": false,
            "enable_lni_at_device_index": 0,
            "enable_resource_name_dns_a_record_on_launch": false,
            "enable_resource_name_dns_aaaa_record_on_launch": false,
            "id": "subnet-0c91637fbd07db9bc",
            "ipv6_cidr_block": "",
            "ipv6_cidr_block_association_id": "",
            "ipv6_native": false,
            "map_customer_owned_ip_on_launch": false,
            "map_public_ip_on_launch": false,
            "outpost_arn": "",
            "owner_id": "682390094476",
            "private_dns_hostname_type_on_launch": "ip-name",
            "tags": {},
            "tags_all": {},
            "timeouts": null,
            "vpc_id": "vpc-00476299188dd70ec"
          },
          "sensitive_attributes": [],
          "private": "eyJlMmJmYjczMC1lY2FhLTExZTYtOGY4OC0zNDM2M2JjN2M0YzAiOnsiY3JlYXRlIjo2MDAwMDAwMDAwMDAsImRlbGV0ZSI6MTIwMDAwMDAwMDAwMH0sInNjaGVtYV92ZXJzaW9uIjoiMSJ9",
          "dependencies": [
            "aws_vpc.sulaiman_vpc"
          ]
        }
      ]
    },
    {
      "mode": "managed",
      "type": "aws_vpc",
      "name": "sulaiman_vpc",
      "provider": "provider[\"registry.terraform.io/hashicorp/aws\"]",
      "instances": [
        {
          "schema_version": 1,
          "attributes": {
            "arn": "arn:aws:ec2:eu-west-3:682390094476:vpc/vpc-00476299188dd70ec",
            "assign_generated_ipv6_cidr_block": false,
            "cidr_block": "192.168.0.0/16",
            "default_network_acl_id": "acl-04d103afe6e41ed9e",
            "default_route_table_id": "rtb-03353209b7f5ac864",
            "default_security_group_id": "sg-0a21665fd4fa0205d",
            "dhcp_options_id": "dopt-013af424c023c78d3",
            "enable_classiclink": false,
            "enable_classiclink_dns_support": false,
            "enable_dns_hostnames": false,
            "enable_dns_support": true,
            "enable_network_address_usage_metrics": false,
            "id": "vpc-00476299188dd70ec",
            "instance_tenancy": "default",
            "ipv4_ipam_pool_id": null,
            "ipv4_netmask_length": null,
            "ipv6_association_id": "",
            "ipv6_cidr_block": "",
            "ipv6_cidr_block_network_border_group": "",
            "ipv6_ipam_pool_id": "",
            "ipv6_netmask_length": 0,
            "main_route_table_id": "rtb-03353209b7f5ac864",
            "owner_id": "682390094476",
            "tags": {
              "Name": "sulaiman_vpc"
            },
            "tags_all": {
              "Name": "sulaiman_vpc"
            }
          },
          "sensitive_attributes": [],
          "private": "eyJzY2hlbWFfdmVyc2lvbiI6IjEifQ=="
        }
      ]
    },
    {
      "mode": "managed",
      "type": "local_file",
      "name": "mykeyfile",
      "provider": "provider[\"registry.terraform.io/hashicorp/local\"]",
      "instances": [
        {
          "schema_version": 0,
          "attributes": {
            "content": "-----BEGIN RSA PRIVATE KEY-----\nMIIJKAIBAAKCAgEAwZUKG+gBR5rnOdqINb8wlmWopzjGKI00I7t4kgtIB1bmrZUZ\nFlwCI7d2ammDKhu506e5emcMkQDimPvvFxJK2+KPveXRtZJ99s3lSjelr17UxvzN\nRwEp9eLvDvqeoyxPihqhAsf74wCc2ls3T2/VULeHxWP+jjVrEuWaYNH+dgLFDKHZ\nzqkpAHlki8Dso+w9tOA3af2feFeZuYLfYOXtbWkL5V+JyOuabcEaIzddRpSF7dKY\nZwO36Zomyge0r4mysjL1vZyPWd10yHWr45VmW3W3uL3H9Ll7JIt7zFgwa65Lbq7Z\nGG5w9oPWD02DC3vjkZ5PA162BNeaZ+qDiX1HAxgxVRTNLnnpLc7hEwV1N5EUvwBz\nOTPRgaT5KL1GvTavByCMfZBTR3tubJC7x9MqIOurUKyVm4mAAN0jQDeYzn8aJVo+\nq5A7bktJDSTMu0DVbQPkR/n+sj0oKi2P6TU38uXFhVh9ER5JiievR+wJa5zm3oBj\naV6h1PIgDfrVbFZWdyXCffJxYoU7/cJcOHZx1E+MfAdWJvL7i3BBX0MDsL26AIga\nyo+m1e2NMOhjBd4Y5oIuQ/3ius0TvHujz+XLA6P0ZsFf8GQm5/52gP8DYJEs16kt\ng2RqMNzOCoUGLIzzojRpm8BnDcddCzikc3uIsYWon0ltJWeg2xHYkwQznv8CAwEA\nAQKCAgBzbM+jRhoFPRrkRyZyjbaF5sXCN7sIEPHm4HCK/EkNf0Z6d+2GhIQOEeV8\nm79Gy1NpHZgdoPZAO7vhJk8wfYq/Q38b5r29O0T6dVhjgXy8bZoHsFMiJFKFt7N9\nRfhzKQegPDKHOwE5IHNmS39WUUNrJpPBIdd1qepXUSpU0sGcUhh2aMc7T2gQTVGj\ndvxi3YkJoavI+h4tHmad06gn2dFRLJKYSPgaIklpafuQxgFLBWI6JRkUS4ZMtsqs\nKh4VkNBJKtOWJJThK4fnwyojwEBRBobuk9J3XGVNrBG8DVWJz1pQ+9acl7Wpd4Ca\njUg2/774Y+GPC9kSWBBMJ+wYfedpqeFziBEcc5Pu8H1uBfMptw00Dwi1q9DCBo2T\nIsheuGMMYe8ZPBml+L9v5Enho8qEKmZ2Ps4bBIZBMcBWKoxR+QaxCeM+tXMCM1Z1\nW7hUFa6N8JuJ9lOLAR7HZqStxg6iW+g1bHbzBdk+aTj2tVV5/UZmnFIon7jifnNh\nHpm9HicLrPQOgJvZYFzLC8GWOTqNnTuoZh3frsgKCr9oJGwINz/BCkMW3QwBnASR\nSfL7LTrNBTWfBSnQQdGYoLFbKQTyMN9h43fMMpYoYRQ2NYUOYvB6iB37JYrS4rEH\n2TeRv9HA/CgOubnCUIb40Xw9gwhwM1PB9dX9vokkDFKgOYyYqQKCAQEA7fZ7BY9v\nbgmhsXv/DFAOVVJAkoH2GBXix3xGIyEeHPnqO7Ry2Ji6a2ZjZxSU0vnq/JOQBcWZ\nmNww0sPGydFaOUZq/LZIndtdCPjI8xvkV1mpGyKuyt9vnP6enG3SUHvh5NEXg5TK\n+RjxSLlyP8vk5FN2aqQrrXOo5ngGfiY79ggppslqbmIuTKh4ksk6TfToBIRaemR0\ndAyo3w8kVlOejisK7cV/jgJbtoCr7V2jAMk7XFEVHGiW2G2Fu0MTvZa48RLUluf9\nNDf6h1XKExSQr0hXlUFw88tjOA+z+V5KLpXwcwMOyvKHzizAiYTIUMs6NzJJcEFx\nX1d1fimJLyR4UwKCAQEA0EFhb5/TtEnDu0GD0Z7pAR7qwg3s6UKHofkcRrpFT8uh\neFPEIKcqZ+6qXNAL1VzAmmN8gtt/3nVn8UJDYee8JLMzdbzKvSskkCTGcXmZ8LSI\nm2JBZ+XUnuEyfOjAOSgocLUcHVJNLQ5Yj8YcH0O4tu96OhnZveE2zOP0ogbkLHjS\nKDsOfkkXF9bFmZFk+t36x3TRPcPSG4OyKyVOMVK+1whey3xZqRWrtX3pX7KXeb16\nQ1VgO2z9UA8F6R6kJq8GzA2zgXoHY3Zkk774Ht99ThD8d64Tm/GCTT13bJm75ByB\nRVdBIWWw9CfMlY3aTQJ0cfaa9z9Yre8KDCfCftV5JQKCAQAhtqsFRaYO2/R5lcyz\nrN/q/KVDXIBGN0uS4at6LKX8ivfBj7Y5s6Gtt6rbntHa9idxs2JTPwSc4I1WPwB5\n9VwoAy8DMLwnCT4sGDs4HjqCmaRYwNgsy+0fO/+yv+htGLAPYARJ0xnSotMEb6md\nGkEKjDyZrTq270z9ogGhe79BAzULeTvH+cb/e1rhyPqmsszwXuQGtRa+nlCKkbWf\nOWecUsLQnwuMTg86Uw6IqZx/bwMm+CHajYLZlOK+filc0e7P0NAntSRtcoTfCauA\neohpHQGzlrru/2DGP4tLCC3QXdPcJ5G/9Q6CilqY4SQUNkbALTK0YcEzNcvinPXf\npPYbAoIBAFNyHyyvChEvjXI26i7QUeTVEpP3KHq+4cIRIzdj4+n5WhXw2qGK2f8T\nLshJxLQVmkdCnd2BPldRC/kr5/wO8uBxvajroQDzjI8FbU6CvyAn9qTsVfDfsraG\n3cgXKw67/JhMuZs2Ix5upSXW5+XPKPCEPKGTQiBHYcHvhVJ3GG6Jawwbvc70UoCG\n2l6SV7f9wkKxmDX7hPDpcDbBl/dDhJx9Ch7XEMYjnM34Sc7CrNdnCNp6Fzk4jrfJ\njUC/ul6Vu0+AHfE/iD5ebiaVWq5kNr1VKRR7d/gAaYmxm2y0nQjmMxYpxDsxmBn8\n6Ij0cghxd19CxQ1VIJ9xLMF6HQDdYNECggEBAOHeNjhcIWdXojGWVVvexn/JD3yA\n8GSJsbZXbZtvbDXX5PQxbeG72xmRiNntVET3CIQ4rA6fM4i4b47DCp3V9/FAJgmg\nD4CG1ruoN36fRwPbkVMWPeNxVyuPNddtQb+Rk+PbjvhnGubb5F9Fpm3u/TPHwvit\n+2nmSN0BgQSQLMhAnd8iyX4Nk9GcMqREwatF/cNcqJx3XLMG1Ya9u8XiEZ2lxH/a\nxxZ+w48hdHwyj7UttpfDit0XEkkzxRU3dM/kuH5szOKy06ZL9MGr87ujVVCi0xwB\n6aJSWHPgQkGOWN1D092zZIBlggZohmhX6TTIZRqOz2dsR/gqS5P9lYNtZRs=\n-----END RSA PRIVATE KEY-----\n",
            "content_base64": null,
            "content_base64sha256": "zcgJfvH35pbd3+STm5aBjlvUVH95G6sJXZhT4mhBYRE=",
            "content_base64sha512": "y8K5UGo9fYxoNDtH9QC4LSFNoboVE4xyFKz9eWUN4dSThYbI370+T0/Apu4yYeJmeK5ezFwEw9ezXMNGjhgS7Q==",
            "content_md5": "288aa1c4446ea552a28fce2402c20062",
            "content_sha1": "514978c7e502ca6952a3a27bafd1bebc5d4cdcdc",
            "content_sha256": "cdc8097ef1f7e696dddfe4939b96818e5bd4547f791bab095d9853e268416111",
            "content_sha512": "cbc2b9506a3d7d8c68343b47f500b82d214da1ba15138c7214acfd79650de1d4938586c8dfbd3e4f4fc0a6ee3261e26678ae5ecc5c04c3d7b35cc3468e1812ed",
            "directory_permission": "0777",
            "file_permission": "0600",
            "filename": "./awsdevops.pem",
            "id": "514978c7e502ca6952a3a27bafd1bebc5d4cdcdc",
            "sensitive_content": null,
            "source": null
          },
          "sensitive_attributes": [
            [
              {
                "type": "get_attr",
                "value": "content"
              }
            ]
          ],
          "dependencies": [
            "tls_private_key.mykey"
          ]
        }
      ]
    },
    {
      "mode": "managed",
      "type": "tls_private_key",
      "name": "mykey",
      "provider": "provider[\"registry.terraform.io/hashicorp/tls\"]",
      "instances": [
        {
          "schema_version": 1,
          "attributes": {
            "algorithm": "RSA",
            "ecdsa_curve": "P224",
            "id": "7f75631eacb75b66a8fa83c296e914a88d5f0890",
            "private_key_openssh": "-----BEGIN OPENSSH PRIVATE KEY-----\nb3BlbnNzaC1rZXktdjEAAAAABG5vbmUAAAAEbm9uZQAAAAAAAAABAAACFwAAAAdz\nc2gtcnNhAAAAAwEAAQAAAgEAwZUKG+gBR5rnOdqINb8wlmWopzjGKI00I7t4kgtI\nB1bmrZUZFlwCI7d2ammDKhu506e5emcMkQDimPvvFxJK2+KPveXRtZJ99s3lSjel\nr17UxvzNRwEp9eLvDvqeoyxPihqhAsf74wCc2ls3T2/VULeHxWP+jjVrEuWaYNH+\ndgLFDKHZzqkpAHlki8Dso+w9tOA3af2feFeZuYLfYOXtbWkL5V+JyOuabcEaIzdd\nRpSF7dKYZwO36Zomyge0r4mysjL1vZyPWd10yHWr45VmW3W3uL3H9Ll7JIt7zFgw\na65Lbq7ZGG5w9oPWD02DC3vjkZ5PA162BNeaZ+qDiX1HAxgxVRTNLnnpLc7hEwV1\nN5EUvwBzOTPRgaT5KL1GvTavByCMfZBTR3tubJC7x9MqIOurUKyVm4mAAN0jQDeY\nzn8aJVo+q5A7bktJDSTMu0DVbQPkR/n+sj0oKi2P6TU38uXFhVh9ER5JiievR+wJ\na5zm3oBjaV6h1PIgDfrVbFZWdyXCffJxYoU7/cJcOHZx1E+MfAdWJvL7i3BBX0MD\nsL26AIgayo+m1e2NMOhjBd4Y5oIuQ/3ius0TvHujz+XLA6P0ZsFf8GQm5/52gP8D\nYJEs16ktg2RqMNzOCoUGLIzzojRpm8BnDcddCzikc3uIsYWon0ltJWeg2xHYkwQz\nnv8AAAc4+KtRd/irUXcAAAAHc3NoLXJzYQAAAgEAwZUKG+gBR5rnOdqINb8wlmWo\npzjGKI00I7t4kgtIB1bmrZUZFlwCI7d2ammDKhu506e5emcMkQDimPvvFxJK2+KP\nveXRtZJ99s3lSjelr17UxvzNRwEp9eLvDvqeoyxPihqhAsf74wCc2ls3T2/VULeH\nxWP+jjVrEuWaYNH+dgLFDKHZzqkpAHlki8Dso+w9tOA3af2feFeZuYLfYOXtbWkL\n5V+JyOuabcEaIzddRpSF7dKYZwO36Zomyge0r4mysjL1vZyPWd10yHWr45VmW3W3\nuL3H9Ll7JIt7zFgwa65Lbq7ZGG5w9oPWD02DC3vjkZ5PA162BNeaZ+qDiX1HAxgx\nVRTNLnnpLc7hEwV1N5EUvwBzOTPRgaT5KL1GvTavByCMfZBTR3tubJC7x9MqIOur\nUKyVm4mAAN0jQDeYzn8aJVo+q5A7bktJDSTMu0DVbQPkR/n+sj0oKi2P6TU38uXF\nhVh9ER5JiievR+wJa5zm3oBjaV6h1PIgDfrVbFZWdyXCffJxYoU7/cJcOHZx1E+M\nfAdWJvL7i3BBX0MDsL26AIgayo+m1e2NMOhjBd4Y5oIuQ/3ius0TvHujz+XLA6P0\nZsFf8GQm5/52gP8DYJEs16ktg2RqMNzOCoUGLIzzojRpm8BnDcddCzikc3uIsYWo\nn0ltJWeg2xHYkwQznv8AAAADAQABAAACAHNsz6NGGgU9GuRHJnKNtoXmxcI3uwgQ\n8ebgcIr8SQ1/Rnp37YaEhA4R5Xybv0bLU2kdmB2g9kA7u+EmTzB9ir9Dfxvmvb07\nRPp1WGOBfLxtmgewUyIkUoW3s31F+HMpB6A8Moc7ATkgc2ZLf1ZRQ2smk8Eh13Wp\n6ldRKlTSwZxSGHZoxztPaBBNUaN2/GLdiQmhq8j6Hi0eZp3TqCfZ0VEskphI+Boi\nSWlp+5DGAUsFYjolGRRLhky2yqwqHhWQ0Ekq05YklOErh+fDKiPAQFEGhu6T0ndc\nZU2sEbwNVYnPWlD71pyXtal3gJqNSDb/vvhj4Y8L2RJYEEwn7Bh952mp4XOIERxz\nk+7wfW4F8ym3DTQPCLWr0MIGjZMiyF64Ywxh7xk8GaX4v2/kSeGjyoQqZnY+zhsE\nhkExwFYqjFH5BrEJ4z61cwIzVnVbuFQVro3wm4n2U4sBHsdmpK3GDqJb6DVsdvMF\n2T5pOPa1VXn9RmacUiifuOJ+c2Eemb0eJwus9A6Am9lgXMsLwZY5Oo2dO6hmHd+u\nyAoKv2gkbAg3P8EKQxbdDAGcBJFJ8vstOs0FNZ8FKdBB0ZigsVspBPIw32Hjd8wy\nlihhFDY1hQ5i8HqIHfslitLisQfZN5G/0cD8KA65ucJQhvjRfD2DCHAzU8H11f2+\niSQMUqA5jJipAAABAQDh3jY4XCFnV6IxllVb3sZ/yQ98gPBkibG2V22bb2w11+T0\nMW3hu9sZkYjZ7VRE9wiEOKwOnzOIuG+Owwqd1ffxQCYJoA+Ahta7qDd+n0cD25FT\nFj3jcVcrjzXXbUG/kZPj2474Zxrm2+RfRaZt7v0zx8L4rftp5kjdAYEEkCzIQJ3f\nIsl+DZPRnDKkRMGrRf3DXKicd1yzBtWGvbvF4hGdpcR/2scWfsOPIXR8Mo+1LbaX\nw4rdFxJJM8UVN3TP5Lh+bMzistOmS/TBq/O7o1VQotMcAemiUlhz4EJBjljdQ9Pd\ns2SAZYIGaIZoV+k0yGUajs9nbEf4KkuT/ZWDbWUbAAABAQDt9nsFj29uCaGxe/8M\nUA5VUkCSgfYYFeLHfEYjIR4c+eo7tHLYmLprZmNnFJTS+er8k5AFxZmY3DDSw8bJ\n0Vo5Rmr8tkid210I+MjzG+RXWakbIq7K32+c/p6cbdJQe+Hk0ReDlMr5GPFIuXI/\ny+TkU3ZqpCutc6jmeAZ+Jjv2CCmmyWpuYi5MqHiSyTpN9OgEhFp6ZHR0DKjfDyRW\nU56OKwrtxX+OAlu2gKvtXaMAyTtcURUcaJbYbYW7QxO9lrjxEtSW5/00N/qHVcoT\nFJCvSFeVQXDzy2M4D7P5XkoulfBzAw7K8ofOLMCJhMhQyzo3MklwQXFfV3V+KYkv\nJHhTAAABAQDQQWFvn9O0ScO7QYPRnukBHurCDezpQoeh+RxGukVPy6F4U8Qgpypn\n7qpc0AvVXMCaY3yC23/edWfxQkNh57wkszN1vMq9KySQJMZxeZnwtIibYkFn5dSe\n4TJ86MA5KChwtRwdUk0tDliPxhwfQ7i273o6Gdm94TbM4/SiBuQseNIoOw5+SRcX\n1sWZkWT63frHdNE9w9Ibg7IrJU4xUr7XCF7LfFmpFau1felfspd5vXpDVWA7bP1Q\nDwXpHqQmrwbMDbOBegdjdmSTvvge331OEPx3rhOb8YJNPXdsmbvkHIFFV0EhZbD0\nJ8yVjdpNAnRx9pr3P1it7woMJ8J+1XklAAAAAAEC\n-----END OPENSSH PRIVATE KEY-----\n",
            "private_key_pem": "-----BEGIN RSA PRIVATE KEY-----\nMIIJKAIBAAKCAgEAwZUKG+gBR5rnOdqINb8wlmWopzjGKI00I7t4kgtIB1bmrZUZ\nFlwCI7d2ammDKhu506e5emcMkQDimPvvFxJK2+KPveXRtZJ99s3lSjelr17UxvzN\nRwEp9eLvDvqeoyxPihqhAsf74wCc2ls3T2/VULeHxWP+jjVrEuWaYNH+dgLFDKHZ\nzqkpAHlki8Dso+w9tOA3af2feFeZuYLfYOXtbWkL5V+JyOuabcEaIzddRpSF7dKY\nZwO36Zomyge0r4mysjL1vZyPWd10yHWr45VmW3W3uL3H9Ll7JIt7zFgwa65Lbq7Z\nGG5w9oPWD02DC3vjkZ5PA162BNeaZ+qDiX1HAxgxVRTNLnnpLc7hEwV1N5EUvwBz\nOTPRgaT5KL1GvTavByCMfZBTR3tubJC7x9MqIOurUKyVm4mAAN0jQDeYzn8aJVo+\nq5A7bktJDSTMu0DVbQPkR/n+sj0oKi2P6TU38uXFhVh9ER5JiievR+wJa5zm3oBj\naV6h1PIgDfrVbFZWdyXCffJxYoU7/cJcOHZx1E+MfAdWJvL7i3BBX0MDsL26AIga\nyo+m1e2NMOhjBd4Y5oIuQ/3ius0TvHujz+XLA6P0ZsFf8GQm5/52gP8DYJEs16kt\ng2RqMNzOCoUGLIzzojRpm8BnDcddCzikc3uIsYWon0ltJWeg2xHYkwQznv8CAwEA\nAQKCAgBzbM+jRhoFPRrkRyZyjbaF5sXCN7sIEPHm4HCK/EkNf0Z6d+2GhIQOEeV8\nm79Gy1NpHZgdoPZAO7vhJk8wfYq/Q38b5r29O0T6dVhjgXy8bZoHsFMiJFKFt7N9\nRfhzKQegPDKHOwE5IHNmS39WUUNrJpPBIdd1qepXUSpU0sGcUhh2aMc7T2gQTVGj\ndvxi3YkJoavI+h4tHmad06gn2dFRLJKYSPgaIklpafuQxgFLBWI6JRkUS4ZMtsqs\nKh4VkNBJKtOWJJThK4fnwyojwEBRBobuk9J3XGVNrBG8DVWJz1pQ+9acl7Wpd4Ca\njUg2/774Y+GPC9kSWBBMJ+wYfedpqeFziBEcc5Pu8H1uBfMptw00Dwi1q9DCBo2T\nIsheuGMMYe8ZPBml+L9v5Enho8qEKmZ2Ps4bBIZBMcBWKoxR+QaxCeM+tXMCM1Z1\nW7hUFa6N8JuJ9lOLAR7HZqStxg6iW+g1bHbzBdk+aTj2tVV5/UZmnFIon7jifnNh\nHpm9HicLrPQOgJvZYFzLC8GWOTqNnTuoZh3frsgKCr9oJGwINz/BCkMW3QwBnASR\nSfL7LTrNBTWfBSnQQdGYoLFbKQTyMN9h43fMMpYoYRQ2NYUOYvB6iB37JYrS4rEH\n2TeRv9HA/CgOubnCUIb40Xw9gwhwM1PB9dX9vokkDFKgOYyYqQKCAQEA7fZ7BY9v\nbgmhsXv/DFAOVVJAkoH2GBXix3xGIyEeHPnqO7Ry2Ji6a2ZjZxSU0vnq/JOQBcWZ\nmNww0sPGydFaOUZq/LZIndtdCPjI8xvkV1mpGyKuyt9vnP6enG3SUHvh5NEXg5TK\n+RjxSLlyP8vk5FN2aqQrrXOo5ngGfiY79ggppslqbmIuTKh4ksk6TfToBIRaemR0\ndAyo3w8kVlOejisK7cV/jgJbtoCr7V2jAMk7XFEVHGiW2G2Fu0MTvZa48RLUluf9\nNDf6h1XKExSQr0hXlUFw88tjOA+z+V5KLpXwcwMOyvKHzizAiYTIUMs6NzJJcEFx\nX1d1fimJLyR4UwKCAQEA0EFhb5/TtEnDu0GD0Z7pAR7qwg3s6UKHofkcRrpFT8uh\neFPEIKcqZ+6qXNAL1VzAmmN8gtt/3nVn8UJDYee8JLMzdbzKvSskkCTGcXmZ8LSI\nm2JBZ+XUnuEyfOjAOSgocLUcHVJNLQ5Yj8YcH0O4tu96OhnZveE2zOP0ogbkLHjS\nKDsOfkkXF9bFmZFk+t36x3TRPcPSG4OyKyVOMVK+1whey3xZqRWrtX3pX7KXeb16\nQ1VgO2z9UA8F6R6kJq8GzA2zgXoHY3Zkk774Ht99ThD8d64Tm/GCTT13bJm75ByB\nRVdBIWWw9CfMlY3aTQJ0cfaa9z9Yre8KDCfCftV5JQKCAQAhtqsFRaYO2/R5lcyz\nrN/q/KVDXIBGN0uS4at6LKX8ivfBj7Y5s6Gtt6rbntHa9idxs2JTPwSc4I1WPwB5\n9VwoAy8DMLwnCT4sGDs4HjqCmaRYwNgsy+0fO/+yv+htGLAPYARJ0xnSotMEb6md\nGkEKjDyZrTq270z9ogGhe79BAzULeTvH+cb/e1rhyPqmsszwXuQGtRa+nlCKkbWf\nOWecUsLQnwuMTg86Uw6IqZx/bwMm+CHajYLZlOK+filc0e7P0NAntSRtcoTfCauA\neohpHQGzlrru/2DGP4tLCC3QXdPcJ5G/9Q6CilqY4SQUNkbALTK0YcEzNcvinPXf\npPYbAoIBAFNyHyyvChEvjXI26i7QUeTVEpP3KHq+4cIRIzdj4+n5WhXw2qGK2f8T\nLshJxLQVmkdCnd2BPldRC/kr5/wO8uBxvajroQDzjI8FbU6CvyAn9qTsVfDfsraG\n3cgXKw67/JhMuZs2Ix5upSXW5+XPKPCEPKGTQiBHYcHvhVJ3GG6Jawwbvc70UoCG\n2l6SV7f9wkKxmDX7hPDpcDbBl/dDhJx9Ch7XEMYjnM34Sc7CrNdnCNp6Fzk4jrfJ\njUC/ul6Vu0+AHfE/iD5ebiaVWq5kNr1VKRR7d/gAaYmxm2y0nQjmMxYpxDsxmBn8\n6Ij0cghxd19CxQ1VIJ9xLMF6HQDdYNECggEBAOHeNjhcIWdXojGWVVvexn/JD3yA\n8GSJsbZXbZtvbDXX5PQxbeG72xmRiNntVET3CIQ4rA6fM4i4b47DCp3V9/FAJgmg\nD4CG1ruoN36fRwPbkVMWPeNxVyuPNddtQb+Rk+PbjvhnGubb5F9Fpm3u/TPHwvit\n+2nmSN0BgQSQLMhAnd8iyX4Nk9GcMqREwatF/cNcqJx3XLMG1Ya9u8XiEZ2lxH/a\nxxZ+w48hdHwyj7UttpfDit0XEkkzxRU3dM/kuH5szOKy06ZL9MGr87ujVVCi0xwB\n6aJSWHPgQkGOWN1D092zZIBlggZohmhX6TTIZRqOz2dsR/gqS5P9lYNtZRs=\n-----END RSA PRIVATE KEY-----\n",
            "private_key_pem_pkcs8": "-----BEGIN PRIVATE KEY-----\nMIIJQgIBADANBgkqhkiG9w0BAQEFAASCCSwwggkoAgEAAoICAQDBlQob6AFHmuc5\n2og1vzCWZainOMYojTQju3iSC0gHVuatlRkWXAIjt3ZqaYMqG7nTp7l6ZwyRAOKY\n++8XEkrb4o+95dG1kn32zeVKN6WvXtTG/M1HASn14u8O+p6jLE+KGqECx/vjAJza\nWzdPb9VQt4fFY/6ONWsS5Zpg0f52AsUModnOqSkAeWSLwOyj7D204Ddp/Z94V5m5\ngt9g5e1taQvlX4nI65ptwRojN11GlIXt0phnA7fpmibKB7SvibKyMvW9nI9Z3XTI\ndavjlWZbdbe4vcf0uXski3vMWDBrrkturtkYbnD2g9YPTYMLe+ORnk8DXrYE15pn\n6oOJfUcDGDFVFM0ueektzuETBXU3kRS/AHM5M9GBpPkovUa9Nq8HIIx9kFNHe25s\nkLvH0yog66tQrJWbiYAA3SNAN5jOfxolWj6rkDtuS0kNJMy7QNVtA+RH+f6yPSgq\nLY/pNTfy5cWFWH0RHkmKJ69H7AlrnObegGNpXqHU8iAN+tVsVlZ3JcJ98nFihTv9\nwlw4dnHUT4x8B1Ym8vuLcEFfQwOwvboAiBrKj6bV7Y0w6GMF3hjmgi5D/eK6zRO8\ne6PP5csDo/RmwV/wZCbn/naA/wNgkSzXqS2DZGow3M4KhQYsjPOiNGmbwGcNx10L\nOKRze4ixhaifSW0lZ6DbEdiTBDOe/wIDAQABAoICAHNsz6NGGgU9GuRHJnKNtoXm\nxcI3uwgQ8ebgcIr8SQ1/Rnp37YaEhA4R5Xybv0bLU2kdmB2g9kA7u+EmTzB9ir9D\nfxvmvb07RPp1WGOBfLxtmgewUyIkUoW3s31F+HMpB6A8Moc7ATkgc2ZLf1ZRQ2sm\nk8Eh13Wp6ldRKlTSwZxSGHZoxztPaBBNUaN2/GLdiQmhq8j6Hi0eZp3TqCfZ0VEs\nkphI+BoiSWlp+5DGAUsFYjolGRRLhky2yqwqHhWQ0Ekq05YklOErh+fDKiPAQFEG\nhu6T0ndcZU2sEbwNVYnPWlD71pyXtal3gJqNSDb/vvhj4Y8L2RJYEEwn7Bh952mp\n4XOIERxzk+7wfW4F8ym3DTQPCLWr0MIGjZMiyF64Ywxh7xk8GaX4v2/kSeGjyoQq\nZnY+zhsEhkExwFYqjFH5BrEJ4z61cwIzVnVbuFQVro3wm4n2U4sBHsdmpK3GDqJb\n6DVsdvMF2T5pOPa1VXn9RmacUiifuOJ+c2Eemb0eJwus9A6Am9lgXMsLwZY5Oo2d\nO6hmHd+uyAoKv2gkbAg3P8EKQxbdDAGcBJFJ8vstOs0FNZ8FKdBB0ZigsVspBPIw\n32Hjd8wylihhFDY1hQ5i8HqIHfslitLisQfZN5G/0cD8KA65ucJQhvjRfD2DCHAz\nU8H11f2+iSQMUqA5jJipAoIBAQDt9nsFj29uCaGxe/8MUA5VUkCSgfYYFeLHfEYj\nIR4c+eo7tHLYmLprZmNnFJTS+er8k5AFxZmY3DDSw8bJ0Vo5Rmr8tkid210I+Mjz\nG+RXWakbIq7K32+c/p6cbdJQe+Hk0ReDlMr5GPFIuXI/y+TkU3ZqpCutc6jmeAZ+\nJjv2CCmmyWpuYi5MqHiSyTpN9OgEhFp6ZHR0DKjfDyRWU56OKwrtxX+OAlu2gKvt\nXaMAyTtcURUcaJbYbYW7QxO9lrjxEtSW5/00N/qHVcoTFJCvSFeVQXDzy2M4D7P5\nXkoulfBzAw7K8ofOLMCJhMhQyzo3MklwQXFfV3V+KYkvJHhTAoIBAQDQQWFvn9O0\nScO7QYPRnukBHurCDezpQoeh+RxGukVPy6F4U8Qgpypn7qpc0AvVXMCaY3yC23/e\ndWfxQkNh57wkszN1vMq9KySQJMZxeZnwtIibYkFn5dSe4TJ86MA5KChwtRwdUk0t\nDliPxhwfQ7i273o6Gdm94TbM4/SiBuQseNIoOw5+SRcX1sWZkWT63frHdNE9w9Ib\ng7IrJU4xUr7XCF7LfFmpFau1felfspd5vXpDVWA7bP1QDwXpHqQmrwbMDbOBegdj\ndmSTvvge331OEPx3rhOb8YJNPXdsmbvkHIFFV0EhZbD0J8yVjdpNAnRx9pr3P1it\n7woMJ8J+1XklAoIBACG2qwVFpg7b9HmVzLOs3+r8pUNcgEY3S5Lhq3ospfyK98GP\ntjmzoa23qtue0dr2J3GzYlM/BJzgjVY/AHn1XCgDLwMwvCcJPiwYOzgeOoKZpFjA\n2CzL7R87/7K/6G0YsA9gBEnTGdKi0wRvqZ0aQQqMPJmtOrbvTP2iAaF7v0EDNQt5\nO8f5xv97WuHI+qayzPBe5Aa1Fr6eUIqRtZ85Z5xSwtCfC4xODzpTDoipnH9vAyb4\nIdqNgtmU4r5+KVzR7s/Q0Ce1JG1yhN8Jq4B6iGkdAbOWuu7/YMY/i0sILdBd09wn\nkb/1DoKKWpjhJBQ2RsAtMrRhwTM1y+Kc9d+k9hsCggEAU3IfLK8KES+NcjbqLtBR\n5NUSk/coer7hwhEjN2Pj6flaFfDaoYrZ/xMuyEnEtBWaR0Kd3YE+V1EL+Svn/A7y\n4HG9qOuhAPOMjwVtToK/ICf2pOxV8N+ytobdyBcrDrv8mEy5mzYjHm6lJdbn5c8o\n8IQ8oZNCIEdhwe+FUncYbolrDBu9zvRSgIbaXpJXt/3CQrGYNfuE8OlwNsGX90OE\nnH0KHtcQxiOczfhJzsKs12cI2noXOTiOt8mNQL+6XpW7T4Ad8T+IPl5uJpVarmQ2\nvVUpFHt3+ABpibGbbLSdCOYzFinEOzGYGfzoiPRyCHF3X0LFDVUgn3EswXodAN1g\n0QKCAQEA4d42OFwhZ1eiMZZVW97Gf8kPfIDwZImxtldtm29sNdfk9DFt4bvbGZGI\n2e1URPcIhDisDp8ziLhvjsMKndX38UAmCaAPgIbWu6g3fp9HA9uRUxY943FXK481\n121Bv5GT49uO+Gca5tvkX0Wmbe79M8fC+K37aeZI3QGBBJAsyECd3yLJfg2T0Zwy\npETBq0X9w1yonHdcswbVhr27xeIRnaXEf9rHFn7DjyF0fDKPtS22l8OK3RcSSTPF\nFTd0z+S4fmzM4rLTpkv0wavzu6NVUKLTHAHpolJYc+BCQY5Y3UPT3bNkgGWCBmiG\naFfpNMhlGo7PZ2xH+CpLk/2Vg21lGw==\n-----END PRIVATE KEY-----\n",
            "public_key_fingerprint_md5": "a1:a5:e1:60:d8:7d:97:fc:59:d3:df:ef:3b:b6:e8:ae",
            "public_key_fingerprint_sha256": "SHA256:zJfWVvG3XkTgDGYZ6mCZiVaayhO0PlG+A6eKOS3hp7U",
            "public_key_openssh": "ssh-rsa AAAAB3NzaC1yc2EAAAADAQABAAACAQDBlQob6AFHmuc52og1vzCWZainOMYojTQju3iSC0gHVuatlRkWXAIjt3ZqaYMqG7nTp7l6ZwyRAOKY++8XEkrb4o+95dG1kn32zeVKN6WvXtTG/M1HASn14u8O+p6jLE+KGqECx/vjAJzaWzdPb9VQt4fFY/6ONWsS5Zpg0f52AsUModnOqSkAeWSLwOyj7D204Ddp/Z94V5m5gt9g5e1taQvlX4nI65ptwRojN11GlIXt0phnA7fpmibKB7SvibKyMvW9nI9Z3XTIdavjlWZbdbe4vcf0uXski3vMWDBrrkturtkYbnD2g9YPTYMLe+ORnk8DXrYE15pn6oOJfUcDGDFVFM0ueektzuETBXU3kRS/AHM5M9GBpPkovUa9Nq8HIIx9kFNHe25skLvH0yog66tQrJWbiYAA3SNAN5jOfxolWj6rkDtuS0kNJMy7QNVtA+RH+f6yPSgqLY/pNTfy5cWFWH0RHkmKJ69H7AlrnObegGNpXqHU8iAN+tVsVlZ3JcJ98nFihTv9wlw4dnHUT4x8B1Ym8vuLcEFfQwOwvboAiBrKj6bV7Y0w6GMF3hjmgi5D/eK6zRO8e6PP5csDo/RmwV/wZCbn/naA/wNgkSzXqS2DZGow3M4KhQYsjPOiNGmbwGcNx10LOKRze4ixhaifSW0lZ6DbEdiTBDOe/w==\n",
            "public_key_pem": "-----BEGIN PUBLIC KEY-----\nMIICIjANBgkqhkiG9w0BAQEFAAOCAg8AMIICCgKCAgEAwZUKG+gBR5rnOdqINb8w\nlmWopzjGKI00I7t4kgtIB1bmrZUZFlwCI7d2ammDKhu506e5emcMkQDimPvvFxJK\n2+KPveXRtZJ99s3lSjelr17UxvzNRwEp9eLvDvqeoyxPihqhAsf74wCc2ls3T2/V\nULeHxWP+jjVrEuWaYNH+dgLFDKHZzqkpAHlki8Dso+w9tOA3af2feFeZuYLfYOXt\nbWkL5V+JyOuabcEaIzddRpSF7dKYZwO36Zomyge0r4mysjL1vZyPWd10yHWr45Vm\nW3W3uL3H9Ll7JIt7zFgwa65Lbq7ZGG5w9oPWD02DC3vjkZ5PA162BNeaZ+qDiX1H\nAxgxVRTNLnnpLc7hEwV1N5EUvwBzOTPRgaT5KL1GvTavByCMfZBTR3tubJC7x9Mq\nIOurUKyVm4mAAN0jQDeYzn8aJVo+q5A7bktJDSTMu0DVbQPkR/n+sj0oKi2P6TU3\n8uXFhVh9ER5JiievR+wJa5zm3oBjaV6h1PIgDfrVbFZWdyXCffJxYoU7/cJcOHZx\n1E+MfAdWJvL7i3BBX0MDsL26AIgayo+m1e2NMOhjBd4Y5oIuQ/3ius0TvHujz+XL\nA6P0ZsFf8GQm5/52gP8DYJEs16ktg2RqMNzOCoUGLIzzojRpm8BnDcddCzikc3uI\nsYWon0ltJWeg2xHYkwQznv8CAwEAAQ==\n-----END PUBLIC KEY-----\n",
            "rsa_bits": 4096
          },
          "sensitive_attributes": []
        }
      ]
    }
  ],
  "check_results": null
}
