{
  "version": 4,
  "terraform_version": "1.6.5",
  "serial": 136,
  "lineage": "17c0b476-c8d8-e4e3-9348-6e32b07c16ee",
  "outputs": {},
  "resources": [
    {
      "mode": "managed",
      "type": "aws_instance",
      "name": "control_node",
      "provider": "provider[\"registry.terraform.io/hashicorp/aws\"]",
      "instances": [
        {
          "schema_version": 1,
          "attributes": {
            "ami": "ami-0302f42a44bf53a45",
            "arn": "arn:aws:ec2:eu-west-3:682390094476:instance/i-0556219cbb310997f",
            "associate_public_ip_address": true,
            "availability_zone": "eu-west-3b",
            "capacity_reservation_specification": [
              {
                "capacity_reservation_preference": "open",
                "capacity_reservation_target": []
              }
            ],
            "cpu_core_count": 1,
            "cpu_options": [
              {
                "amd_sev_snp": "",
                "core_count": 1,
                "threads_per_core": 1
              }
            ],
            "cpu_threads_per_core": 1,
            "credit_specification": [
              {
                "cpu_credits": "standard"
              }
            ],
            "disable_api_stop": false,
            "disable_api_termination": false,
            "ebs_block_device": [],
            "ebs_optimized": false,
            "enclave_options": [
              {
                "enabled": false
              }
            ],
            "ephemeral_block_device": [],
            "get_password_data": false,
            "hibernation": false,
            "host_id": "",
            "host_resource_group_arn": null,
            "iam_instance_profile": "",
            "id": "i-0556219cbb310997f",
            "instance_initiated_shutdown_behavior": "stop",
            "instance_state": "running",
            "instance_type": "t2.micro",
            "ipv6_address_count": 0,
            "ipv6_addresses": [],
            "key_name": "awskey",
            "launch_template": [],
            "maintenance_options": [
              {
                "auto_recovery": "default"
              }
            ],
            "metadata_options": [
              {
                "http_endpoint": "enabled",
                "http_put_response_hop_limit": 2,
                "http_tokens": "required",
                "instance_metadata_tags": "disabled"
              }
            ],
            "monitoring": false,
            "network_interface": [],
            "outpost_arn": "",
            "password_data": "",
            "placement_group": "",
            "placement_partition_number": 0,
            "primary_network_interface_id": "eni-0bdda438fd1da887a",
            "private_dns": "ip-192-168-1-93.eu-west-3.compute.internal",
            "private_dns_name_options": [
              {
                "enable_resource_name_dns_a_record": false,
                "enable_resource_name_dns_aaaa_record": false,
                "hostname_type": "ip-name"
              }
            ],
            "private_ip": "192.168.1.93",
            "public_dns": "",
            "public_ip": "13.37.252.47",
            "root_block_device": [
              {
                "delete_on_termination": true,
                "device_name": "/dev/xvda",
                "encrypted": false,
                "iops": 3000,
                "kms_key_id": "",
                "tags": {},
                "throughput": 125,
                "volume_id": "vol-0ffb9ef6e74795d29",
                "volume_size": 8,
                "volume_type": "gp3"
              }
            ],
            "secondary_private_ips": [],
            "security_groups": [
              "sg-0f4f7d21dc5185a70"
            ],
            "source_dest_check": true,
            "subnet_id": "subnet-0ce99f4875c99bc2d",
            "tags": {
              "Name": "sulaiman-control-node",
              "Type": "control-node"
            },
            "tags_all": {
              "Name": "sulaiman-control-node",
              "Type": "control-node"
            },
            "tenancy": "default",
            "timeouts": null,
            "user_data": null,
            "user_data_base64": null,
            "user_data_replace_on_change": false,
            "volume_tags": null,
            "vpc_security_group_ids": [
              "sg-0f4f7d21dc5185a70"
            ]
          },
          "sensitive_attributes": [],
          "private": "eyJlMmJmYjczMC1lY2FhLTExZTYtOGY4OC0zNDM2M2JjN2M0YzAiOnsiY3JlYXRlIjo2MDAwMDAwMDAwMDAsImRlbGV0ZSI6MTIwMDAwMDAwMDAwMCwidXBkYXRlIjo2MDAwMDAwMDAwMDB9LCJzY2hlbWFfdmVyc2lvbiI6IjEifQ==",
          "dependencies": [
            "aws_key_pair.myawskey",
            "aws_security_group.sulaiman_sg",
            "aws_subnet.sulaiman_subnet",
            "aws_vpc.sulaiman_vpc",
            "tls_private_key.mypem"
          ]
        }
      ]
    },
    {
      "mode": "managed",
      "type": "aws_instance",
      "name": "managed_node",
      "provider": "provider[\"registry.terraform.io/hashicorp/aws\"]",
      "instances": [
        {
          "index_key": 0,
          "schema_version": 1,
          "attributes": {
            "ami": "ami-0302f42a44bf53a45",
            "arn": "arn:aws:ec2:eu-west-3:682390094476:instance/i-06f40e0e7a870fbe4",
            "associate_public_ip_address": true,
            "availability_zone": "eu-west-3b",
            "capacity_reservation_specification": [
              {
                "capacity_reservation_preference": "open",
                "capacity_reservation_target": []
              }
            ],
            "cpu_core_count": 1,
            "cpu_options": [
              {
                "amd_sev_snp": "",
                "core_count": 1,
                "threads_per_core": 1
              }
            ],
            "cpu_threads_per_core": 1,
            "credit_specification": [
              {
                "cpu_credits": "standard"
              }
            ],
            "disable_api_stop": false,
            "disable_api_termination": false,
            "ebs_block_device": [],
            "ebs_optimized": false,
            "enclave_options": [
              {
                "enabled": false
              }
            ],
            "ephemeral_block_device": [],
            "get_password_data": false,
            "hibernation": false,
            "host_id": "",
            "host_resource_group_arn": null,
            "iam_instance_profile": "",
            "id": "i-06f40e0e7a870fbe4",
            "instance_initiated_shutdown_behavior": "stop",
            "instance_state": "running",
            "instance_type": "t2.micro",
            "ipv6_address_count": 0,
            "ipv6_addresses": [],
            "key_name": "awskey",
            "launch_template": [],
            "maintenance_options": [
              {
                "auto_recovery": "default"
              }
            ],
            "metadata_options": [
              {
                "http_endpoint": "enabled",
                "http_put_response_hop_limit": 2,
                "http_tokens": "required",
                "instance_metadata_tags": "disabled"
              }
            ],
            "monitoring": false,
            "network_interface": [],
            "outpost_arn": "",
            "password_data": "",
            "placement_group": "",
            "placement_partition_number": 0,
            "primary_network_interface_id": "eni-0f0dc6fe0f4baef31",
            "private_dns": "ip-192-168-1-242.eu-west-3.compute.internal",
            "private_dns_name_options": [
              {
                "enable_resource_name_dns_a_record": false,
                "enable_resource_name_dns_aaaa_record": false,
                "hostname_type": "ip-name"
              }
            ],
            "private_ip": "192.168.1.242",
            "public_dns": "",
            "public_ip": "13.36.239.186",
            "root_block_device": [
              {
                "delete_on_termination": true,
                "device_name": "/dev/xvda",
                "encrypted": false,
                "iops": 3000,
                "kms_key_id": "",
                "tags": {},
                "throughput": 125,
                "volume_id": "vol-02291ec45eae2b0da",
                "volume_size": 8,
                "volume_type": "gp3"
              }
            ],
            "secondary_private_ips": [],
            "security_groups": [
              "sg-0f4f7d21dc5185a70"
            ],
            "source_dest_check": true,
            "subnet_id": "subnet-0ce99f4875c99bc2d",
            "tags": {
              "Name": "sulaiman-managed-node-1",
              "Type": "managed-node"
            },
            "tags_all": {
              "Name": "sulaiman-managed-node-1",
              "Type": "managed-node"
            },
            "tenancy": "default",
            "timeouts": null,
            "user_data": null,
            "user_data_base64": null,
            "user_data_replace_on_change": false,
            "volume_tags": null,
            "vpc_security_group_ids": [
              "sg-0f4f7d21dc5185a70"
            ]
          },
          "sensitive_attributes": [],
          "private": "eyJlMmJmYjczMC1lY2FhLTExZTYtOGY4OC0zNDM2M2JjN2M0YzAiOnsiY3JlYXRlIjo2MDAwMDAwMDAwMDAsImRlbGV0ZSI6MTIwMDAwMDAwMDAwMCwidXBkYXRlIjo2MDAwMDAwMDAwMDB9LCJzY2hlbWFfdmVyc2lvbiI6IjEifQ==",
          "dependencies": [
            "aws_key_pair.myawskey",
            "aws_security_group.sulaiman_sg",
            "aws_subnet.sulaiman_subnet",
            "aws_vpc.sulaiman_vpc",
            "tls_private_key.mypem"
          ]
        },
        {
          "index_key": 1,
          "schema_version": 1,
          "attributes": {
            "ami": "ami-0302f42a44bf53a45",
            "arn": "arn:aws:ec2:eu-west-3:682390094476:instance/i-011faa495404c5c34",
            "associate_public_ip_address": true,
            "availability_zone": "eu-west-3b",
            "capacity_reservation_specification": [
              {
                "capacity_reservation_preference": "open",
                "capacity_reservation_target": []
              }
            ],
            "cpu_core_count": 1,
            "cpu_options": [
              {
                "amd_sev_snp": "",
                "core_count": 1,
                "threads_per_core": 1
              }
            ],
            "cpu_threads_per_core": 1,
            "credit_specification": [
              {
                "cpu_credits": "standard"
              }
            ],
            "disable_api_stop": false,
            "disable_api_termination": false,
            "ebs_block_device": [],
            "ebs_optimized": false,
            "enclave_options": [
              {
                "enabled": false
              }
            ],
            "ephemeral_block_device": [],
            "get_password_data": false,
            "hibernation": false,
            "host_id": "",
            "host_resource_group_arn": null,
            "iam_instance_profile": "",
            "id": "i-011faa495404c5c34",
            "instance_initiated_shutdown_behavior": "stop",
            "instance_state": "running",
            "instance_type": "t2.micro",
            "ipv6_address_count": 0,
            "ipv6_addresses": [],
            "key_name": "awskey",
            "launch_template": [],
            "maintenance_options": [
              {
                "auto_recovery": "default"
              }
            ],
            "metadata_options": [
              {
                "http_endpoint": "enabled",
                "http_put_response_hop_limit": 2,
                "http_tokens": "required",
                "instance_metadata_tags": "disabled"
              }
            ],
            "monitoring": false,
            "network_interface": [],
            "outpost_arn": "",
            "password_data": "",
            "placement_group": "",
            "placement_partition_number": 0,
            "primary_network_interface_id": "eni-0360474079818202b",
            "private_dns": "ip-192-168-1-151.eu-west-3.compute.internal",
            "private_dns_name_options": [
              {
                "enable_resource_name_dns_a_record": false,
                "enable_resource_name_dns_aaaa_record": false,
                "hostname_type": "ip-name"
              }
            ],
            "private_ip": "192.168.1.151",
            "public_dns": "",
            "public_ip": "35.180.201.179",
            "root_block_device": [
              {
                "delete_on_termination": true,
                "device_name": "/dev/xvda",
                "encrypted": false,
                "iops": 3000,
                "kms_key_id": "",
                "tags": {},
                "throughput": 125,
                "volume_id": "vol-003581a7eed3f7162",
                "volume_size": 8,
                "volume_type": "gp3"
              }
            ],
            "secondary_private_ips": [],
            "security_groups": [
              "sg-0f4f7d21dc5185a70"
            ],
            "source_dest_check": true,
            "subnet_id": "subnet-0ce99f4875c99bc2d",
            "tags": {
              "Name": "sulaiman-managed-node-2",
              "Type": "managed-node"
            },
            "tags_all": {
              "Name": "sulaiman-managed-node-2",
              "Type": "managed-node"
            },
            "tenancy": "default",
            "timeouts": null,
            "user_data": null,
            "user_data_base64": null,
            "user_data_replace_on_change": false,
            "volume_tags": null,
            "vpc_security_group_ids": [
              "sg-0f4f7d21dc5185a70"
            ]
          },
          "sensitive_attributes": [],
          "private": "eyJlMmJmYjczMC1lY2FhLTExZTYtOGY4OC0zNDM2M2JjN2M0YzAiOnsiY3JlYXRlIjo2MDAwMDAwMDAwMDAsImRlbGV0ZSI6MTIwMDAwMDAwMDAwMCwidXBkYXRlIjo2MDAwMDAwMDAwMDB9LCJzY2hlbWFfdmVyc2lvbiI6IjEifQ==",
          "dependencies": [
            "aws_key_pair.myawskey",
            "aws_security_group.sulaiman_sg",
            "aws_subnet.sulaiman_subnet",
            "aws_vpc.sulaiman_vpc",
            "tls_private_key.mypem"
          ]
        }
      ]
    },
    {
      "mode": "managed",
      "type": "aws_internet_gateway",
      "name": "sulaiman_igw",
      "provider": "provider[\"registry.terraform.io/hashicorp/aws\"]",
      "instances": [
        {
          "schema_version": 0,
          "attributes": {
            "arn": "arn:aws:ec2:eu-west-3:682390094476:internet-gateway/igw-05ac0035c6aa73813",
            "id": "igw-05ac0035c6aa73813",
            "owner_id": "682390094476",
            "tags": {
              "Name": "sulaiman_igw"
            },
            "tags_all": {
              "Name": "sulaiman_igw"
            },
            "timeouts": null,
            "vpc_id": "vpc-0172f3e281d6ef6d8"
          },
          "sensitive_attributes": [],
          "private": "eyJlMmJmYjczMC1lY2FhLTExZTYtOGY4OC0zNDM2M2JjN2M0YzAiOnsiY3JlYXRlIjoxMjAwMDAwMDAwMDAwLCJkZWxldGUiOjEyMDAwMDAwMDAwMDAsInVwZGF0ZSI6MTIwMDAwMDAwMDAwMH19",
          "dependencies": [
            "aws_vpc.sulaiman_vpc"
          ]
        }
      ]
    },
    {
      "mode": "managed",
      "type": "aws_key_pair",
      "name": "myawskey",
      "provider": "provider[\"registry.terraform.io/hashicorp/aws\"]",
      "instances": [
        {
          "schema_version": 1,
          "attributes": {
            "arn": "arn:aws:ec2:eu-west-3:682390094476:key-pair/awskey",
            "fingerprint": "6b:8a:b5:d0:31:c1:5c:1b:04:90:4f:9a:94:69:a5:80",
            "id": "awskey",
            "key_name": "awskey",
            "key_name_prefix": "",
            "key_pair_id": "key-07e61e9dd9460ec16",
            "key_type": "rsa",
            "public_key": "ssh-rsa AAAAB3NzaC1yc2EAAAADAQABAAACAQCidNllm4mX90hcmEq6b2uUbogRDKvIvKGJ7i2zrg92DhDnDG+/hECrpvguSy1do6PbAcjT6KpjgdvamdXkjVZqbsfE6DP2Rg01M7vhA8U0VF8+8rRKQdmqrK1BEBf1g9m5iekV2Gz23HV/wieM+7oBg6De01rUjTnc4rP0upitu9Mhj/ggVqvNR+lYDFeBAFulO99OdrqLZgSvfMGXbbB/2x1OWWPic7dx2d5eh/bwu4iL/IgfD/cUwOt1PurURWB7bhI5bj7CjgwTtdhI5giQyRgmttNWkrRnvAxtRGUq1zt04asSnqnjjWoXLa65FxyqNt58iY5X3ysS1DRyuitlt5LrLVRnhbXyDYrOuposVPrpg/Pd9Ljbx3+0idaJD8EDspjSPLJN8rdiUq3upE1yviH1T6OxqtaobLcDmxX7PBId3N7TGi582GUwDZKuELxG/INshl8Ra6VsveL/yMWlxG/M8CR9quvxIPmsX1XQ5NRBqC1h/zYZZALcua/cvVX//FmjQSD+7oqO/DLpDghF5cgAZALVU3dXKzTh2KSBzPXZQrYeKdLlKOIy49Cr6P6xPEGPRX6kKiiuR5LrZqCELhkb1hunslAY3QRzUY2FTpeQ7bqgFhaY0izP+c3ktlc3t1p3yRhbMTXMYoNYVFTPcTE57WTfVoBqJ8gVVl5uRQ==",
            "tags": null,
            "tags_all": {}
          },
          "sensitive_attributes": [],
          "private": "eyJzY2hlbWFfdmVyc2lvbiI6IjEifQ==",
          "dependencies": [
            "tls_private_key.mypem"
          ]
        }
      ]
    },
    {
      "mode": "managed",
      "type": "aws_route",
      "name": "sulaiman_route",
      "provider": "provider[\"registry.terraform.io/hashicorp/aws\"]",
      "instances": [
        {
          "schema_version": 0,
          "attributes": {
            "carrier_gateway_id": "",
            "core_network_arn": "",
            "destination_cidr_block": "0.0.0.0/0",
            "destination_ipv6_cidr_block": "",
            "destination_prefix_list_id": "",
            "egress_only_gateway_id": "",
            "gateway_id": "igw-05ac0035c6aa73813",
            "id": "r-rtb-095d1ae3266d0adee1080289494",
            "instance_id": "",
            "instance_owner_id": "",
            "local_gateway_id": "",
            "nat_gateway_id": "",
            "network_interface_id": "",
            "origin": "CreateRoute",
            "route_table_id": "rtb-095d1ae3266d0adee",
            "state": "active",
            "timeouts": null,
            "transit_gateway_id": "",
            "vpc_endpoint_id": "",
            "vpc_peering_connection_id": ""
          },
          "sensitive_attributes": [],
          "private": "eyJlMmJmYjczMC1lY2FhLTExZTYtOGY4OC0zNDM2M2JjN2M0YzAiOnsiY3JlYXRlIjozMDAwMDAwMDAwMDAsImRlbGV0ZSI6MzAwMDAwMDAwMDAwLCJ1cGRhdGUiOjEyMDAwMDAwMDAwMH19",
          "dependencies": [
            "aws_internet_gateway.sulaiman_igw",
            "aws_route_table.sulaiman_route_table",
            "aws_vpc.sulaiman_vpc"
          ]
        }
      ]
    },
    {
      "mode": "managed",
      "type": "aws_route_table",
      "name": "sulaiman_route_table",
      "provider": "provider[\"registry.terraform.io/hashicorp/aws\"]",
      "instances": [
        {
          "schema_version": 0,
          "attributes": {
            "arn": "arn:aws:ec2:eu-west-3:682390094476:route-table/rtb-095d1ae3266d0adee",
            "id": "rtb-095d1ae3266d0adee",
            "owner_id": "682390094476",
            "propagating_vgws": [],
            "route": [
              {
                "carrier_gateway_id": "",
                "cidr_block": "0.0.0.0/0",
                "core_network_arn": "",
                "destination_prefix_list_id": "",
                "egress_only_gateway_id": "",
                "gateway_id": "igw-05ac0035c6aa73813",
                "instance_id": "",
                "ipv6_cidr_block": "",
                "local_gateway_id": "",
                "nat_gateway_id": "",
                "network_interface_id": "",
                "transit_gateway_id": "",
                "vpc_endpoint_id": "",
                "vpc_peering_connection_id": ""
              }
            ],
            "tags": {
              "Name": "sulaiman_route_table"
            },
            "tags_all": {
              "Name": "sulaiman_route_table"
            },
            "timeouts": null,
            "vpc_id": "vpc-0172f3e281d6ef6d8"
          },
          "sensitive_attributes": [],
          "private": "eyJlMmJmYjczMC1lY2FhLTExZTYtOGY4OC0zNDM2M2JjN2M0YzAiOnsiY3JlYXRlIjozMDAwMDAwMDAwMDAsImRlbGV0ZSI6MzAwMDAwMDAwMDAwLCJ1cGRhdGUiOjEyMDAwMDAwMDAwMH19",
          "dependencies": [
            "aws_internet_gateway.sulaiman_igw",
            "aws_vpc.sulaiman_vpc"
          ]
        }
      ]
    },
    {
      "mode": "managed",
      "type": "aws_security_group",
      "name": "sulaiman_sg",
      "provider": "provider[\"registry.terraform.io/hashicorp/aws\"]",
      "instances": [
        {
          "schema_version": 1,
          "attributes": {
            "arn": "arn:aws:ec2:eu-west-3:682390094476:security-group/sg-0f4f7d21dc5185a70",
            "description": "Managed by Terraform",
            "egress": [],
            "id": "sg-0f4f7d21dc5185a70",
            "ingress": [],
            "name": "sulaiman_ssh",
            "name_prefix": "",
            "owner_id": "682390094476",
            "revoke_rules_on_delete": false,
            "tags": {
              "Name": "sulaiman_ssh_security_group"
            },
            "tags_all": {
              "Name": "sulaiman_ssh_security_group"
            },
            "timeouts": null,
            "vpc_id": "vpc-0172f3e281d6ef6d8"
          },
          "sensitive_attributes": [],
          "private": "eyJlMmJmYjczMC1lY2FhLTExZTYtOGY4OC0zNDM2M2JjN2M0YzAiOnsiY3JlYXRlIjo2MDAwMDAwMDAwMDAsImRlbGV0ZSI6OTAwMDAwMDAwMDAwfSwic2NoZW1hX3ZlcnNpb24iOiIxIn0=",
          "dependencies": [
            "aws_vpc.sulaiman_vpc"
          ]
        }
      ]
    },
    {
      "mode": "managed",
      "type": "aws_security_group_rule",
      "name": "allow_ssh",
      "provider": "provider[\"registry.terraform.io/hashicorp/aws\"]",
      "instances": [
        {
          "schema_version": 2,
          "attributes": {
            "cidr_blocks": [
              "0.0.0.0/0"
            ],
            "description": "Allow SSH access",
            "from_port": 22,
            "id": "sgrule-4251326905",
            "ipv6_cidr_blocks": null,
            "prefix_list_ids": null,
            "protocol": "tcp",
            "security_group_id": "sg-0f4f7d21dc5185a70",
            "security_group_rule_id": "sgr-0149859dabb2a9b36",
            "self": false,
            "source_security_group_id": null,
            "timeouts": null,
            "to_port": 22,
            "type": "ingress"
          },
          "sensitive_attributes": [],
          "private": "eyJlMmJmYjczMC1lY2FhLTExZTYtOGY4OC0zNDM2M2JjN2M0YzAiOnsiY3JlYXRlIjozMDAwMDAwMDAwMDB9LCJzY2hlbWFfdmVyc2lvbiI6IjIifQ==",
          "dependencies": [
            "aws_security_group.sulaiman_sg",
            "aws_vpc.sulaiman_vpc"
          ]
        }
      ]
    },
    {
      "mode": "managed",
      "type": "aws_subnet",
      "name": "sulaiman_subnet",
      "provider": "provider[\"registry.terraform.io/hashicorp/aws\"]",
      "instances": [
        {
          "schema_version": 1,
          "attributes": {
            "arn": "arn:aws:ec2:eu-west-3:682390094476:subnet/subnet-0ce99f4875c99bc2d",
            "assign_ipv6_address_on_creation": false,
            "availability_zone": "eu-west-3b",
            "availability_zone_id": "euw3-az2",
            "cidr_block": "192.168.1.0/24",
            "customer_owned_ipv4_pool": "",
            "enable_dns64": false,
            "enable_lni_at_device_index": 0,
            "enable_resource_name_dns_a_record_on_launch": false,
            "enable_resource_name_dns_aaaa_record_on_launch": false,
            "id": "subnet-0ce99f4875c99bc2d",
            "ipv6_cidr_block": "",
            "ipv6_cidr_block_association_id": "",
            "ipv6_native": false,
            "map_customer_owned_ip_on_launch": false,
            "map_public_ip_on_launch": false,
            "outpost_arn": "",
            "owner_id": "682390094476",
            "private_dns_hostname_type_on_launch": "ip-name",
            "tags": null,
            "tags_all": {},
            "timeouts": null,
            "vpc_id": "vpc-0172f3e281d6ef6d8"
          },
          "sensitive_attributes": [],
          "private": "eyJlMmJmYjczMC1lY2FhLTExZTYtOGY4OC0zNDM2M2JjN2M0YzAiOnsiY3JlYXRlIjo2MDAwMDAwMDAwMDAsImRlbGV0ZSI6MTIwMDAwMDAwMDAwMH0sInNjaGVtYV92ZXJzaW9uIjoiMSJ9",
          "dependencies": [
            "aws_vpc.sulaiman_vpc"
          ]
        }
      ]
    },
    {
      "mode": "managed",
      "type": "aws_vpc",
      "name": "sulaiman_vpc",
      "provider": "provider[\"registry.terraform.io/hashicorp/aws\"]",
      "instances": [
        {
          "schema_version": 1,
          "attributes": {
            "arn": "arn:aws:ec2:eu-west-3:682390094476:vpc/vpc-0172f3e281d6ef6d8",
            "assign_generated_ipv6_cidr_block": false,
            "cidr_block": "192.168.0.0/16",
            "default_network_acl_id": "acl-064577ab7dfd56f72",
            "default_route_table_id": "rtb-030e7af68523ea145",
            "default_security_group_id": "sg-093db109428ba5bcb",
            "dhcp_options_id": "dopt-013af424c023c78d3",
            "enable_classiclink": false,
            "enable_classiclink_dns_support": false,
            "enable_dns_hostnames": false,
            "enable_dns_support": true,
            "enable_network_address_usage_metrics": false,
            "id": "vpc-0172f3e281d6ef6d8",
            "instance_tenancy": "default",
            "ipv4_ipam_pool_id": null,
            "ipv4_netmask_length": null,
            "ipv6_association_id": "",
            "ipv6_cidr_block": "",
            "ipv6_cidr_block_network_border_group": "",
            "ipv6_ipam_pool_id": "",
            "ipv6_netmask_length": 0,
            "main_route_table_id": "rtb-030e7af68523ea145",
            "owner_id": "682390094476",
            "tags": {
              "Name": "sulaiman_vpc"
            },
            "tags_all": {
              "Name": "sulaiman_vpc"
            }
          },
          "sensitive_attributes": [],
          "private": "eyJzY2hlbWFfdmVyc2lvbiI6IjEifQ=="
        }
      ]
    },
    {
      "mode": "managed",
      "type": "local_file",
      "name": "mykeyfile",
      "provider": "provider[\"registry.terraform.io/hashicorp/local\"]",
      "instances": [
        {
          "schema_version": 0,
          "attributes": {
            "content": "-----BEGIN RSA PRIVATE KEY-----\nMIIJJwIBAAKCAgEAonTZZZuJl/dIXJhKum9rlG6IEQyryLyhie4ts64Pdg4Q5wxv\nv4RAq6b4LkstXaOj2wHI0+iqY4Hb2pnV5I1Wam7HxOgz9kYNNTO74QPFNFRfPvK0\nSkHZqqytQRAX9YPZuYnpFdhs9tx1f8InjPu6AYOg3tNa1I053OKz9LqYrbvTIY/4\nIFarzUfpWAxXgQBbpTvfTna6i2YEr3zBl22wf9sdTllj4nO3cdneXof28LuIi/yI\nHw/3FMDrdT7q1EVge24SOW4+wo4ME7XYSOYIkMkYJrbTVpK0Z7wMbURlKtc7dOGr\nEp6p441qFy2uuRccqjbefImOV98rEtQ0crorZbeS6y1UZ4W18g2KzrqaLFT66YPz\n3fS428d/tInWiQ/BA7KY0jyyTfK3YlKt7qRNcr4h9U+jsarWqGy3A5sV+zwSHdze\n0xoufNhlMA2SrhC8RvyDbIZfEWulbL3i/8jFpcRvzPAkfarr8SD5rF9V0OTUQagt\nYf82GWQC3Lmv3L1V//xZo0Eg/u6Kjvwy6Q4IReXIAGQC1VN3Vys04dikgcz12UK2\nHinS5SjiMuPQq+j+sTxBj0V+pCoorkeS62aghC4ZG9Ybp7JQGN0Ec1GNhU6XkO26\noBYWmNIsz/nN5LZXN7dad8kYWzE1zGKDWFRUz3ExOe1k31aAaifIFVZebkUCAwEA\nAQKCAgAlt9uBq8sWbWNvnCw9fQENRVxyGO8JfEJFM/eIcDFGx51FB64qWRpqwCl/\nFhVCWGwCvTdTfAGTeOMCrhTrK6WUsIPRQ9hMpZcLcyd75tQygiRbCR6y3vcamVzg\nbkwhxKsYWNy1Jbqm1iixsPJd2VQmZdlD4u6DywZUMo51k50/OQycDkEdwQHCd5/F\nwZfPa7XbdzsxjH9jPhx4Yg7Qibcg+E6lkjuOqC8/T8ZBTHAZFHFvjwJLs/k56FDC\nuAjtn+32umegzefkY/aJ3P6Kbl4uv4HL+0a2Ivmf3BlGhUq316EGUh7WA+CN5Jdt\nKj4W2zbcjkC5yXYzEK1/gaVrva21YVTZd+NVB7LjT9HugVpupyLf2c9VFVz+PDZe\nSG7ZZW48PA5UFij0yk90vRe+sNyw11J96Y3nh1kaoT27SArAW8DMKFIEWeVxqUO3\n0y3ylSMOII/VaBpnp4+QVDXjvQne45/Khu4IkkvWW/j+NDHS89K5vsV/k4YsNYMD\nKNdJ+mR5XHk/jrSWHlhsqYTRA9FNDL05B1Z1Xc2ceoehAx/bJTuDvRddlZEhdiaK\nn0eH+9bFTwMivcrNDMOnYTZ4YHOoj17qNQrA+OzcgF6gPSyVdzTYY06UiJEzZfLh\nVqjm/O+2jM/pMd+J0jqivsdb02fjjdwulfujlWkkQjiGhuGyAQKCAQEA1AZ/rWFc\nTbjS+UUsbFNHD+UKLCnY6iQ+8/QFiEoaHgA5i5iFGs8cqEm2903ApBHJiN8gQntK\n0da8X+pIZ3L7OLVuH6bhvhMwUiD4wKtPjktlkuGUb5sQcjYv1ExAcsOWpSwZiHo0\n6pDOwuPqWXMXuX8FjZDL3ZiUGFN8IXooriUEAq6tzSgn9VaO8/29J9kiUveQZHOb\nffpiaDKWPc15qCyNoVrSDR2sRZTakKKo4qGej4ylZS917WVtO5ysOr9T8uGHBTgR\nH5qRr5BIX3Aseeps90E989LAXUcQwe9B4+eRcHpzkhs1kIOV5Ufh2Vvib9V6BeMt\nzwqW3j3GfSdsnQKCAQEAxCZ7+a1gGOYOExtmOJdiJdVrG8YAHe1ihr+63t8LRZyw\nrOFXjibYIj9iduRsTuoRUTNmew7PeW0uGMXKcsuBp0eOea62NOjEERQDOwpEWJ8g\nV6F5eDc4qeblF8jzx2CdBw89YvHlrw27It+/pcjCw95LJ0a+FsBAL7POw1+mTWZ9\ncJskslq+bYSScFwG3/Qr84zGD/0ca6VuTH8BZYaSsOwjpTUpcC2zhCSvLOshYvxq\nEG8p7Yp9QIUAW/KWAOA6rcQ06urBT/yAw3mKlDh9pWUBGZ7wJWYZv+Va6z9Qnuh1\nEtAIfeh95HUF4GS9XZFwiutJsX8cHGCqcsfOL3yTyQKCAQAt2JXlDKdj2vIrmkyH\nw94azsDLWeUgg+Pk5kAH/1X0ZMIMsFcfu+cLcJ0Sjop4L6xvXyffmD9ObmtfJg6v\n58nwsjJ0v6YSbp3FNIH1T1WthBobj5GELHh66cKf2jkZV7eMUaPXwe0NR3Cd7aBv\n5RYdMx0lRkj+yo5DUFIH/x0qwrBCUDkeom85epUApz4ujqIAZK2hOupFbE25EC8y\nf+qtdazOVhATa/YjOZOlMLbqAl6B1byxy3hpc8QR3sfTECn7285RT5VMSyTzXHR5\nxoyndAxJzp6xyUF1Kfeyp6SMvjbRpni1ABMuA3X3FPr+AANPgU6YVU5DdZu3xI3V\n5B91AoIBAE6FRV3GrNBqz7mQX1RKLY0NqSneEk/opmdguzLawM1mE0exkXYjUKQt\nEYKcoEra4oHJ/L1ISX/HWAusqgVYOBe5ymwlp2T4xPw9Manhy0hasvzBdDnOiU1i\nU9U4qXXn1BRuYlmIkjSIX6BvR23bNzRneVhItnGvFkLCTQPi91TGsXJxeLg5IUAA\nMQrvnATs3udJNERUQ5tIByZyNSHqRDC05vQMmwEAGnvMn59wpNXWS7M2fOdNaCR6\n2ZD1RF0nZfYHtFNSFH6rivQ1ZGc/UfTywQT7nhCqlaY+7y17FA/46FzWkH+uoS7i\nNa8FRNT/ErlZxQ9b3enyPGlkWMKjsRkCggEAToUrSp+vn+9+FpWeajsPJaKYomT5\ngXDEFa7dpJpTUeQijiWAPdaFvqgMjVl3SulY1knuX2qK0bpoQ846Gj1g/uLXntAH\nwdOqwYF8v6Ihkvi4O93R0m/xlxXZJo7xxMP4ZUFsxUcfyy79llEKOAzlVIrE5tf8\nvpgpoNLo+p8ySXi+47/accwO4qCaulSWsmJ2DMmrarApXlKSk2O9Y5qw8dG4TPcK\n9JLyyvvkzLq0R9Tzl3GG+XoYItQIOwqLOosAZ61n1J4DmLTryePk9rKP+he/+zLq\n4T4vTbOocwtCrhKrxAf0Nl7S9qosXnz8JiozX68A1RMg/wsQD9F3GgLuzA==\n-----END RSA PRIVATE KEY-----\n",
            "content_base64": null,
            "content_base64sha256": "F9u5rlaNcWVs7agp0IkTW7cLlQ/lrzbqy+tSw7qs2TY=",
            "content_base64sha512": "gk9r6XRW97M5PYZgd9nsp9BufOKD7Sn3FJcNI/DRPZNe/f/8S+cO+V8/KhkqCAWCT9CPUrzOWdCg1GqbaLDXRA==",
            "content_md5": "331f22e14ff5e17f65bf2e5b6324cced",
            "content_sha1": "2de884cbc79da5fd02e2d1ed33c47c2c23cabbb4",
            "content_sha256": "17dbb9ae568d71656ceda829d089135bb70b950fe5af36eacbeb52c3baacd936",
            "content_sha512": "824f6be97456f7b3393d866077d9eca7d06e7ce283ed29f714970d23f0d13d935efdfffc4be70ef95f3f2a192a0805824fd08f52bcce59d0a0d46a9b68b0d744",
            "directory_permission": "0777",
            "file_permission": "0600",
            "filename": "./awskey.pem",
            "id": "2de884cbc79da5fd02e2d1ed33c47c2c23cabbb4",
            "sensitive_content": null,
            "source": null
          },
          "sensitive_attributes": [
            [
              {
                "type": "get_attr",
                "value": "content"
              }
            ]
          ],
          "dependencies": [
            "tls_private_key.mypem"
          ]
        }
      ]
    },
    {
      "mode": "managed",
      "type": "tls_private_key",
      "name": "mypem",
      "provider": "provider[\"registry.terraform.io/hashicorp/tls\"]",
      "instances": [
        {
          "schema_version": 1,
          "attributes": {
            "algorithm": "RSA",
            "ecdsa_curve": "P224",
            "id": "8e21044e283b47837c4ee8586b3032eac3b8bc94",
            "private_key_openssh": "-----BEGIN OPENSSH PRIVATE KEY-----\nb3BlbnNzaC1rZXktdjEAAAAABG5vbmUAAAAEbm9uZQAAAAAAAAABAAACFwAAAAdz\nc2gtcnNhAAAAAwEAAQAAAgEAonTZZZuJl/dIXJhKum9rlG6IEQyryLyhie4ts64P\ndg4Q5wxvv4RAq6b4LkstXaOj2wHI0+iqY4Hb2pnV5I1Wam7HxOgz9kYNNTO74QPF\nNFRfPvK0SkHZqqytQRAX9YPZuYnpFdhs9tx1f8InjPu6AYOg3tNa1I053OKz9LqY\nrbvTIY/4IFarzUfpWAxXgQBbpTvfTna6i2YEr3zBl22wf9sdTllj4nO3cdneXof2\n8LuIi/yIHw/3FMDrdT7q1EVge24SOW4+wo4ME7XYSOYIkMkYJrbTVpK0Z7wMbURl\nKtc7dOGrEp6p441qFy2uuRccqjbefImOV98rEtQ0crorZbeS6y1UZ4W18g2Kzrqa\nLFT66YPz3fS428d/tInWiQ/BA7KY0jyyTfK3YlKt7qRNcr4h9U+jsarWqGy3A5sV\n+zwSHdze0xoufNhlMA2SrhC8RvyDbIZfEWulbL3i/8jFpcRvzPAkfarr8SD5rF9V\n0OTUQagtYf82GWQC3Lmv3L1V//xZo0Eg/u6Kjvwy6Q4IReXIAGQC1VN3Vys04dik\ngcz12UK2HinS5SjiMuPQq+j+sTxBj0V+pCoorkeS62aghC4ZG9Ybp7JQGN0Ec1GN\nhU6XkO26oBYWmNIsz/nN5LZXN7dad8kYWzE1zGKDWFRUz3ExOe1k31aAaifIFVZe\nbkUAAAc4s1Fl6LNRZegAAAAHc3NoLXJzYQAAAgEAonTZZZuJl/dIXJhKum9rlG6I\nEQyryLyhie4ts64Pdg4Q5wxvv4RAq6b4LkstXaOj2wHI0+iqY4Hb2pnV5I1Wam7H\nxOgz9kYNNTO74QPFNFRfPvK0SkHZqqytQRAX9YPZuYnpFdhs9tx1f8InjPu6AYOg\n3tNa1I053OKz9LqYrbvTIY/4IFarzUfpWAxXgQBbpTvfTna6i2YEr3zBl22wf9sd\nTllj4nO3cdneXof28LuIi/yIHw/3FMDrdT7q1EVge24SOW4+wo4ME7XYSOYIkMkY\nJrbTVpK0Z7wMbURlKtc7dOGrEp6p441qFy2uuRccqjbefImOV98rEtQ0crorZbeS\n6y1UZ4W18g2KzrqaLFT66YPz3fS428d/tInWiQ/BA7KY0jyyTfK3YlKt7qRNcr4h\n9U+jsarWqGy3A5sV+zwSHdze0xoufNhlMA2SrhC8RvyDbIZfEWulbL3i/8jFpcRv\nzPAkfarr8SD5rF9V0OTUQagtYf82GWQC3Lmv3L1V//xZo0Eg/u6Kjvwy6Q4IReXI\nAGQC1VN3Vys04dikgcz12UK2HinS5SjiMuPQq+j+sTxBj0V+pCoorkeS62aghC4Z\nG9Ybp7JQGN0Ec1GNhU6XkO26oBYWmNIsz/nN5LZXN7dad8kYWzE1zGKDWFRUz3Ex\nOe1k31aAaifIFVZebkUAAAADAQABAAACACW324GryxZtY2+cLD19AQ1FXHIY7wl8\nQkUz94hwMUbHnUUHripZGmrAKX8WFUJYbAK9N1N8AZN44wKuFOsrpZSwg9FD2Eyl\nlwtzJ3vm1DKCJFsJHrLe9xqZXOBuTCHEqxhY3LUluqbWKLGw8l3ZVCZl2UPi7oPL\nBlQyjnWTnT85DJwOQR3BAcJ3n8XBl89rtdt3OzGMf2M+HHhiDtCJtyD4TqWSO46o\nLz9PxkFMcBkUcW+PAkuz+TnoUMK4CO2f7fa6Z6DN5+Rj9onc/opuXi6/gcv7RrYi\n+Z/cGUaFSrfXoQZSHtYD4I3kl20qPhbbNtyOQLnJdjMQrX+BpWu9rbVhVNl341UH\nsuNP0e6BWm6nIt/Zz1UVXP48Nl5Ibtllbjw8DlQWKPTKT3S9F76w3LDXUn3pjeeH\nWRqhPbtICsBbwMwoUgRZ5XGpQ7fTLfKVIw4gj9VoGmenj5BUNeO9Cd7jn8qG7giS\nS9Zb+P40MdLz0rm+xX+Thiw1gwMo10n6ZHlceT+OtJYeWGyphNED0U0MvTkHVnVd\nzZx6h6EDH9slO4O9F12VkSF2JoqfR4f71sVPAyK9ys0Mw6dhNnhgc6iPXuo1CsD4\n7NyAXqA9LJV3NNhjTpSIkTNl8uFWqOb877aMz+kx34nSOqK+x1vTZ+ON3C6V+6OV\naSRCOIaG4bIBAAABAE6FK0qfr5/vfhaVnmo7DyWimKJk+YFwxBWu3aSaU1HkIo4l\ngD3Whb6oDI1Zd0rpWNZJ7l9qitG6aEPOOho9YP7i157QB8HTqsGBfL+iIZL4uDvd\n0dJv8ZcV2SaO8cTD+GVBbMVHH8su/ZZRCjgM5VSKxObX/L6YKaDS6PqfMkl4vuO/\n2nHMDuKgmrpUlrJidgzJq2qwKV5SkpNjvWOasPHRuEz3CvSS8sr75My6tEfU85dx\nhvl6GCLUCDsKizqLAGetZ9SeA5i068nj5Payj/oXv/sy6uE+L02zqHMLQq4Sq8QH\n9DZe0vaqLF58/CYqM1+vANUTIP8LEA/RdxoC7swAAAEBANQGf61hXE240vlFLGxT\nRw/lCiwp2OokPvP0BYhKGh4AOYuYhRrPHKhJtvdNwKQRyYjfIEJ7StHWvF/qSGdy\n+zi1bh+m4b4TMFIg+MCrT45LZZLhlG+bEHI2L9RMQHLDlqUsGYh6NOqQzsLj6llz\nF7l/BY2Qy92YlBhTfCF6KK4lBAKurc0oJ/VWjvP9vSfZIlL3kGRzm336Ymgylj3N\neagsjaFa0g0drEWU2pCiqOKhno+MpWUvde1lbTucrDq/U/LhhwU4ER+aka+QSF9w\nLHnqbPdBPfPSwF1HEMHvQePnkXB6c5IbNZCDleVH4dlb4m/VegXjLc8Klt49xn0n\nbJ0AAAEBAMQme/mtYBjmDhMbZjiXYiXVaxvGAB3tYoa/ut7fC0WcsKzhV44m2CI/\nYnbkbE7qEVEzZnsOz3ltLhjFynLLgadHjnmutjToxBEUAzsKRFifIFeheXg3OKnm\n5RfI88dgnQcPPWLx5a8NuyLfv6XIwsPeSydGvhbAQC+zzsNfpk1mfXCbJLJavm2E\nknBcBt/0K/OMxg/9HGulbkx/AWWGkrDsI6U1KXAts4QkryzrIWL8ahBvKe2KfUCF\nAFvylgDgOq3ENOrqwU/8gMN5ipQ4faVlARme8CVmGb/lWus/UJ7odRLQCH3ofeR1\nBeBkvV2RcIrrSbF/HBxgqnLHzi98k8kAAAAAAQID\n-----END OPENSSH PRIVATE KEY-----\n",
            "private_key_pem": "-----BEGIN RSA PRIVATE KEY-----\nMIIJJwIBAAKCAgEAonTZZZuJl/dIXJhKum9rlG6IEQyryLyhie4ts64Pdg4Q5wxv\nv4RAq6b4LkstXaOj2wHI0+iqY4Hb2pnV5I1Wam7HxOgz9kYNNTO74QPFNFRfPvK0\nSkHZqqytQRAX9YPZuYnpFdhs9tx1f8InjPu6AYOg3tNa1I053OKz9LqYrbvTIY/4\nIFarzUfpWAxXgQBbpTvfTna6i2YEr3zBl22wf9sdTllj4nO3cdneXof28LuIi/yI\nHw/3FMDrdT7q1EVge24SOW4+wo4ME7XYSOYIkMkYJrbTVpK0Z7wMbURlKtc7dOGr\nEp6p441qFy2uuRccqjbefImOV98rEtQ0crorZbeS6y1UZ4W18g2KzrqaLFT66YPz\n3fS428d/tInWiQ/BA7KY0jyyTfK3YlKt7qRNcr4h9U+jsarWqGy3A5sV+zwSHdze\n0xoufNhlMA2SrhC8RvyDbIZfEWulbL3i/8jFpcRvzPAkfarr8SD5rF9V0OTUQagt\nYf82GWQC3Lmv3L1V//xZo0Eg/u6Kjvwy6Q4IReXIAGQC1VN3Vys04dikgcz12UK2\nHinS5SjiMuPQq+j+sTxBj0V+pCoorkeS62aghC4ZG9Ybp7JQGN0Ec1GNhU6XkO26\noBYWmNIsz/nN5LZXN7dad8kYWzE1zGKDWFRUz3ExOe1k31aAaifIFVZebkUCAwEA\nAQKCAgAlt9uBq8sWbWNvnCw9fQENRVxyGO8JfEJFM/eIcDFGx51FB64qWRpqwCl/\nFhVCWGwCvTdTfAGTeOMCrhTrK6WUsIPRQ9hMpZcLcyd75tQygiRbCR6y3vcamVzg\nbkwhxKsYWNy1Jbqm1iixsPJd2VQmZdlD4u6DywZUMo51k50/OQycDkEdwQHCd5/F\nwZfPa7XbdzsxjH9jPhx4Yg7Qibcg+E6lkjuOqC8/T8ZBTHAZFHFvjwJLs/k56FDC\nuAjtn+32umegzefkY/aJ3P6Kbl4uv4HL+0a2Ivmf3BlGhUq316EGUh7WA+CN5Jdt\nKj4W2zbcjkC5yXYzEK1/gaVrva21YVTZd+NVB7LjT9HugVpupyLf2c9VFVz+PDZe\nSG7ZZW48PA5UFij0yk90vRe+sNyw11J96Y3nh1kaoT27SArAW8DMKFIEWeVxqUO3\n0y3ylSMOII/VaBpnp4+QVDXjvQne45/Khu4IkkvWW/j+NDHS89K5vsV/k4YsNYMD\nKNdJ+mR5XHk/jrSWHlhsqYTRA9FNDL05B1Z1Xc2ceoehAx/bJTuDvRddlZEhdiaK\nn0eH+9bFTwMivcrNDMOnYTZ4YHOoj17qNQrA+OzcgF6gPSyVdzTYY06UiJEzZfLh\nVqjm/O+2jM/pMd+J0jqivsdb02fjjdwulfujlWkkQjiGhuGyAQKCAQEA1AZ/rWFc\nTbjS+UUsbFNHD+UKLCnY6iQ+8/QFiEoaHgA5i5iFGs8cqEm2903ApBHJiN8gQntK\n0da8X+pIZ3L7OLVuH6bhvhMwUiD4wKtPjktlkuGUb5sQcjYv1ExAcsOWpSwZiHo0\n6pDOwuPqWXMXuX8FjZDL3ZiUGFN8IXooriUEAq6tzSgn9VaO8/29J9kiUveQZHOb\nffpiaDKWPc15qCyNoVrSDR2sRZTakKKo4qGej4ylZS917WVtO5ysOr9T8uGHBTgR\nH5qRr5BIX3Aseeps90E989LAXUcQwe9B4+eRcHpzkhs1kIOV5Ufh2Vvib9V6BeMt\nzwqW3j3GfSdsnQKCAQEAxCZ7+a1gGOYOExtmOJdiJdVrG8YAHe1ihr+63t8LRZyw\nrOFXjibYIj9iduRsTuoRUTNmew7PeW0uGMXKcsuBp0eOea62NOjEERQDOwpEWJ8g\nV6F5eDc4qeblF8jzx2CdBw89YvHlrw27It+/pcjCw95LJ0a+FsBAL7POw1+mTWZ9\ncJskslq+bYSScFwG3/Qr84zGD/0ca6VuTH8BZYaSsOwjpTUpcC2zhCSvLOshYvxq\nEG8p7Yp9QIUAW/KWAOA6rcQ06urBT/yAw3mKlDh9pWUBGZ7wJWYZv+Va6z9Qnuh1\nEtAIfeh95HUF4GS9XZFwiutJsX8cHGCqcsfOL3yTyQKCAQAt2JXlDKdj2vIrmkyH\nw94azsDLWeUgg+Pk5kAH/1X0ZMIMsFcfu+cLcJ0Sjop4L6xvXyffmD9ObmtfJg6v\n58nwsjJ0v6YSbp3FNIH1T1WthBobj5GELHh66cKf2jkZV7eMUaPXwe0NR3Cd7aBv\n5RYdMx0lRkj+yo5DUFIH/x0qwrBCUDkeom85epUApz4ujqIAZK2hOupFbE25EC8y\nf+qtdazOVhATa/YjOZOlMLbqAl6B1byxy3hpc8QR3sfTECn7285RT5VMSyTzXHR5\nxoyndAxJzp6xyUF1Kfeyp6SMvjbRpni1ABMuA3X3FPr+AANPgU6YVU5DdZu3xI3V\n5B91AoIBAE6FRV3GrNBqz7mQX1RKLY0NqSneEk/opmdguzLawM1mE0exkXYjUKQt\nEYKcoEra4oHJ/L1ISX/HWAusqgVYOBe5ymwlp2T4xPw9Manhy0hasvzBdDnOiU1i\nU9U4qXXn1BRuYlmIkjSIX6BvR23bNzRneVhItnGvFkLCTQPi91TGsXJxeLg5IUAA\nMQrvnATs3udJNERUQ5tIByZyNSHqRDC05vQMmwEAGnvMn59wpNXWS7M2fOdNaCR6\n2ZD1RF0nZfYHtFNSFH6rivQ1ZGc/UfTywQT7nhCqlaY+7y17FA/46FzWkH+uoS7i\nNa8FRNT/ErlZxQ9b3enyPGlkWMKjsRkCggEAToUrSp+vn+9+FpWeajsPJaKYomT5\ngXDEFa7dpJpTUeQijiWAPdaFvqgMjVl3SulY1knuX2qK0bpoQ846Gj1g/uLXntAH\nwdOqwYF8v6Ihkvi4O93R0m/xlxXZJo7xxMP4ZUFsxUcfyy79llEKOAzlVIrE5tf8\nvpgpoNLo+p8ySXi+47/accwO4qCaulSWsmJ2DMmrarApXlKSk2O9Y5qw8dG4TPcK\n9JLyyvvkzLq0R9Tzl3GG+XoYItQIOwqLOosAZ61n1J4DmLTryePk9rKP+he/+zLq\n4T4vTbOocwtCrhKrxAf0Nl7S9qosXnz8JiozX68A1RMg/wsQD9F3GgLuzA==\n-----END RSA PRIVATE KEY-----\n",
            "private_key_pem_pkcs8": "-----BEGIN PRIVATE KEY-----\nMIIJQQIBADANBgkqhkiG9w0BAQEFAASCCSswggknAgEAAoICAQCidNllm4mX90hc\nmEq6b2uUbogRDKvIvKGJ7i2zrg92DhDnDG+/hECrpvguSy1do6PbAcjT6Kpjgdva\nmdXkjVZqbsfE6DP2Rg01M7vhA8U0VF8+8rRKQdmqrK1BEBf1g9m5iekV2Gz23HV/\nwieM+7oBg6De01rUjTnc4rP0upitu9Mhj/ggVqvNR+lYDFeBAFulO99OdrqLZgSv\nfMGXbbB/2x1OWWPic7dx2d5eh/bwu4iL/IgfD/cUwOt1PurURWB7bhI5bj7CjgwT\ntdhI5giQyRgmttNWkrRnvAxtRGUq1zt04asSnqnjjWoXLa65FxyqNt58iY5X3ysS\n1DRyuitlt5LrLVRnhbXyDYrOuposVPrpg/Pd9Ljbx3+0idaJD8EDspjSPLJN8rdi\nUq3upE1yviH1T6OxqtaobLcDmxX7PBId3N7TGi582GUwDZKuELxG/INshl8Ra6Vs\nveL/yMWlxG/M8CR9quvxIPmsX1XQ5NRBqC1h/zYZZALcua/cvVX//FmjQSD+7oqO\n/DLpDghF5cgAZALVU3dXKzTh2KSBzPXZQrYeKdLlKOIy49Cr6P6xPEGPRX6kKiiu\nR5LrZqCELhkb1hunslAY3QRzUY2FTpeQ7bqgFhaY0izP+c3ktlc3t1p3yRhbMTXM\nYoNYVFTPcTE57WTfVoBqJ8gVVl5uRQIDAQABAoICACW324GryxZtY2+cLD19AQ1F\nXHIY7wl8QkUz94hwMUbHnUUHripZGmrAKX8WFUJYbAK9N1N8AZN44wKuFOsrpZSw\ng9FD2EyllwtzJ3vm1DKCJFsJHrLe9xqZXOBuTCHEqxhY3LUluqbWKLGw8l3ZVCZl\n2UPi7oPLBlQyjnWTnT85DJwOQR3BAcJ3n8XBl89rtdt3OzGMf2M+HHhiDtCJtyD4\nTqWSO46oLz9PxkFMcBkUcW+PAkuz+TnoUMK4CO2f7fa6Z6DN5+Rj9onc/opuXi6/\ngcv7RrYi+Z/cGUaFSrfXoQZSHtYD4I3kl20qPhbbNtyOQLnJdjMQrX+BpWu9rbVh\nVNl341UHsuNP0e6BWm6nIt/Zz1UVXP48Nl5Ibtllbjw8DlQWKPTKT3S9F76w3LDX\nUn3pjeeHWRqhPbtICsBbwMwoUgRZ5XGpQ7fTLfKVIw4gj9VoGmenj5BUNeO9Cd7j\nn8qG7giSS9Zb+P40MdLz0rm+xX+Thiw1gwMo10n6ZHlceT+OtJYeWGyphNED0U0M\nvTkHVnVdzZx6h6EDH9slO4O9F12VkSF2JoqfR4f71sVPAyK9ys0Mw6dhNnhgc6iP\nXuo1CsD47NyAXqA9LJV3NNhjTpSIkTNl8uFWqOb877aMz+kx34nSOqK+x1vTZ+ON\n3C6V+6OVaSRCOIaG4bIBAoIBAQDUBn+tYVxNuNL5RSxsU0cP5QosKdjqJD7z9AWI\nShoeADmLmIUazxyoSbb3TcCkEcmI3yBCe0rR1rxf6khncvs4tW4fpuG+EzBSIPjA\nq0+OS2WS4ZRvmxByNi/UTEByw5alLBmIejTqkM7C4+pZcxe5fwWNkMvdmJQYU3wh\neiiuJQQCrq3NKCf1Vo7z/b0n2SJS95Bkc5t9+mJoMpY9zXmoLI2hWtINHaxFlNqQ\noqjioZ6PjKVlL3XtZW07nKw6v1Py4YcFOBEfmpGvkEhfcCx56mz3QT3z0sBdRxDB\n70Hj55FwenOSGzWQg5XlR+HZW+Jv1XoF4y3PCpbePcZ9J2ydAoIBAQDEJnv5rWAY\n5g4TG2Y4l2Il1WsbxgAd7WKGv7re3wtFnLCs4VeOJtgiP2J25GxO6hFRM2Z7Ds95\nbS4Yxcpyy4GnR455rrY06MQRFAM7CkRYnyBXoXl4Nzip5uUXyPPHYJ0HDz1i8eWv\nDbsi37+lyMLD3ksnRr4WwEAvs87DX6ZNZn1wmySyWr5thJJwXAbf9CvzjMYP/Rxr\npW5MfwFlhpKw7COlNSlwLbOEJK8s6yFi/GoQbyntin1AhQBb8pYA4DqtxDTq6sFP\n/IDDeYqUOH2lZQEZnvAlZhm/5VrrP1Ce6HUS0Ah96H3kdQXgZL1dkXCK60mxfxwc\nYKpyx84vfJPJAoIBAC3YleUMp2Pa8iuaTIfD3hrOwMtZ5SCD4+TmQAf/VfRkwgyw\nVx+75wtwnRKOingvrG9fJ9+YP05ua18mDq/nyfCyMnS/phJuncU0gfVPVa2EGhuP\nkYQseHrpwp/aORlXt4xRo9fB7Q1HcJ3toG/lFh0zHSVGSP7KjkNQUgf/HSrCsEJQ\nOR6ibzl6lQCnPi6OogBkraE66kVsTbkQLzJ/6q11rM5WEBNr9iM5k6UwtuoCXoHV\nvLHLeGlzxBHex9MQKfvbzlFPlUxLJPNcdHnGjKd0DEnOnrHJQXUp97KnpIy+NtGm\neLUAEy4DdfcU+v4AA0+BTphVTkN1m7fEjdXkH3UCggEAToVFXcas0GrPuZBfVEot\njQ2pKd4ST+imZ2C7MtrAzWYTR7GRdiNQpC0RgpygStrigcn8vUhJf8dYC6yqBVg4\nF7nKbCWnZPjE/D0xqeHLSFqy/MF0Oc6JTWJT1TipdefUFG5iWYiSNIhfoG9Hbds3\nNGd5WEi2ca8WQsJNA+L3VMaxcnF4uDkhQAAxCu+cBOze50k0RFRDm0gHJnI1IepE\nMLTm9AybAQAae8yfn3Ck1dZLszZ8501oJHrZkPVEXSdl9ge0U1IUfquK9DVkZz9R\n9PLBBPueEKqVpj7vLXsUD/joXNaQf66hLuI1rwVE1P8SuVnFD1vd6fI8aWRYwqOx\nGQKCAQBOhStKn6+f734WlZ5qOw8lopiiZPmBcMQVrt2kmlNR5CKOJYA91oW+qAyN\nWXdK6VjWSe5faorRumhDzjoaPWD+4tee0AfB06rBgXy/oiGS+Lg73dHSb/GXFdkm\njvHEw/hlQWzFRx/LLv2WUQo4DOVUisTm1/y+mCmg0uj6nzJJeL7jv9pxzA7ioJq6\nVJayYnYMyatqsCleUpKTY71jmrDx0bhM9wr0kvLK++TMurRH1POXcYb5ehgi1Ag7\nCos6iwBnrWfUngOYtOvJ4+T2so/6F7/7MurhPi9Ns6hzC0KuEqvEB/Q2XtL2qixe\nfPwmKjNfrwDVEyD/CxAP0XcaAu7M\n-----END PRIVATE KEY-----\n",
            "public_key_fingerprint_md5": "57:20:15:b0:57:4e:77:d5:33:ea:f2:6b:6e:bb:25:00",
            "public_key_fingerprint_sha256": "SHA256:6ki/LiB7OM8XZKXuNpEvOPFlrgZpd8uSrUWpVpvMhxw",
            "public_key_openssh": "ssh-rsa AAAAB3NzaC1yc2EAAAADAQABAAACAQCidNllm4mX90hcmEq6b2uUbogRDKvIvKGJ7i2zrg92DhDnDG+/hECrpvguSy1do6PbAcjT6KpjgdvamdXkjVZqbsfE6DP2Rg01M7vhA8U0VF8+8rRKQdmqrK1BEBf1g9m5iekV2Gz23HV/wieM+7oBg6De01rUjTnc4rP0upitu9Mhj/ggVqvNR+lYDFeBAFulO99OdrqLZgSvfMGXbbB/2x1OWWPic7dx2d5eh/bwu4iL/IgfD/cUwOt1PurURWB7bhI5bj7CjgwTtdhI5giQyRgmttNWkrRnvAxtRGUq1zt04asSnqnjjWoXLa65FxyqNt58iY5X3ysS1DRyuitlt5LrLVRnhbXyDYrOuposVPrpg/Pd9Ljbx3+0idaJD8EDspjSPLJN8rdiUq3upE1yviH1T6OxqtaobLcDmxX7PBId3N7TGi582GUwDZKuELxG/INshl8Ra6VsveL/yMWlxG/M8CR9quvxIPmsX1XQ5NRBqC1h/zYZZALcua/cvVX//FmjQSD+7oqO/DLpDghF5cgAZALVU3dXKzTh2KSBzPXZQrYeKdLlKOIy49Cr6P6xPEGPRX6kKiiuR5LrZqCELhkb1hunslAY3QRzUY2FTpeQ7bqgFhaY0izP+c3ktlc3t1p3yRhbMTXMYoNYVFTPcTE57WTfVoBqJ8gVVl5uRQ==\n",
            "public_key_pem": "-----BEGIN PUBLIC KEY-----\nMIICIjANBgkqhkiG9w0BAQEFAAOCAg8AMIICCgKCAgEAonTZZZuJl/dIXJhKum9r\nlG6IEQyryLyhie4ts64Pdg4Q5wxvv4RAq6b4LkstXaOj2wHI0+iqY4Hb2pnV5I1W\nam7HxOgz9kYNNTO74QPFNFRfPvK0SkHZqqytQRAX9YPZuYnpFdhs9tx1f8InjPu6\nAYOg3tNa1I053OKz9LqYrbvTIY/4IFarzUfpWAxXgQBbpTvfTna6i2YEr3zBl22w\nf9sdTllj4nO3cdneXof28LuIi/yIHw/3FMDrdT7q1EVge24SOW4+wo4ME7XYSOYI\nkMkYJrbTVpK0Z7wMbURlKtc7dOGrEp6p441qFy2uuRccqjbefImOV98rEtQ0cror\nZbeS6y1UZ4W18g2KzrqaLFT66YPz3fS428d/tInWiQ/BA7KY0jyyTfK3YlKt7qRN\ncr4h9U+jsarWqGy3A5sV+zwSHdze0xoufNhlMA2SrhC8RvyDbIZfEWulbL3i/8jF\npcRvzPAkfarr8SD5rF9V0OTUQagtYf82GWQC3Lmv3L1V//xZo0Eg/u6Kjvwy6Q4I\nReXIAGQC1VN3Vys04dikgcz12UK2HinS5SjiMuPQq+j+sTxBj0V+pCoorkeS62ag\nhC4ZG9Ybp7JQGN0Ec1GNhU6XkO26oBYWmNIsz/nN5LZXN7dad8kYWzE1zGKDWFRU\nz3ExOe1k31aAaifIFVZebkUCAwEAAQ==\n-----END PUBLIC KEY-----\n",
            "rsa_bits": 4096
          },
          "sensitive_attributes": []
        }
      ]
    }
  ],
  "check_results": null
}
