{
  "version": 4,
  "terraform_version": "1.6.5",
  "serial": 29,
  "lineage": "17c0b476-c8d8-e4e3-9348-6e32b07c16ee",
  "outputs": {},
  "resources": [
    {
      "mode": "data",
      "type": "aws_route_table",
      "name": "sulaiman_route",
      "provider": "provider[\"registry.terraform.io/hashicorp/aws\"]",
      "instances": []
    },
    {
      "mode": "managed",
      "type": "aws_internet_gateway",
      "name": "sulaiman_igw",
      "provider": "provider[\"registry.terraform.io/hashicorp/aws\"]",
      "instances": [
        {
          "schema_version": 0,
          "attributes": {
            "arn": "arn:aws:ec2:eu-west-3:682390094476:internet-gateway/igw-02791a3f2d318b716",
            "id": "igw-02791a3f2d318b716",
            "owner_id": "682390094476",
            "tags": null,
            "tags_all": {},
            "timeouts": null,
            "vpc_id": "vpc-00476299188dd70ec"
          },
          "sensitive_attributes": [],
          "private": "eyJlMmJmYjczMC1lY2FhLTExZTYtOGY4OC0zNDM2M2JjN2M0YzAiOnsiY3JlYXRlIjoxMjAwMDAwMDAwMDAwLCJkZWxldGUiOjEyMDAwMDAwMDAwMDAsInVwZGF0ZSI6MTIwMDAwMDAwMDAwMH19",
          "dependencies": [
            "aws_vpc.sulaiman_vpc"
          ]
        }
      ]
    },
    {
      "mode": "managed",
      "type": "aws_key_pair",
      "name": "myawskey",
      "provider": "provider[\"registry.terraform.io/hashicorp/aws\"]",
      "instances": [
        {
          "schema_version": 1,
          "attributes": {
            "arn": "arn:aws:ec2:eu-west-3:682390094476:key-pair/awskey",
            "fingerprint": "05:dc:3c:87:17:58:85:6f:a3:85:7f:cb:b9:22:df:25",
            "id": "awskey",
            "key_name": "awskey",
            "key_name_prefix": "",
            "key_pair_id": "key-03f2f015fe239f078",
            "key_type": "rsa",
            "public_key": "ssh-rsa AAAAB3NzaC1yc2EAAAADAQABAAACAQCqE1hw4ThhehnvRjwRzSSeHxTlfkxI1VmqBoVMANkIhIYcb10bLqbkM/c4MbsiFdqajAmPNN4QmkoyBxhPgap0Qgn/ohVjsLQ+7zxi0BdnP7RC5KEpDFyN2gyBQ0q8jZk1nJgim061j5x262I3dg5YmPGaEf1ko77Nbx/yNci3mJkWC92vdZXUPG4mCiPP7fZgdhLcLXW8FJI1/9oK/V7Ja49nCO4SxGToJPQeKk6B4kU5nv37oQ5xJ+MkGLjblFebcCa07QabHuu5XQvKNi0C+Ru00dV0hj7+3Ku0KEjNescn3kpxZIDmV7gTGriVtQ9gzkYX41FqQpYIp4r80Xz/4BVN3oBLUJ5NQQNpEui1GCkAYtPLo88pfTaUdfYzrF25+F6n2V/I9ICKVW8qckIQsWcNM3RegeMJpaPYjr9akvH6m4n0HwJJFQcbSzgTn6DoJ8+nAqodsruOa6V8beIO4BgYn7hgb/0vWCzpcv0k9oVKacbvXjdKLErjgHzzp8khxTEWfwAaPmE2ahWv7ZcN8itH6L4RTG6eS7fvmcdWv6gcd5ueuk1hm61Fm8mEBuNCiJqGVVB5CwjEGxRUAtoSdK3Qp2aEEaz91SE+ZEtDMXa2NWpwfp/sqUxBBJImEFwU9VdzfCoe0BdLkBs0sr+p7n8582sv92dBaA68lziB/Q== sulaiman@master-node",
            "tags": null,
            "tags_all": {}
          },
          "sensitive_attributes": [],
          "private": "eyJzY2hlbWFfdmVyc2lvbiI6IjEifQ=="
        }
      ]
    },
    {
      "mode": "managed",
      "type": "aws_security_group",
      "name": "sulaiman_sg",
      "provider": "provider[\"registry.terraform.io/hashicorp/aws\"]",
      "instances": [
        {
          "schema_version": 1,
          "attributes": {
            "arn": "arn:aws:ec2:eu-west-3:682390094476:security-group/sg-0f44bfa3e13e28c75",
            "description": "Managed by Terraform",
            "egress": [
              {
                "cidr_blocks": [
                  "0.0.0.0/0"
                ],
                "description": "",
                "from_port": 0,
                "ipv6_cidr_blocks": [],
                "prefix_list_ids": [],
                "protocol": "-1",
                "security_groups": [],
                "self": false,
                "to_port": 0
              }
            ],
            "id": "sg-0f44bfa3e13e28c75",
            "ingress": [
              {
                "cidr_blocks": [
                  "0.0.0.0/0"
                ],
                "description": "allow SSH from anywhere",
                "from_port": 22,
                "ipv6_cidr_blocks": [],
                "prefix_list_ids": [],
                "protocol": "tcp",
                "security_groups": [],
                "self": false,
                "to_port": 22
              }
            ],
            "name": "sulaiman_ssh",
            "name_prefix": "",
            "owner_id": "682390094476",
            "revoke_rules_on_delete": false,
            "tags": null,
            "tags_all": {},
            "timeouts": null,
            "vpc_id": "vpc-00476299188dd70ec"
          },
          "sensitive_attributes": [],
          "private": "eyJlMmJmYjczMC1lY2FhLTExZTYtOGY4OC0zNDM2M2JjN2M0YzAiOnsiY3JlYXRlIjo2MDAwMDAwMDAwMDAsImRlbGV0ZSI6OTAwMDAwMDAwMDAwfSwic2NoZW1hX3ZlcnNpb24iOiIxIn0=",
          "dependencies": [
            "aws_vpc.sulaiman_vpc"
          ]
        }
      ]
    },
    {
      "mode": "managed",
      "type": "aws_subnet",
      "name": "sulaiman_subnet",
      "provider": "provider[\"registry.terraform.io/hashicorp/aws\"]",
      "instances": [
        {
          "schema_version": 1,
          "attributes": {
            "arn": "arn:aws:ec2:eu-west-3:682390094476:subnet/subnet-0c91637fbd07db9bc",
            "assign_ipv6_address_on_creation": false,
            "availability_zone": "eu-west-3a",
            "availability_zone_id": "euw3-az1",
            "cidr_block": "192.168.1.0/24",
            "customer_owned_ipv4_pool": "",
            "enable_dns64": false,
            "enable_lni_at_device_index": 0,
            "enable_resource_name_dns_a_record_on_launch": false,
            "enable_resource_name_dns_aaaa_record_on_launch": false,
            "id": "subnet-0c91637fbd07db9bc",
            "ipv6_cidr_block": "",
            "ipv6_cidr_block_association_id": "",
            "ipv6_native": false,
            "map_customer_owned_ip_on_launch": false,
            "map_public_ip_on_launch": false,
            "outpost_arn": "",
            "owner_id": "682390094476",
            "private_dns_hostname_type_on_launch": "ip-name",
            "tags": null,
            "tags_all": {},
            "timeouts": null,
            "vpc_id": "vpc-00476299188dd70ec"
          },
          "sensitive_attributes": [],
          "private": "eyJlMmJmYjczMC1lY2FhLTExZTYtOGY4OC0zNDM2M2JjN2M0YzAiOnsiY3JlYXRlIjo2MDAwMDAwMDAwMDAsImRlbGV0ZSI6MTIwMDAwMDAwMDAwMH0sInNjaGVtYV92ZXJzaW9uIjoiMSJ9",
          "dependencies": [
            "aws_vpc.sulaiman_vpc"
          ]
        }
      ]
    },
    {
      "mode": "managed",
      "type": "aws_vpc",
      "name": "sulaiman_vpc",
      "provider": "provider[\"registry.terraform.io/hashicorp/aws\"]",
      "instances": [
        {
          "schema_version": 1,
          "attributes": {
            "arn": "arn:aws:ec2:eu-west-3:682390094476:vpc/vpc-00476299188dd70ec",
            "assign_generated_ipv6_cidr_block": false,
            "cidr_block": "192.168.0.0/16",
            "default_network_acl_id": "acl-04d103afe6e41ed9e",
            "default_route_table_id": "rtb-03353209b7f5ac864",
            "default_security_group_id": "sg-0a21665fd4fa0205d",
            "dhcp_options_id": "dopt-013af424c023c78d3",
            "enable_classiclink": false,
            "enable_classiclink_dns_support": false,
            "enable_dns_hostnames": false,
            "enable_dns_support": true,
            "enable_network_address_usage_metrics": false,
            "id": "vpc-00476299188dd70ec",
            "instance_tenancy": "default",
            "ipv4_ipam_pool_id": null,
            "ipv4_netmask_length": null,
            "ipv6_association_id": "",
            "ipv6_cidr_block": "",
            "ipv6_cidr_block_network_border_group": "",
            "ipv6_ipam_pool_id": "",
            "ipv6_netmask_length": 0,
            "main_route_table_id": "rtb-03353209b7f5ac864",
            "owner_id": "682390094476",
            "tags": {
              "Name": "sulaiman_vpc"
            },
            "tags_all": {
              "Name": "sulaiman_vpc"
            }
          },
          "sensitive_attributes": [],
          "private": "eyJzY2hlbWFfdmVyc2lvbiI6IjEifQ=="
        }
      ]
    }
  ],
  "check_results": null
}
