{
  "version": 4,
  "terraform_version": "1.6.5",
  "serial": 196,
  "lineage": "17c0b476-c8d8-e4e3-9348-6e32b07c16ee",
  "outputs": {},
  "resources": [
    {
      "mode": "managed",
      "type": "aws_instance",
      "name": "control_node",
      "provider": "provider[\"registry.terraform.io/hashicorp/aws\"]",
      "instances": [
        {
          "schema_version": 1,
          "attributes": {
            "ami": "ami-0302f42a44bf53a45",
            "arn": "arn:aws:ec2:eu-west-3:682390094476:instance/i-003158a36651aaae3",
            "associate_public_ip_address": true,
            "availability_zone": "eu-west-3a",
            "capacity_reservation_specification": [
              {
                "capacity_reservation_preference": "open",
                "capacity_reservation_target": []
              }
            ],
            "cpu_core_count": 1,
            "cpu_options": [
              {
                "amd_sev_snp": "",
                "core_count": 1,
                "threads_per_core": 1
              }
            ],
            "cpu_threads_per_core": 1,
            "credit_specification": [
              {
                "cpu_credits": "standard"
              }
            ],
            "disable_api_stop": false,
            "disable_api_termination": false,
            "ebs_block_device": [],
            "ebs_optimized": false,
            "enclave_options": [
              {
                "enabled": false
              }
            ],
            "ephemeral_block_device": [],
            "get_password_data": false,
            "hibernation": false,
            "host_id": "",
            "host_resource_group_arn": null,
            "iam_instance_profile": "",
            "id": "i-003158a36651aaae3",
            "instance_initiated_shutdown_behavior": "stop",
            "instance_state": "running",
            "instance_type": "t2.micro",
            "ipv6_address_count": 0,
            "ipv6_addresses": [],
            "key_name": "myawskey",
            "launch_template": [],
            "maintenance_options": [
              {
                "auto_recovery": "default"
              }
            ],
            "metadata_options": [
              {
                "http_endpoint": "enabled",
                "http_put_response_hop_limit": 2,
                "http_tokens": "required",
                "instance_metadata_tags": "disabled"
              }
            ],
            "monitoring": false,
            "network_interface": [],
            "outpost_arn": "",
            "password_data": "",
            "placement_group": "",
            "placement_partition_number": 0,
            "primary_network_interface_id": "eni-07e8874577d6ef67c",
            "private_dns": "ip-10-0-1-106.eu-west-3.compute.internal",
            "private_dns_name_options": [
              {
                "enable_resource_name_dns_a_record": false,
                "enable_resource_name_dns_aaaa_record": false,
                "hostname_type": "ip-name"
              }
            ],
            "private_ip": "10.0.1.106",
            "public_dns": "",
            "public_ip": "15.237.189.96",
            "root_block_device": [
              {
                "delete_on_termination": true,
                "device_name": "/dev/xvda",
                "encrypted": false,
                "iops": 3000,
                "kms_key_id": "",
                "tags": {},
                "throughput": 125,
                "volume_id": "vol-01431344e58c2da7c",
                "volume_size": 8,
                "volume_type": "gp3"
              }
            ],
            "secondary_private_ips": [],
            "security_groups": [],
            "source_dest_check": true,
            "subnet_id": "subnet-0a9903725add80356",
            "tags": {
              "Name": "sulaiman-control-node",
              "Type": "control-node"
            },
            "tags_all": {
              "Name": "sulaiman-control-node",
              "Type": "control-node"
            },
            "tenancy": "default",
            "timeouts": null,
            "user_data": "cf89a79060ea9e2d12e4bdb5b357e74a15d37529",
            "user_data_base64": null,
            "user_data_replace_on_change": false,
            "volume_tags": null,
            "vpc_security_group_ids": [
              "sg-0a73515812964f67c"
            ]
          },
          "sensitive_attributes": [],
          "private": "eyJlMmJmYjczMC1lY2FhLTExZTYtOGY4OC0zNDM2M2JjN2M0YzAiOnsiY3JlYXRlIjo2MDAwMDAwMDAwMDAsImRlbGV0ZSI6MTIwMDAwMDAwMDAwMCwidXBkYXRlIjo2MDAwMDAwMDAwMDB9LCJzY2hlbWFfdmVyc2lvbiI6IjEifQ==",
          "dependencies": [
            "aws_key_pair.myawskey",
            "aws_security_group.sulaiman_web_sg",
            "aws_subnet.sulaiman_public_subnet",
            "aws_vpc.sulaiman_vpc",
            "tls_private_key.mypem"
          ]
        }
      ]
    },
    {
      "mode": "managed",
      "type": "aws_instance",
      "name": "managed_node",
      "provider": "provider[\"registry.terraform.io/hashicorp/aws\"]",
      "instances": [
        {
          "index_key": 0,
          "schema_version": 1,
          "attributes": {
            "ami": "ami-0302f42a44bf53a45",
            "arn": "arn:aws:ec2:eu-west-3:682390094476:instance/i-0a06c184e85a50d2a",
            "associate_public_ip_address": false,
            "availability_zone": "eu-west-3a",
            "capacity_reservation_specification": [
              {
                "capacity_reservation_preference": "open",
                "capacity_reservation_target": []
              }
            ],
            "cpu_core_count": 1,
            "cpu_options": [
              {
                "amd_sev_snp": "",
                "core_count": 1,
                "threads_per_core": 1
              }
            ],
            "cpu_threads_per_core": 1,
            "credit_specification": [
              {
                "cpu_credits": "standard"
              }
            ],
            "disable_api_stop": false,
            "disable_api_termination": false,
            "ebs_block_device": [],
            "ebs_optimized": false,
            "enclave_options": [
              {
                "enabled": false
              }
            ],
            "ephemeral_block_device": [],
            "get_password_data": false,
            "hibernation": false,
            "host_id": "",
            "host_resource_group_arn": null,
            "iam_instance_profile": "",
            "id": "i-0a06c184e85a50d2a",
            "instance_initiated_shutdown_behavior": "stop",
            "instance_state": "running",
            "instance_type": "t2.micro",
            "ipv6_address_count": 0,
            "ipv6_addresses": [],
            "key_name": "myawskey",
            "launch_template": [],
            "maintenance_options": [
              {
                "auto_recovery": "default"
              }
            ],
            "metadata_options": [
              {
                "http_endpoint": "enabled",
                "http_put_response_hop_limit": 2,
                "http_tokens": "required",
                "instance_metadata_tags": "disabled"
              }
            ],
            "monitoring": false,
            "network_interface": [],
            "outpost_arn": "",
            "password_data": "",
            "placement_group": "",
            "placement_partition_number": 0,
            "primary_network_interface_id": "eni-09c4f7c72412da1b3",
            "private_dns": "ip-10-0-2-197.eu-west-3.compute.internal",
            "private_dns_name_options": [
              {
                "enable_resource_name_dns_a_record": false,
                "enable_resource_name_dns_aaaa_record": false,
                "hostname_type": "ip-name"
              }
            ],
            "private_ip": "10.0.2.197",
            "public_dns": "",
            "public_ip": "",
            "root_block_device": [
              {
                "delete_on_termination": true,
                "device_name": "/dev/xvda",
                "encrypted": false,
                "iops": 3000,
                "kms_key_id": "",
                "tags": {},
                "throughput": 125,
                "volume_id": "vol-0c5190230080bd205",
                "volume_size": 8,
                "volume_type": "gp3"
              }
            ],
            "secondary_private_ips": [],
            "security_groups": [],
            "source_dest_check": true,
            "subnet_id": "subnet-04db552de726d820e",
            "tags": {
              "Name": "sulaiman-managed-node-1",
              "Type": "managed-node"
            },
            "tags_all": {
              "Name": "sulaiman-managed-node-1",
              "Type": "managed-node"
            },
            "tenancy": "default",
            "timeouts": null,
            "user_data": null,
            "user_data_base64": null,
            "user_data_replace_on_change": false,
            "volume_tags": null,
            "vpc_security_group_ids": [
              "sg-0532b66eca6f6d7e9"
            ]
          },
          "sensitive_attributes": [],
          "private": "eyJlMmJmYjczMC1lY2FhLTExZTYtOGY4OC0zNDM2M2JjN2M0YzAiOnsiY3JlYXRlIjo2MDAwMDAwMDAwMDAsImRlbGV0ZSI6MTIwMDAwMDAwMDAwMCwidXBkYXRlIjo2MDAwMDAwMDAwMDB9LCJzY2hlbWFfdmVyc2lvbiI6IjEifQ==",
          "dependencies": [
            "aws_key_pair.myawskey",
            "aws_security_group.sulaiman_ssh_sg",
            "aws_subnet.sulaiman_private_subnet",
            "aws_vpc.sulaiman_vpc",
            "tls_private_key.mypem"
          ]
        },
        {
          "index_key": 1,
          "schema_version": 1,
          "attributes": {
            "ami": "ami-0302f42a44bf53a45",
            "arn": "arn:aws:ec2:eu-west-3:682390094476:instance/i-01cede82e0c81944a",
            "associate_public_ip_address": false,
            "availability_zone": "eu-west-3a",
            "capacity_reservation_specification": [
              {
                "capacity_reservation_preference": "open",
                "capacity_reservation_target": []
              }
            ],
            "cpu_core_count": 1,
            "cpu_options": [
              {
                "amd_sev_snp": "",
                "core_count": 1,
                "threads_per_core": 1
              }
            ],
            "cpu_threads_per_core": 1,
            "credit_specification": [
              {
                "cpu_credits": "standard"
              }
            ],
            "disable_api_stop": false,
            "disable_api_termination": false,
            "ebs_block_device": [],
            "ebs_optimized": false,
            "enclave_options": [
              {
                "enabled": false
              }
            ],
            "ephemeral_block_device": [],
            "get_password_data": false,
            "hibernation": false,
            "host_id": "",
            "host_resource_group_arn": null,
            "iam_instance_profile": "",
            "id": "i-01cede82e0c81944a",
            "instance_initiated_shutdown_behavior": "stop",
            "instance_state": "running",
            "instance_type": "t2.micro",
            "ipv6_address_count": 0,
            "ipv6_addresses": [],
            "key_name": "myawskey",
            "launch_template": [],
            "maintenance_options": [
              {
                "auto_recovery": "default"
              }
            ],
            "metadata_options": [
              {
                "http_endpoint": "enabled",
                "http_put_response_hop_limit": 2,
                "http_tokens": "required",
                "instance_metadata_tags": "disabled"
              }
            ],
            "monitoring": false,
            "network_interface": [],
            "outpost_arn": "",
            "password_data": "",
            "placement_group": "",
            "placement_partition_number": 0,
            "primary_network_interface_id": "eni-01ca4d76cc237a1a6",
            "private_dns": "ip-10-0-2-224.eu-west-3.compute.internal",
            "private_dns_name_options": [
              {
                "enable_resource_name_dns_a_record": false,
                "enable_resource_name_dns_aaaa_record": false,
                "hostname_type": "ip-name"
              }
            ],
            "private_ip": "10.0.2.224",
            "public_dns": "",
            "public_ip": "",
            "root_block_device": [
              {
                "delete_on_termination": true,
                "device_name": "/dev/xvda",
                "encrypted": false,
                "iops": 3000,
                "kms_key_id": "",
                "tags": {},
                "throughput": 125,
                "volume_id": "vol-0066448b80ff625d9",
                "volume_size": 8,
                "volume_type": "gp3"
              }
            ],
            "secondary_private_ips": [],
            "security_groups": [],
            "source_dest_check": true,
            "subnet_id": "subnet-04db552de726d820e",
            "tags": {
              "Name": "sulaiman-managed-node-2",
              "Type": "managed-node"
            },
            "tags_all": {
              "Name": "sulaiman-managed-node-2",
              "Type": "managed-node"
            },
            "tenancy": "default",
            "timeouts": null,
            "user_data": null,
            "user_data_base64": null,
            "user_data_replace_on_change": false,
            "volume_tags": null,
            "vpc_security_group_ids": [
              "sg-0532b66eca6f6d7e9"
            ]
          },
          "sensitive_attributes": [],
          "private": "eyJlMmJmYjczMC1lY2FhLTExZTYtOGY4OC0zNDM2M2JjN2M0YzAiOnsiY3JlYXRlIjo2MDAwMDAwMDAwMDAsImRlbGV0ZSI6MTIwMDAwMDAwMDAwMCwidXBkYXRlIjo2MDAwMDAwMDAwMDB9LCJzY2hlbWFfdmVyc2lvbiI6IjEifQ==",
          "dependencies": [
            "aws_key_pair.myawskey",
            "aws_security_group.sulaiman_ssh_sg",
            "aws_subnet.sulaiman_private_subnet",
            "aws_vpc.sulaiman_vpc",
            "tls_private_key.mypem"
          ]
        }
      ]
    },
    {
      "mode": "managed",
      "type": "aws_internet_gateway",
      "name": "sulaiman_igw",
      "provider": "provider[\"registry.terraform.io/hashicorp/aws\"]",
      "instances": [
        {
          "schema_version": 0,
          "attributes": {
            "arn": "arn:aws:ec2:eu-west-3:682390094476:internet-gateway/igw-0a72332fe6e4c7f32",
            "id": "igw-0a72332fe6e4c7f32",
            "owner_id": "682390094476",
            "tags": {
              "Name": "sulaiman_igw"
            },
            "tags_all": {
              "Name": "sulaiman_igw"
            },
            "timeouts": null,
            "vpc_id": "vpc-0277696873ef7a534"
          },
          "sensitive_attributes": [],
          "private": "eyJlMmJmYjczMC1lY2FhLTExZTYtOGY4OC0zNDM2M2JjN2M0YzAiOnsiY3JlYXRlIjoxMjAwMDAwMDAwMDAwLCJkZWxldGUiOjEyMDAwMDAwMDAwMDAsInVwZGF0ZSI6MTIwMDAwMDAwMDAwMH19",
          "dependencies": [
            "aws_vpc.sulaiman_vpc"
          ]
        }
      ]
    },
    {
      "mode": "managed",
      "type": "aws_key_pair",
      "name": "myawskey",
      "provider": "provider[\"registry.terraform.io/hashicorp/aws\"]",
      "instances": [
        {
          "schema_version": 1,
          "attributes": {
            "arn": "arn:aws:ec2:eu-west-3:682390094476:key-pair/myawskey",
            "fingerprint": "16:87:2b:6c:74:8d:dd:8c:11:07:87:6f:76:e7:4e:c6",
            "id": "myawskey",
            "key_name": "myawskey",
            "key_name_prefix": "",
            "key_pair_id": "key-0b7bd99a337e64bb7",
            "key_type": "rsa",
            "public_key": "ssh-rsa AAAAB3NzaC1yc2EAAAADAQABAAACAQDZwzbGT6o7BuwmPbb1UvKZCSTrytK3w3ArHVlLr0GRHRsk4r3UQuioYuC97G+M5NPsPbw1o25c2OnzVfasKTGTUwqzwM1/Co1Z04dpFm3VlidB9KqnLnrxoZbHIuF+AZhRiyFdSriTKeQQP8ss1u8Sz4yRzjJi9et6NJAi3HzyNXwKPtCaE34ahhQcntPMwn2X49kodqjHGV0udilTqIbq6vrMbRZKrwQKee4b7tiluWKEpT6rLTBSBw8xrOrVsde/6NI3gkeD19REOKYctzfEduPyTakohqQrmQDgVNRCR47l9pLgLPDM/oSBSVkLjLIaHXxcI4GUL1ELyCtC6C/S9iBZTZXrUh6Yu1rwG1aOwRosc8kicdqm1QY/1/TpCj7h/0BGa2LUAXT8ueqTMFAxatPC/4NtlLyudbXJTxseYzwD98fYNRq/FCQr5Gw1mgKuev2dm1pyAmi28V03FU1496HWP5MhP4TWKUVBh1Pu1vRrdT4/drYBbkbPHDoRCWG1mUuvT3XiYSLtSCNvMEXiXvZXmmIbiomovnMafbeziTafFOyHoB3zla4ZENtDx7pPM0apWzR7mTUaW2WaVo4+mc384fQMCx6xwbNYM3oS69BAL4fBT1KOF5pyEtZWYw6jM2KrZgADCahLLDe0yX9ZT31QqMxEbyX9+5rYCfiLHQ==",
            "tags": {},
            "tags_all": {}
          },
          "sensitive_attributes": [],
          "private": "eyJzY2hlbWFfdmVyc2lvbiI6IjEifQ==",
          "dependencies": [
            "tls_private_key.mypem"
          ]
        }
      ]
    },
    {
      "mode": "managed",
      "type": "aws_route_table",
      "name": "sulaiman_public_rt",
      "provider": "provider[\"registry.terraform.io/hashicorp/aws\"]",
      "instances": [
        {
          "schema_version": 0,
          "attributes": {
            "arn": "arn:aws:ec2:eu-west-3:682390094476:route-table/rtb-0e7697b88fa7230fa",
            "id": "rtb-0e7697b88fa7230fa",
            "owner_id": "682390094476",
            "propagating_vgws": [],
            "route": [
              {
                "carrier_gateway_id": "",
                "cidr_block": "",
                "core_network_arn": "",
                "destination_prefix_list_id": "",
                "egress_only_gateway_id": "",
                "gateway_id": "igw-0a72332fe6e4c7f32",
                "instance_id": "",
                "ipv6_cidr_block": "::/0",
                "local_gateway_id": "",
                "nat_gateway_id": "",
                "network_interface_id": "",
                "transit_gateway_id": "",
                "vpc_endpoint_id": "",
                "vpc_peering_connection_id": ""
              },
              {
                "carrier_gateway_id": "",
                "cidr_block": "0.0.0.0/0",
                "core_network_arn": "",
                "destination_prefix_list_id": "",
                "egress_only_gateway_id": "",
                "gateway_id": "igw-0a72332fe6e4c7f32",
                "instance_id": "",
                "ipv6_cidr_block": "",
                "local_gateway_id": "",
                "nat_gateway_id": "",
                "network_interface_id": "",
                "transit_gateway_id": "",
                "vpc_endpoint_id": "",
                "vpc_peering_connection_id": ""
              }
            ],
            "tags": {
              "Name": "sulaiman_public_rt"
            },
            "tags_all": {
              "Name": "sulaiman_public_rt"
            },
            "timeouts": null,
            "vpc_id": "vpc-0277696873ef7a534"
          },
          "sensitive_attributes": [],
          "private": "eyJlMmJmYjczMC1lY2FhLTExZTYtOGY4OC0zNDM2M2JjN2M0YzAiOnsiY3JlYXRlIjozMDAwMDAwMDAwMDAsImRlbGV0ZSI6MzAwMDAwMDAwMDAwLCJ1cGRhdGUiOjEyMDAwMDAwMDAwMH19",
          "dependencies": [
            "aws_internet_gateway.sulaiman_igw",
            "aws_vpc.sulaiman_vpc"
          ]
        }
      ]
    },
    {
      "mode": "managed",
      "type": "aws_route_table_association",
      "name": "sulaiman_public_rta",
      "provider": "provider[\"registry.terraform.io/hashicorp/aws\"]",
      "instances": [
        {
          "schema_version": 0,
          "attributes": {
            "gateway_id": "",
            "id": "rtbassoc-009be824685278623",
            "route_table_id": "rtb-0e7697b88fa7230fa",
            "subnet_id": "subnet-0a9903725add80356",
            "timeouts": null
          },
          "sensitive_attributes": [],
          "private": "eyJlMmJmYjczMC1lY2FhLTExZTYtOGY4OC0zNDM2M2JjN2M0YzAiOnsiY3JlYXRlIjozMDAwMDAwMDAwMDAsImRlbGV0ZSI6MzAwMDAwMDAwMDAwLCJ1cGRhdGUiOjEyMDAwMDAwMDAwMH19",
          "dependencies": [
            "aws_internet_gateway.sulaiman_igw",
            "aws_route_table.sulaiman_public_rt",
            "aws_subnet.sulaiman_public_subnet",
            "aws_vpc.sulaiman_vpc"
          ]
        }
      ]
    },
    {
      "mode": "managed",
      "type": "aws_security_group",
      "name": "sulaiman_ssh_sg",
      "provider": "provider[\"registry.terraform.io/hashicorp/aws\"]",
      "instances": [
        {
          "schema_version": 1,
          "attributes": {
            "arn": "arn:aws:ec2:eu-west-3:682390094476:security-group/sg-0532b66eca6f6d7e9",
            "description": "Allow SSH access",
            "egress": [
              {
                "cidr_blocks": [
                  "0.0.0.0/0"
                ],
                "description": "",
                "from_port": 0,
                "ipv6_cidr_blocks": [],
                "prefix_list_ids": [],
                "protocol": "-1",
                "security_groups": [],
                "self": false,
                "to_port": 0
              }
            ],
            "id": "sg-0532b66eca6f6d7e9",
            "ingress": [
              {
                "cidr_blocks": [
                  "0.0.0.0/0"
                ],
                "description": "SSH from any ip",
                "from_port": 22,
                "ipv6_cidr_blocks": [],
                "prefix_list_ids": [],
                "protocol": "tcp",
                "security_groups": [],
                "self": false,
                "to_port": 22
              }
            ],
            "name": "sulaiman_ssh",
            "name_prefix": "",
            "owner_id": "682390094476",
            "revoke_rules_on_delete": false,
            "tags": {
              "Name": "sulaiman_ssh_sg"
            },
            "tags_all": {
              "Name": "sulaiman_ssh_sg"
            },
            "timeouts": null,
            "vpc_id": "vpc-0277696873ef7a534"
          },
          "sensitive_attributes": [],
          "private": "eyJlMmJmYjczMC1lY2FhLTExZTYtOGY4OC0zNDM2M2JjN2M0YzAiOnsiY3JlYXRlIjo2MDAwMDAwMDAwMDAsImRlbGV0ZSI6OTAwMDAwMDAwMDAwfSwic2NoZW1hX3ZlcnNpb24iOiIxIn0=",
          "dependencies": [
            "aws_vpc.sulaiman_vpc"
          ]
        }
      ]
    },
    {
      "mode": "managed",
      "type": "aws_security_group",
      "name": "sulaiman_web_sg",
      "provider": "provider[\"registry.terraform.io/hashicorp/aws\"]",
      "instances": [
        {
          "schema_version": 1,
          "attributes": {
            "arn": "arn:aws:ec2:eu-west-3:682390094476:security-group/sg-0a73515812964f67c",
            "description": "Allow SSH access",
            "egress": [
              {
                "cidr_blocks": [
                  "0.0.0.0/0"
                ],
                "description": "",
                "from_port": 0,
                "ipv6_cidr_blocks": [],
                "prefix_list_ids": [],
                "protocol": "-1",
                "security_groups": [],
                "self": false,
                "to_port": 0
              }
            ],
            "id": "sg-0a73515812964f67c",
            "ingress": [
              {
                "cidr_blocks": [
                  "0.0.0.0/0"
                ],
                "description": "",
                "from_port": 80,
                "ipv6_cidr_blocks": [],
                "prefix_list_ids": [],
                "protocol": "tcp",
                "security_groups": [],
                "self": false,
                "to_port": 80
              },
              {
                "cidr_blocks": [
                  "0.0.0.0/0"
                ],
                "description": "SSH from any ip",
                "from_port": 22,
                "ipv6_cidr_blocks": [],
                "prefix_list_ids": [],
                "protocol": "tcp",
                "security_groups": [],
                "self": false,
                "to_port": 22
              }
            ],
            "name": "sulaiman_ssh_http",
            "name_prefix": "",
            "owner_id": "682390094476",
            "revoke_rules_on_delete": false,
            "tags": {
              "Name": "sulaiman_web_sg"
            },
            "tags_all": {
              "Name": "sulaiman_web_sg"
            },
            "timeouts": null,
            "vpc_id": "vpc-0277696873ef7a534"
          },
          "sensitive_attributes": [],
          "private": "eyJlMmJmYjczMC1lY2FhLTExZTYtOGY4OC0zNDM2M2JjN2M0YzAiOnsiY3JlYXRlIjo2MDAwMDAwMDAwMDAsImRlbGV0ZSI6OTAwMDAwMDAwMDAwfSwic2NoZW1hX3ZlcnNpb24iOiIxIn0=",
          "dependencies": [
            "aws_vpc.sulaiman_vpc"
          ]
        }
      ]
    },
    {
      "mode": "managed",
      "type": "aws_subnet",
      "name": "sulaiman_private_subnet",
      "provider": "provider[\"registry.terraform.io/hashicorp/aws\"]",
      "instances": [
        {
          "schema_version": 1,
          "attributes": {
            "arn": "arn:aws:ec2:eu-west-3:682390094476:subnet/subnet-04db552de726d820e",
            "assign_ipv6_address_on_creation": false,
            "availability_zone": "eu-west-3a",
            "availability_zone_id": "euw3-az1",
            "cidr_block": "10.0.2.0/24",
            "customer_owned_ipv4_pool": "",
            "enable_dns64": false,
            "enable_lni_at_device_index": 0,
            "enable_resource_name_dns_a_record_on_launch": false,
            "enable_resource_name_dns_aaaa_record_on_launch": false,
            "id": "subnet-04db552de726d820e",
            "ipv6_cidr_block": "",
            "ipv6_cidr_block_association_id": "",
            "ipv6_native": false,
            "map_customer_owned_ip_on_launch": false,
            "map_public_ip_on_launch": false,
            "outpost_arn": "",
            "owner_id": "682390094476",
            "private_dns_hostname_type_on_launch": "ip-name",
            "tags": {
              "Name": "sulaiman_private_subnet"
            },
            "tags_all": {
              "Name": "sulaiman_private_subnet"
            },
            "timeouts": null,
            "vpc_id": "vpc-0277696873ef7a534"
          },
          "sensitive_attributes": [],
          "private": "eyJlMmJmYjczMC1lY2FhLTExZTYtOGY4OC0zNDM2M2JjN2M0YzAiOnsiY3JlYXRlIjo2MDAwMDAwMDAwMDAsImRlbGV0ZSI6MTIwMDAwMDAwMDAwMH0sInNjaGVtYV92ZXJzaW9uIjoiMSJ9",
          "dependencies": [
            "aws_vpc.sulaiman_vpc"
          ]
        }
      ]
    },
    {
      "mode": "managed",
      "type": "aws_subnet",
      "name": "sulaiman_public_subnet",
      "provider": "provider[\"registry.terraform.io/hashicorp/aws\"]",
      "instances": [
        {
          "schema_version": 1,
          "attributes": {
            "arn": "arn:aws:ec2:eu-west-3:682390094476:subnet/subnet-0a9903725add80356",
            "assign_ipv6_address_on_creation": false,
            "availability_zone": "eu-west-3a",
            "availability_zone_id": "euw3-az1",
            "cidr_block": "10.0.1.0/24",
            "customer_owned_ipv4_pool": "",
            "enable_dns64": false,
            "enable_lni_at_device_index": 0,
            "enable_resource_name_dns_a_record_on_launch": false,
            "enable_resource_name_dns_aaaa_record_on_launch": false,
            "id": "subnet-0a9903725add80356",
            "ipv6_cidr_block": "",
            "ipv6_cidr_block_association_id": "",
            "ipv6_native": false,
            "map_customer_owned_ip_on_launch": false,
            "map_public_ip_on_launch": false,
            "outpost_arn": "",
            "owner_id": "682390094476",
            "private_dns_hostname_type_on_launch": "ip-name",
            "tags": {
              "Name": "sulaiman_pub_subnet"
            },
            "tags_all": {
              "Name": "sulaiman_pub_subnet"
            },
            "timeouts": null,
            "vpc_id": "vpc-0277696873ef7a534"
          },
          "sensitive_attributes": [],
          "private": "eyJlMmJmYjczMC1lY2FhLTExZTYtOGY4OC0zNDM2M2JjN2M0YzAiOnsiY3JlYXRlIjo2MDAwMDAwMDAwMDAsImRlbGV0ZSI6MTIwMDAwMDAwMDAwMH0sInNjaGVtYV92ZXJzaW9uIjoiMSJ9",
          "dependencies": [
            "aws_vpc.sulaiman_vpc"
          ]
        }
      ]
    },
    {
      "mode": "managed",
      "type": "aws_vpc",
      "name": "sulaiman_vpc",
      "provider": "provider[\"registry.terraform.io/hashicorp/aws\"]",
      "instances": [
        {
          "schema_version": 1,
          "attributes": {
            "arn": "arn:aws:ec2:eu-west-3:682390094476:vpc/vpc-0277696873ef7a534",
            "assign_generated_ipv6_cidr_block": false,
            "cidr_block": "10.0.0.0/16",
            "default_network_acl_id": "acl-0496e596ae3145bf9",
            "default_route_table_id": "rtb-001f25f6a44e7ce3a",
            "default_security_group_id": "sg-00bea4185b3cb9455",
            "dhcp_options_id": "dopt-013af424c023c78d3",
            "enable_classiclink": false,
            "enable_classiclink_dns_support": false,
            "enable_dns_hostnames": false,
            "enable_dns_support": true,
            "enable_network_address_usage_metrics": false,
            "id": "vpc-0277696873ef7a534",
            "instance_tenancy": "default",
            "ipv4_ipam_pool_id": null,
            "ipv4_netmask_length": null,
            "ipv6_association_id": "",
            "ipv6_cidr_block": "",
            "ipv6_cidr_block_network_border_group": "",
            "ipv6_ipam_pool_id": "",
            "ipv6_netmask_length": 0,
            "main_route_table_id": "rtb-001f25f6a44e7ce3a",
            "owner_id": "682390094476",
            "tags": {
              "Name": "sulaiman_vpc"
            },
            "tags_all": {
              "Name": "sulaiman_vpc"
            }
          },
          "sensitive_attributes": [],
          "private": "eyJzY2hlbWFfdmVyc2lvbiI6IjEifQ=="
        }
      ]
    },
    {
      "mode": "managed",
      "type": "local_file",
      "name": "pem_file",
      "provider": "provider[\"registry.terraform.io/hashicorp/local\"]",
      "instances": [
        {
          "schema_version": 0,
          "attributes": {
            "content": "-----BEGIN RSA PRIVATE KEY-----\nMIIJKgIBAAKCAgEA2cM2xk+qOwbsJj229VLymQkk68rSt8NwKx1ZS69BkR0bJOK9\n1ELoqGLgvexvjOTT7D28NaNuXNjp81X2rCkxk1MKs8DNfwqNWdOHaRZt1ZYnQfSq\npy568aGWxyLhfgGYUYshXUq4kynkED/LLNbvEs+Mkc4yYvXrejSQItx88jV8Cj7Q\nmhN+GoYUHJ7TzMJ9l+PZKHaoxxldLnYpU6iG6ur6zG0WSq8ECnnuG+7YpblihKU+\nqy0wUgcPMazq1bHXv+jSN4JHg9fURDimHLc3xHbj8k2pKIakK5kA4FTUQkeO5faS\n4CzwzP6EgUlZC4yyGh18XCOBlC9RC8grQugv0vYgWU2V61IemLta8BtWjsEaLHPJ\nInHaptUGP9f06Qo+4f9ARmti1AF0/LnqkzBQMWrTwv+DbZS8rnW1yU8bHmM8A/fH\n2DUavxQkK+RsNZoCrnr9nZtacgJotvFdNxVNePeh1j+TIT+E1ilFQYdT7tb0a3U+\nP3a2AW5Gzxw6EQlhtZlLr0914mEi7UgjbzBF4l72V5piG4qJqL5zGn23s4k2nxTs\nh6Ad85WuGRDbQ8e6TzNGqVs0e5k1GltlmlaOPpnN/OH0DAsescGzWDN6EuvQQC+H\nwU9SjheachLWVmMOozNiq2YAAwmoSyw3tMl/WU99UKjMRG8l/fua2An4ix0CAwEA\nAQKCAgAeDroCyYA/wYbbCG22kwp1YTO9cDOBtfJHoTdwIPK16wSSJNH6+HlQtMU8\nseP72KH/282cwcA8BJzWP6lavhzfrvitMxGqVXSJT49DTBtA/gbRLcpYZSwHKjy7\no+7oC6RQrRmf3O55MbEPJR8QQ2KggBFxFrsRucwVBChZB4IflI5Yg68bdVFUq+ke\nwjWN79KSIpsY4LgPM0sPXLP7nilxR5nymaQYDuxJ3eal6GPzDBGzKXPrAMPIrrzE\nKJAJixCypppNmyfv5Nyhxgf3srp53cc87MdKlrsWYXojfNIHjAUHbO99Dfb29LKp\nfcxSscrrm+JMfYInSBixvaFrDM182dhYusWOEUyyjaHrI9bfT+x9mrkFOmhyDKyu\nSv2eJUMxhNOwoM3472ZenVG/BTaCt2NZVohhJ0UxhtRWQQ5wfOfHOsBeQYn1cSsW\nJQiz9EbWoSb8hXiZ2nEWozmTeKVNbjSXxk8Ud8Sv2SBwgEN7QPnu2/Bg5yFojn78\nJpvF731A5bkKev2cyUQu66qkL58kF/iYst6r5DLsKBdaoK96WEYb3QquUdVfLUS9\nSWn/uggGeKpk4SEFo2TADxhtsjGUbA6SBxCD171YGSFg2yUOQ6En+4NjevL9L54h\nhw/zPdlDBsBUBoUaKtUz2vMynQGSM+dhLzjQ2mJywFkOez+YKQKCAQEA6MhNfHUQ\n0fJBMEW0E8b4SSS2kssIF91LsFliudonKW8IIJlCJDyUCHoofaI3ss3lD6eOg6Yd\nAWYrZVXaJgxkgV2fsR3aDA3JUuQQJ6zr+qySltdftdMNxF7tkbySR8m44jjqsDnf\n/YxwKK7wbFkzrgJIzfenS82fGlyvUdXT19kXTEHU9d3k+hNT3EqoFPOlqEMQUQH7\nR35SSSpvMstILtmi2wH+FL9ZZpapCue7/Ei2TE3g/IrmgPgqzMBgZiQW83buReWC\nwU9pSxS+Xs9m5KHg8OAcHImy0sGxq3XY9Q3TMGNsCl58geZ7OeXZsyHy5jOXQPE1\nkFYNX3ACAqIzfwKCAQEA73tnlv4T3lVTAYhWEnv4wnMRflJhketYKxtgGS7Rawv+\ni7Mk+n8eXsP7zrITaW3spipREesFTte00HpHapSKW2/nzGuXb0jfBsvfSRcaKgog\na2BvdwPCkHopsnu4mzt4cUU01LcwMnxmSmKJ6VeRbt6OerJkkArcsubStqP0bWHk\nruakaN97QVaR5dTR6Oj4T1R0hlng5v2EcebYO0yNi9GFG60zjhhVZbZpACRJekl0\nNMWSq5WGQPqPV53nD0gtfWP1mlfrmDkhAABnyCkh2VoT8sXI5zX6Crz8QJ73okl2\nMBGQU/VGAjMpbRxwKjngvOW9EVCdA7wni7PImx3fYwKCAQEAnb6W278M3ei3ijnB\n9SEBQbeyTTluy5U35FI+V8lgfnByZnzU2G+AtVnqtHBIJE/oaLpYFhhsUXVl9O6/\nvMbrGMtUGxcqmr6A7j4EQI6q/x0Q3U0n27QhATB+9yJ9Uk59jjeZukAN7OjNXJRn\n8lRkdAeyRHkNko3NwnSKjf9D5mKDqjZ2VQLAV0LfskmZK1GMscB4fxzDpkgRBOnP\nnvEogi8TcCwifPbKY323Id+1gRnZB05DJ4ANAdqqTkQTT0QnlWbDwvPrroncxXdS\nJjeP92FHaJPGGQSq/K0rdBCRLEbpFUJahZBP+UsxuCNtajmYO608U1LhxGS7/S+O\n/S/jiwKCAQEAqBzjDVXzMKKJEIxaj8NDT41jfF/sanjhffFLtqHtFM5otDzf+pD+\nCtxdii3r/pjSBZuzKXboVP6LycXtGF6J+cJG4HOu7Mok9ipr5m03SsetFnOuC8gx\n7yYy2z6Kyz4mQK2qdqDaTraRQCqIUavNRh0pu+w7N/rIDzaGOPxDe/26gSUbyRsI\n9UcGSGbrrCrPFTFeU2oIvV6+eQ7qQEZvHvXIETO2+0sNt8cjUpwmkJe74cfIPHdM\ntZSux3zrVQkAFgPzx5NsqYGBLvUZ5aMqReA8HLLHY7e6fYtJMTvm7p/PPdM2lBmc\nObMco6HRA3N51mEYJm2Gq7aLtEBS1MFVrQKCAQEAvqvqcUKH2rPIssL0gBZBQd1R\nbdWTLoZGlEAxVBzeBSCz4W1RWhmeMiC2YgPuBRVWeODM+8GgAT5OwSeTvXJ9/HJq\nRyjOM9e/RL/Z+VvJLh+0W6TpeMjsxxoyq17MR1Fxo9SQVGtlddHG/V3IhlD/JGVr\nxTYp+dL+9xX2O3kvmKJWa8DfHSBGX0btCMorubW5xTZICPZh2yNzV0n5lGOONh18\nf5tsVDCJF2+58jtWAJPnt/XLa6+19ARloIupcQGmb0rH+fsYG7FczTTd67lm01+8\nad6eRjV0Y6VzCSbhlbzsfXh2fdBa3w7DAEhRLXmBZuynYklNSMmiB+1hn6tusw==\n-----END RSA PRIVATE KEY-----\n",
            "content_base64": null,
            "content_base64sha256": "USan0SQgKKxcXaz/5FF1QFNpQ6GSNM3ooW1EfkCIojk=",
            "content_base64sha512": "r0/sJylRffMsM0RsJfrIS7ksujpsO7fQvN2GQSreP6M0lYxG0lEXSSZETpqCaMsZc6idH7CmiEDT/+nWzEJLQA==",
            "content_md5": "e3a57a9433686cce8137dda3c0791347",
            "content_sha1": "2372fa2b42a504fdf9e1570f0ac637d72647e933",
            "content_sha256": "5126a7d1242028ac5c5dacffe4517540536943a19234cde8a16d447e4088a239",
            "content_sha512": "af4fec2729517df32c33446c25fac84bb92cba3a6c3bb7d0bcdd86412ade3fa334958c46d251174926444e9a8268cb1973a89d1fb0a68840d3ffe9d6cc424b40",
            "directory_permission": "0700",
            "file_permission": "0600",
            "filename": "C:\\Users\\sulai\\.ssh\\MyawsKey.pem",
            "id": "2372fa2b42a504fdf9e1570f0ac637d72647e933",
            "sensitive_content": null,
            "source": null
          },
          "sensitive_attributes": [
            [
              {
                "type": "get_attr",
                "value": "content"
              }
            ]
          ],
          "dependencies": [
            "tls_private_key.mypem"
          ]
        }
      ]
    },
    {
      "mode": "managed",
      "type": "tls_private_key",
      "name": "mypem",
      "provider": "provider[\"registry.terraform.io/hashicorp/tls\"]",
      "instances": [
        {
          "schema_version": 1,
          "attributes": {
            "algorithm": "RSA",
            "ecdsa_curve": "P224",
            "id": "d03c0f9c8452b7c1d9ad8bedb587acaaf165ebd3",
            "private_key_openssh": "-----BEGIN OPENSSH PRIVATE KEY-----\nb3BlbnNzaC1rZXktdjEAAAAABG5vbmUAAAAEbm9uZQAAAAAAAAABAAACFwAAAAdz\nc2gtcnNhAAAAAwEAAQAAAgEA2cM2xk+qOwbsJj229VLymQkk68rSt8NwKx1ZS69B\nkR0bJOK91ELoqGLgvexvjOTT7D28NaNuXNjp81X2rCkxk1MKs8DNfwqNWdOHaRZt\n1ZYnQfSqpy568aGWxyLhfgGYUYshXUq4kynkED/LLNbvEs+Mkc4yYvXrejSQItx8\n8jV8Cj7QmhN+GoYUHJ7TzMJ9l+PZKHaoxxldLnYpU6iG6ur6zG0WSq8ECnnuG+7Y\npblihKU+qy0wUgcPMazq1bHXv+jSN4JHg9fURDimHLc3xHbj8k2pKIakK5kA4FTU\nQkeO5faS4CzwzP6EgUlZC4yyGh18XCOBlC9RC8grQugv0vYgWU2V61IemLta8BtW\njsEaLHPJInHaptUGP9f06Qo+4f9ARmti1AF0/LnqkzBQMWrTwv+DbZS8rnW1yU8b\nHmM8A/fH2DUavxQkK+RsNZoCrnr9nZtacgJotvFdNxVNePeh1j+TIT+E1ilFQYdT\n7tb0a3U+P3a2AW5Gzxw6EQlhtZlLr0914mEi7UgjbzBF4l72V5piG4qJqL5zGn23\ns4k2nxTsh6Ad85WuGRDbQ8e6TzNGqVs0e5k1GltlmlaOPpnN/OH0DAsescGzWDN6\nEuvQQC+HwU9SjheachLWVmMOozNiq2YAAwmoSyw3tMl/WU99UKjMRG8l/fua2An4\nix0AAAc4zcyVFM3MlRQAAAAHc3NoLXJzYQAAAgEA2cM2xk+qOwbsJj229VLymQkk\n68rSt8NwKx1ZS69BkR0bJOK91ELoqGLgvexvjOTT7D28NaNuXNjp81X2rCkxk1MK\ns8DNfwqNWdOHaRZt1ZYnQfSqpy568aGWxyLhfgGYUYshXUq4kynkED/LLNbvEs+M\nkc4yYvXrejSQItx88jV8Cj7QmhN+GoYUHJ7TzMJ9l+PZKHaoxxldLnYpU6iG6ur6\nzG0WSq8ECnnuG+7YpblihKU+qy0wUgcPMazq1bHXv+jSN4JHg9fURDimHLc3xHbj\n8k2pKIakK5kA4FTUQkeO5faS4CzwzP6EgUlZC4yyGh18XCOBlC9RC8grQugv0vYg\nWU2V61IemLta8BtWjsEaLHPJInHaptUGP9f06Qo+4f9ARmti1AF0/LnqkzBQMWrT\nwv+DbZS8rnW1yU8bHmM8A/fH2DUavxQkK+RsNZoCrnr9nZtacgJotvFdNxVNePeh\n1j+TIT+E1ilFQYdT7tb0a3U+P3a2AW5Gzxw6EQlhtZlLr0914mEi7UgjbzBF4l72\nV5piG4qJqL5zGn23s4k2nxTsh6Ad85WuGRDbQ8e6TzNGqVs0e5k1GltlmlaOPpnN\n/OH0DAsescGzWDN6EuvQQC+HwU9SjheachLWVmMOozNiq2YAAwmoSyw3tMl/WU99\nUKjMRG8l/fua2An4ix0AAAADAQABAAACAB4OugLJgD/BhtsIbbaTCnVhM71wM4G1\n8kehN3Ag8rXrBJIk0fr4eVC0xTyx4/vYof/bzZzBwDwEnNY/qVq+HN+u+K0zEapV\ndIlPj0NMG0D+BtEtylhlLAcqPLuj7ugLpFCtGZ/c7nkxsQ8lHxBDYqCAEXEWuxG5\nzBUEKFkHgh+UjliDrxt1UVSr6R7CNY3v0pIimxjguA8zSw9cs/ueKXFHmfKZpBgO\n7End5qXoY/MMEbMpc+sAw8iuvMQokAmLELKmmk2bJ+/k3KHGB/eyunndxzzsx0qW\nuxZheiN80geMBQds730N9vb0sql9zFKxyuub4kx9gidIGLG9oWsMzXzZ2Fi6xY4R\nTLKNoesj1t9P7H2auQU6aHIMrK5K/Z4lQzGE07CgzfjvZl6dUb8FNoK3Y1lWiGEn\nRTGG1FZBDnB858c6wF5BifVxKxYlCLP0RtahJvyFeJnacRajOZN4pU1uNJfGTxR3\nxK/ZIHCAQ3tA+e7b8GDnIWiOfvwmm8XvfUDluQp6/ZzJRC7rqqQvnyQX+Jiy3qvk\nMuwoF1qgr3pYRhvdCq5R1V8tRL1Jaf+6CAZ4qmThIQWjZMAPGG2yMZRsDpIHEIPX\nvVgZIWDbJQ5DoSf7g2N68v0vniGHD/M92UMGwFQGhRoq1TPa8zKdAZIz52EvONDa\nYnLAWQ57P5gpAAABAQC+q+pxQofas8iywvSAFkFB3VFt1ZMuhkaUQDFUHN4FILPh\nbVFaGZ4yILZiA+4FFVZ44Mz7waABPk7BJ5O9cn38cmpHKM4z179Ev9n5W8kuH7Rb\npOl4yOzHGjKrXsxHUXGj1JBUa2V10cb9XciGUP8kZWvFNin50v73FfY7eS+YolZr\nwN8dIEZfRu0Iyiu5tbnFNkgI9mHbI3NXSfmUY442HXx/m2xUMIkXb7nyO1YAk+e3\n9ctrr7X0BGWgi6lxAaZvSsf5+xgbsVzNNN3ruWbTX7xp3p5GNXRjpXMJJuGVvOx9\neHZ90FrfDsMASFEteYFm7KdiSU1IyaIH7WGfq26zAAABAQDoyE18dRDR8kEwRbQT\nxvhJJLaSywgX3UuwWWK52icpbwggmUIkPJQIeih9ojeyzeUPp46Dph0BZitlVdom\nDGSBXZ+xHdoMDclS5BAnrOv6rJKW11+10w3EXu2RvJJHybjiOOqwOd/9jHAorvBs\nWTOuAkjN96dLzZ8aXK9R1dPX2RdMQdT13eT6E1PcSqgU86WoQxBRAftHflJJKm8y\ny0gu2aLbAf4Uv1lmlqkK57v8SLZMTeD8iuaA+CrMwGBmJBbzdu5F5YLBT2lLFL5e\nz2bkoeDw4BwcibLSwbGrddj1DdMwY2wKXnyB5ns55dmzIfLmM5dA8TWQVg1fcAIC\nojN/AAABAQDve2eW/hPeVVMBiFYSe/jCcxF+UmGR61grG2AZLtFrC/6LsyT6fx5e\nw/vOshNpbeymKlER6wVO17TQekdqlIpbb+fMa5dvSN8Gy99JFxoqCiBrYG93A8KQ\neimye7ibO3hxRTTUtzAyfGZKYonpV5Fu3o56smSQCtyy5tK2o/RtYeSu5qRo33tB\nVpHl1NHo6PhPVHSGWeDm/YRx5tg7TI2L0YUbrTOOGFVltmkAJEl6SXQ0xZKrlYZA\n+o9XnecPSC19Y/WaV+uYOSEAAGfIKSHZWhPyxcjnNfoKvPxAnveiSXYwEZBT9UYC\nMyltHHAqOeC85b0RUJ0DvCeLs8ibHd9jAAAAAAEC\n-----END OPENSSH PRIVATE KEY-----\n",
            "private_key_pem": "-----BEGIN RSA PRIVATE KEY-----\nMIIJKgIBAAKCAgEA2cM2xk+qOwbsJj229VLymQkk68rSt8NwKx1ZS69BkR0bJOK9\n1ELoqGLgvexvjOTT7D28NaNuXNjp81X2rCkxk1MKs8DNfwqNWdOHaRZt1ZYnQfSq\npy568aGWxyLhfgGYUYshXUq4kynkED/LLNbvEs+Mkc4yYvXrejSQItx88jV8Cj7Q\nmhN+GoYUHJ7TzMJ9l+PZKHaoxxldLnYpU6iG6ur6zG0WSq8ECnnuG+7YpblihKU+\nqy0wUgcPMazq1bHXv+jSN4JHg9fURDimHLc3xHbj8k2pKIakK5kA4FTUQkeO5faS\n4CzwzP6EgUlZC4yyGh18XCOBlC9RC8grQugv0vYgWU2V61IemLta8BtWjsEaLHPJ\nInHaptUGP9f06Qo+4f9ARmti1AF0/LnqkzBQMWrTwv+DbZS8rnW1yU8bHmM8A/fH\n2DUavxQkK+RsNZoCrnr9nZtacgJotvFdNxVNePeh1j+TIT+E1ilFQYdT7tb0a3U+\nP3a2AW5Gzxw6EQlhtZlLr0914mEi7UgjbzBF4l72V5piG4qJqL5zGn23s4k2nxTs\nh6Ad85WuGRDbQ8e6TzNGqVs0e5k1GltlmlaOPpnN/OH0DAsescGzWDN6EuvQQC+H\nwU9SjheachLWVmMOozNiq2YAAwmoSyw3tMl/WU99UKjMRG8l/fua2An4ix0CAwEA\nAQKCAgAeDroCyYA/wYbbCG22kwp1YTO9cDOBtfJHoTdwIPK16wSSJNH6+HlQtMU8\nseP72KH/282cwcA8BJzWP6lavhzfrvitMxGqVXSJT49DTBtA/gbRLcpYZSwHKjy7\no+7oC6RQrRmf3O55MbEPJR8QQ2KggBFxFrsRucwVBChZB4IflI5Yg68bdVFUq+ke\nwjWN79KSIpsY4LgPM0sPXLP7nilxR5nymaQYDuxJ3eal6GPzDBGzKXPrAMPIrrzE\nKJAJixCypppNmyfv5Nyhxgf3srp53cc87MdKlrsWYXojfNIHjAUHbO99Dfb29LKp\nfcxSscrrm+JMfYInSBixvaFrDM182dhYusWOEUyyjaHrI9bfT+x9mrkFOmhyDKyu\nSv2eJUMxhNOwoM3472ZenVG/BTaCt2NZVohhJ0UxhtRWQQ5wfOfHOsBeQYn1cSsW\nJQiz9EbWoSb8hXiZ2nEWozmTeKVNbjSXxk8Ud8Sv2SBwgEN7QPnu2/Bg5yFojn78\nJpvF731A5bkKev2cyUQu66qkL58kF/iYst6r5DLsKBdaoK96WEYb3QquUdVfLUS9\nSWn/uggGeKpk4SEFo2TADxhtsjGUbA6SBxCD171YGSFg2yUOQ6En+4NjevL9L54h\nhw/zPdlDBsBUBoUaKtUz2vMynQGSM+dhLzjQ2mJywFkOez+YKQKCAQEA6MhNfHUQ\n0fJBMEW0E8b4SSS2kssIF91LsFliudonKW8IIJlCJDyUCHoofaI3ss3lD6eOg6Yd\nAWYrZVXaJgxkgV2fsR3aDA3JUuQQJ6zr+qySltdftdMNxF7tkbySR8m44jjqsDnf\n/YxwKK7wbFkzrgJIzfenS82fGlyvUdXT19kXTEHU9d3k+hNT3EqoFPOlqEMQUQH7\nR35SSSpvMstILtmi2wH+FL9ZZpapCue7/Ei2TE3g/IrmgPgqzMBgZiQW83buReWC\nwU9pSxS+Xs9m5KHg8OAcHImy0sGxq3XY9Q3TMGNsCl58geZ7OeXZsyHy5jOXQPE1\nkFYNX3ACAqIzfwKCAQEA73tnlv4T3lVTAYhWEnv4wnMRflJhketYKxtgGS7Rawv+\ni7Mk+n8eXsP7zrITaW3spipREesFTte00HpHapSKW2/nzGuXb0jfBsvfSRcaKgog\na2BvdwPCkHopsnu4mzt4cUU01LcwMnxmSmKJ6VeRbt6OerJkkArcsubStqP0bWHk\nruakaN97QVaR5dTR6Oj4T1R0hlng5v2EcebYO0yNi9GFG60zjhhVZbZpACRJekl0\nNMWSq5WGQPqPV53nD0gtfWP1mlfrmDkhAABnyCkh2VoT8sXI5zX6Crz8QJ73okl2\nMBGQU/VGAjMpbRxwKjngvOW9EVCdA7wni7PImx3fYwKCAQEAnb6W278M3ei3ijnB\n9SEBQbeyTTluy5U35FI+V8lgfnByZnzU2G+AtVnqtHBIJE/oaLpYFhhsUXVl9O6/\nvMbrGMtUGxcqmr6A7j4EQI6q/x0Q3U0n27QhATB+9yJ9Uk59jjeZukAN7OjNXJRn\n8lRkdAeyRHkNko3NwnSKjf9D5mKDqjZ2VQLAV0LfskmZK1GMscB4fxzDpkgRBOnP\nnvEogi8TcCwifPbKY323Id+1gRnZB05DJ4ANAdqqTkQTT0QnlWbDwvPrroncxXdS\nJjeP92FHaJPGGQSq/K0rdBCRLEbpFUJahZBP+UsxuCNtajmYO608U1LhxGS7/S+O\n/S/jiwKCAQEAqBzjDVXzMKKJEIxaj8NDT41jfF/sanjhffFLtqHtFM5otDzf+pD+\nCtxdii3r/pjSBZuzKXboVP6LycXtGF6J+cJG4HOu7Mok9ipr5m03SsetFnOuC8gx\n7yYy2z6Kyz4mQK2qdqDaTraRQCqIUavNRh0pu+w7N/rIDzaGOPxDe/26gSUbyRsI\n9UcGSGbrrCrPFTFeU2oIvV6+eQ7qQEZvHvXIETO2+0sNt8cjUpwmkJe74cfIPHdM\ntZSux3zrVQkAFgPzx5NsqYGBLvUZ5aMqReA8HLLHY7e6fYtJMTvm7p/PPdM2lBmc\nObMco6HRA3N51mEYJm2Gq7aLtEBS1MFVrQKCAQEAvqvqcUKH2rPIssL0gBZBQd1R\nbdWTLoZGlEAxVBzeBSCz4W1RWhmeMiC2YgPuBRVWeODM+8GgAT5OwSeTvXJ9/HJq\nRyjOM9e/RL/Z+VvJLh+0W6TpeMjsxxoyq17MR1Fxo9SQVGtlddHG/V3IhlD/JGVr\nxTYp+dL+9xX2O3kvmKJWa8DfHSBGX0btCMorubW5xTZICPZh2yNzV0n5lGOONh18\nf5tsVDCJF2+58jtWAJPnt/XLa6+19ARloIupcQGmb0rH+fsYG7FczTTd67lm01+8\nad6eRjV0Y6VzCSbhlbzsfXh2fdBa3w7DAEhRLXmBZuynYklNSMmiB+1hn6tusw==\n-----END RSA PRIVATE KEY-----\n",
            "private_key_pem_pkcs8": "-----BEGIN PRIVATE KEY-----\nMIIJRAIBADANBgkqhkiG9w0BAQEFAASCCS4wggkqAgEAAoICAQDZwzbGT6o7Buwm\nPbb1UvKZCSTrytK3w3ArHVlLr0GRHRsk4r3UQuioYuC97G+M5NPsPbw1o25c2Onz\nVfasKTGTUwqzwM1/Co1Z04dpFm3VlidB9KqnLnrxoZbHIuF+AZhRiyFdSriTKeQQ\nP8ss1u8Sz4yRzjJi9et6NJAi3HzyNXwKPtCaE34ahhQcntPMwn2X49kodqjHGV0u\ndilTqIbq6vrMbRZKrwQKee4b7tiluWKEpT6rLTBSBw8xrOrVsde/6NI3gkeD19RE\nOKYctzfEduPyTakohqQrmQDgVNRCR47l9pLgLPDM/oSBSVkLjLIaHXxcI4GUL1EL\nyCtC6C/S9iBZTZXrUh6Yu1rwG1aOwRosc8kicdqm1QY/1/TpCj7h/0BGa2LUAXT8\nueqTMFAxatPC/4NtlLyudbXJTxseYzwD98fYNRq/FCQr5Gw1mgKuev2dm1pyAmi2\n8V03FU1496HWP5MhP4TWKUVBh1Pu1vRrdT4/drYBbkbPHDoRCWG1mUuvT3XiYSLt\nSCNvMEXiXvZXmmIbiomovnMafbeziTafFOyHoB3zla4ZENtDx7pPM0apWzR7mTUa\nW2WaVo4+mc384fQMCx6xwbNYM3oS69BAL4fBT1KOF5pyEtZWYw6jM2KrZgADCahL\nLDe0yX9ZT31QqMxEbyX9+5rYCfiLHQIDAQABAoICAB4OugLJgD/BhtsIbbaTCnVh\nM71wM4G18kehN3Ag8rXrBJIk0fr4eVC0xTyx4/vYof/bzZzBwDwEnNY/qVq+HN+u\n+K0zEapVdIlPj0NMG0D+BtEtylhlLAcqPLuj7ugLpFCtGZ/c7nkxsQ8lHxBDYqCA\nEXEWuxG5zBUEKFkHgh+UjliDrxt1UVSr6R7CNY3v0pIimxjguA8zSw9cs/ueKXFH\nmfKZpBgO7End5qXoY/MMEbMpc+sAw8iuvMQokAmLELKmmk2bJ+/k3KHGB/eyunnd\nxzzsx0qWuxZheiN80geMBQds730N9vb0sql9zFKxyuub4kx9gidIGLG9oWsMzXzZ\n2Fi6xY4RTLKNoesj1t9P7H2auQU6aHIMrK5K/Z4lQzGE07CgzfjvZl6dUb8FNoK3\nY1lWiGEnRTGG1FZBDnB858c6wF5BifVxKxYlCLP0RtahJvyFeJnacRajOZN4pU1u\nNJfGTxR3xK/ZIHCAQ3tA+e7b8GDnIWiOfvwmm8XvfUDluQp6/ZzJRC7rqqQvnyQX\n+Jiy3qvkMuwoF1qgr3pYRhvdCq5R1V8tRL1Jaf+6CAZ4qmThIQWjZMAPGG2yMZRs\nDpIHEIPXvVgZIWDbJQ5DoSf7g2N68v0vniGHD/M92UMGwFQGhRoq1TPa8zKdAZIz\n52EvONDaYnLAWQ57P5gpAoIBAQDoyE18dRDR8kEwRbQTxvhJJLaSywgX3UuwWWK5\n2icpbwggmUIkPJQIeih9ojeyzeUPp46Dph0BZitlVdomDGSBXZ+xHdoMDclS5BAn\nrOv6rJKW11+10w3EXu2RvJJHybjiOOqwOd/9jHAorvBsWTOuAkjN96dLzZ8aXK9R\n1dPX2RdMQdT13eT6E1PcSqgU86WoQxBRAftHflJJKm8yy0gu2aLbAf4Uv1lmlqkK\n57v8SLZMTeD8iuaA+CrMwGBmJBbzdu5F5YLBT2lLFL5ez2bkoeDw4BwcibLSwbGr\nddj1DdMwY2wKXnyB5ns55dmzIfLmM5dA8TWQVg1fcAICojN/AoIBAQDve2eW/hPe\nVVMBiFYSe/jCcxF+UmGR61grG2AZLtFrC/6LsyT6fx5ew/vOshNpbeymKlER6wVO\n17TQekdqlIpbb+fMa5dvSN8Gy99JFxoqCiBrYG93A8KQeimye7ibO3hxRTTUtzAy\nfGZKYonpV5Fu3o56smSQCtyy5tK2o/RtYeSu5qRo33tBVpHl1NHo6PhPVHSGWeDm\n/YRx5tg7TI2L0YUbrTOOGFVltmkAJEl6SXQ0xZKrlYZA+o9XnecPSC19Y/WaV+uY\nOSEAAGfIKSHZWhPyxcjnNfoKvPxAnveiSXYwEZBT9UYCMyltHHAqOeC85b0RUJ0D\nvCeLs8ibHd9jAoIBAQCdvpbbvwzd6LeKOcH1IQFBt7JNOW7LlTfkUj5XyWB+cHJm\nfNTYb4C1Weq0cEgkT+houlgWGGxRdWX07r+8xusYy1QbFyqavoDuPgRAjqr/HRDd\nTSfbtCEBMH73In1STn2ON5m6QA3s6M1clGfyVGR0B7JEeQ2Sjc3CdIqN/0PmYoOq\nNnZVAsBXQt+ySZkrUYyxwHh/HMOmSBEE6c+e8SiCLxNwLCJ89spjfbch37WBGdkH\nTkMngA0B2qpORBNPRCeVZsPC8+uuidzFd1ImN4/3YUdok8YZBKr8rSt0EJEsRukV\nQlqFkE/5SzG4I21qOZg7rTxTUuHEZLv9L479L+OLAoIBAQCoHOMNVfMwookQjFqP\nw0NPjWN8X+xqeOF98Uu2oe0Uzmi0PN/6kP4K3F2KLev+mNIFm7MpduhU/ovJxe0Y\nXon5wkbgc67syiT2KmvmbTdKx60Wc64LyDHvJjLbPorLPiZArap2oNpOtpFAKohR\nq81GHSm77Ds3+sgPNoY4/EN7/bqBJRvJGwj1RwZIZuusKs8VMV5Tagi9Xr55DupA\nRm8e9cgRM7b7Sw23xyNSnCaQl7vhx8g8d0y1lK7HfOtVCQAWA/PHk2ypgYEu9Rnl\noypF4Dwcssdjt7p9i0kxO+bun8890zaUGZw5sxyjodEDc3nWYRgmbYartou0QFLU\nwVWtAoIBAQC+q+pxQofas8iywvSAFkFB3VFt1ZMuhkaUQDFUHN4FILPhbVFaGZ4y\nILZiA+4FFVZ44Mz7waABPk7BJ5O9cn38cmpHKM4z179Ev9n5W8kuH7RbpOl4yOzH\nGjKrXsxHUXGj1JBUa2V10cb9XciGUP8kZWvFNin50v73FfY7eS+YolZrwN8dIEZf\nRu0Iyiu5tbnFNkgI9mHbI3NXSfmUY442HXx/m2xUMIkXb7nyO1YAk+e39ctrr7X0\nBGWgi6lxAaZvSsf5+xgbsVzNNN3ruWbTX7xp3p5GNXRjpXMJJuGVvOx9eHZ90Frf\nDsMASFEteYFm7KdiSU1IyaIH7WGfq26z\n-----END PRIVATE KEY-----\n",
            "public_key_fingerprint_md5": "84:b5:07:d2:fc:a6:9f:ab:1a:f1:c5:65:3d:da:22:b4",
            "public_key_fingerprint_sha256": "SHA256:m0oKL8SyB9lcP7CzDiJV3QSoOi0KtljE2cAi9ZrcOD8",
            "public_key_openssh": "ssh-rsa AAAAB3NzaC1yc2EAAAADAQABAAACAQDZwzbGT6o7BuwmPbb1UvKZCSTrytK3w3ArHVlLr0GRHRsk4r3UQuioYuC97G+M5NPsPbw1o25c2OnzVfasKTGTUwqzwM1/Co1Z04dpFm3VlidB9KqnLnrxoZbHIuF+AZhRiyFdSriTKeQQP8ss1u8Sz4yRzjJi9et6NJAi3HzyNXwKPtCaE34ahhQcntPMwn2X49kodqjHGV0udilTqIbq6vrMbRZKrwQKee4b7tiluWKEpT6rLTBSBw8xrOrVsde/6NI3gkeD19REOKYctzfEduPyTakohqQrmQDgVNRCR47l9pLgLPDM/oSBSVkLjLIaHXxcI4GUL1ELyCtC6C/S9iBZTZXrUh6Yu1rwG1aOwRosc8kicdqm1QY/1/TpCj7h/0BGa2LUAXT8ueqTMFAxatPC/4NtlLyudbXJTxseYzwD98fYNRq/FCQr5Gw1mgKuev2dm1pyAmi28V03FU1496HWP5MhP4TWKUVBh1Pu1vRrdT4/drYBbkbPHDoRCWG1mUuvT3XiYSLtSCNvMEXiXvZXmmIbiomovnMafbeziTafFOyHoB3zla4ZENtDx7pPM0apWzR7mTUaW2WaVo4+mc384fQMCx6xwbNYM3oS69BAL4fBT1KOF5pyEtZWYw6jM2KrZgADCahLLDe0yX9ZT31QqMxEbyX9+5rYCfiLHQ==\n",
            "public_key_pem": "-----BEGIN PUBLIC KEY-----\nMIICIjANBgkqhkiG9w0BAQEFAAOCAg8AMIICCgKCAgEA2cM2xk+qOwbsJj229VLy\nmQkk68rSt8NwKx1ZS69BkR0bJOK91ELoqGLgvexvjOTT7D28NaNuXNjp81X2rCkx\nk1MKs8DNfwqNWdOHaRZt1ZYnQfSqpy568aGWxyLhfgGYUYshXUq4kynkED/LLNbv\nEs+Mkc4yYvXrejSQItx88jV8Cj7QmhN+GoYUHJ7TzMJ9l+PZKHaoxxldLnYpU6iG\n6ur6zG0WSq8ECnnuG+7YpblihKU+qy0wUgcPMazq1bHXv+jSN4JHg9fURDimHLc3\nxHbj8k2pKIakK5kA4FTUQkeO5faS4CzwzP6EgUlZC4yyGh18XCOBlC9RC8grQugv\n0vYgWU2V61IemLta8BtWjsEaLHPJInHaptUGP9f06Qo+4f9ARmti1AF0/LnqkzBQ\nMWrTwv+DbZS8rnW1yU8bHmM8A/fH2DUavxQkK+RsNZoCrnr9nZtacgJotvFdNxVN\nePeh1j+TIT+E1ilFQYdT7tb0a3U+P3a2AW5Gzxw6EQlhtZlLr0914mEi7UgjbzBF\n4l72V5piG4qJqL5zGn23s4k2nxTsh6Ad85WuGRDbQ8e6TzNGqVs0e5k1GltlmlaO\nPpnN/OH0DAsescGzWDN6EuvQQC+HwU9SjheachLWVmMOozNiq2YAAwmoSyw3tMl/\nWU99UKjMRG8l/fua2An4ix0CAwEAAQ==\n-----END PUBLIC KEY-----\n",
            "rsa_bits": 4096
          },
          "sensitive_attributes": []
        }
      ]
    }
  ],
  "check_results": null
}
