{
  "version": 4,
  "terraform_version": "1.6.5",
  "serial": 163,
  "lineage": "17c0b476-c8d8-e4e3-9348-6e32b07c16ee",
  "outputs": {},
  "resources": [
    {
      "mode": "managed",
      "type": "aws_instance",
      "name": "control_node",
      "provider": "provider[\"registry.terraform.io/hashicorp/aws\"]",
      "instances": [
        {
          "schema_version": 1,
          "attributes": {
            "ami": "ami-0302f42a44bf53a45",
            "arn": "arn:aws:ec2:eu-west-3:682390094476:instance/i-00348d52cc347f161",
            "associate_public_ip_address": true,
            "availability_zone": "eu-west-3c",
            "capacity_reservation_specification": [
              {
                "capacity_reservation_preference": "open",
                "capacity_reservation_target": []
              }
            ],
            "cpu_core_count": 1,
            "cpu_options": [
              {
                "amd_sev_snp": "",
                "core_count": 1,
                "threads_per_core": 1
              }
            ],
            "cpu_threads_per_core": 1,
            "credit_specification": [
              {
                "cpu_credits": "standard"
              }
            ],
            "disable_api_stop": false,
            "disable_api_termination": false,
            "ebs_block_device": [],
            "ebs_optimized": false,
            "enclave_options": [
              {
                "enabled": false
              }
            ],
            "ephemeral_block_device": [],
            "get_password_data": false,
            "hibernation": false,
            "host_id": "",
            "host_resource_group_arn": null,
            "iam_instance_profile": "",
            "id": "i-00348d52cc347f161",
            "instance_initiated_shutdown_behavior": "stop",
            "instance_state": "running",
            "instance_type": "t2.micro",
            "ipv6_address_count": 0,
            "ipv6_addresses": [],
            "key_name": "awskey",
            "launch_template": [],
            "maintenance_options": [
              {
                "auto_recovery": "default"
              }
            ],
            "metadata_options": [
              {
                "http_endpoint": "enabled",
                "http_put_response_hop_limit": 2,
                "http_tokens": "required",
                "instance_metadata_tags": "disabled"
              }
            ],
            "monitoring": false,
            "network_interface": [],
            "outpost_arn": "",
            "password_data": "",
            "placement_group": "",
            "placement_partition_number": 0,
            "primary_network_interface_id": "eni-017448547600692cf",
            "private_dns": "ip-192-168-1-240.eu-west-3.compute.internal",
            "private_dns_name_options": [
              {
                "enable_resource_name_dns_a_record": false,
                "enable_resource_name_dns_aaaa_record": false,
                "hostname_type": "ip-name"
              }
            ],
            "private_ip": "192.168.1.240",
            "public_dns": "",
            "public_ip": "13.38.251.148",
            "root_block_device": [
              {
                "delete_on_termination": true,
                "device_name": "/dev/xvda",
                "encrypted": false,
                "iops": 3000,
                "kms_key_id": "",
                "tags": {},
                "throughput": 125,
                "volume_id": "vol-04503e2c3da950584",
                "volume_size": 8,
                "volume_type": "gp3"
              }
            ],
            "secondary_private_ips": [],
            "security_groups": [
              "sg-0485d82bb85249f01"
            ],
            "source_dest_check": true,
            "subnet_id": "subnet-066c7aefcca75795f",
            "tags": {
              "Name": "sulaiman-control-node",
              "Type": "control-node"
            },
            "tags_all": {
              "Name": "sulaiman-control-node",
              "Type": "control-node"
            },
            "tenancy": "default",
            "timeouts": null,
            "user_data": null,
            "user_data_base64": null,
            "user_data_replace_on_change": false,
            "volume_tags": null,
            "vpc_security_group_ids": [
              "sg-0485d82bb85249f01"
            ]
          },
          "sensitive_attributes": [],
          "private": "eyJlMmJmYjczMC1lY2FhLTExZTYtOGY4OC0zNDM2M2JjN2M0YzAiOnsiY3JlYXRlIjo2MDAwMDAwMDAwMDAsImRlbGV0ZSI6MTIwMDAwMDAwMDAwMCwidXBkYXRlIjo2MDAwMDAwMDAwMDB9LCJzY2hlbWFfdmVyc2lvbiI6IjEifQ==",
          "dependencies": [
            "aws_key_pair.myawskey",
            "aws_security_group.sulaiman_sg",
            "aws_subnet.sulaiman_subnet",
            "aws_vpc.sulaiman_vpc",
            "tls_private_key.mypem"
          ]
        }
      ]
    },
    {
      "mode": "managed",
      "type": "aws_instance",
      "name": "managed_node",
      "provider": "provider[\"registry.terraform.io/hashicorp/aws\"]",
      "instances": [
        {
          "index_key": 0,
          "schema_version": 1,
          "attributes": {
            "ami": "ami-0302f42a44bf53a45",
            "arn": "arn:aws:ec2:eu-west-3:682390094476:instance/i-062ee6c3e4acbc00d",
            "associate_public_ip_address": true,
            "availability_zone": "eu-west-3c",
            "capacity_reservation_specification": [
              {
                "capacity_reservation_preference": "open",
                "capacity_reservation_target": []
              }
            ],
            "cpu_core_count": 1,
            "cpu_options": [
              {
                "amd_sev_snp": "",
                "core_count": 1,
                "threads_per_core": 1
              }
            ],
            "cpu_threads_per_core": 1,
            "credit_specification": [
              {
                "cpu_credits": "standard"
              }
            ],
            "disable_api_stop": false,
            "disable_api_termination": false,
            "ebs_block_device": [],
            "ebs_optimized": false,
            "enclave_options": [
              {
                "enabled": false
              }
            ],
            "ephemeral_block_device": [],
            "get_password_data": false,
            "hibernation": false,
            "host_id": "",
            "host_resource_group_arn": null,
            "iam_instance_profile": "",
            "id": "i-062ee6c3e4acbc00d",
            "instance_initiated_shutdown_behavior": "stop",
            "instance_state": "running",
            "instance_type": "t2.micro",
            "ipv6_address_count": 0,
            "ipv6_addresses": [],
            "key_name": "awskey",
            "launch_template": [],
            "maintenance_options": [
              {
                "auto_recovery": "default"
              }
            ],
            "metadata_options": [
              {
                "http_endpoint": "enabled",
                "http_put_response_hop_limit": 2,
                "http_tokens": "required",
                "instance_metadata_tags": "disabled"
              }
            ],
            "monitoring": false,
            "network_interface": [],
            "outpost_arn": "",
            "password_data": "",
            "placement_group": "",
            "placement_partition_number": 0,
            "primary_network_interface_id": "eni-0d3c1a3e0ffbe6a9b",
            "private_dns": "ip-192-168-1-144.eu-west-3.compute.internal",
            "private_dns_name_options": [
              {
                "enable_resource_name_dns_a_record": false,
                "enable_resource_name_dns_aaaa_record": false,
                "hostname_type": "ip-name"
              }
            ],
            "private_ip": "192.168.1.144",
            "public_dns": "",
            "public_ip": "52.47.184.17",
            "root_block_device": [
              {
                "delete_on_termination": true,
                "device_name": "/dev/xvda",
                "encrypted": false,
                "iops": 3000,
                "kms_key_id": "",
                "tags": {},
                "throughput": 125,
                "volume_id": "vol-0155659f5bc4883b9",
                "volume_size": 8,
                "volume_type": "gp3"
              }
            ],
            "secondary_private_ips": [],
            "security_groups": [
              "sg-0485d82bb85249f01"
            ],
            "source_dest_check": true,
            "subnet_id": "subnet-066c7aefcca75795f",
            "tags": {
              "Name": "sulaiman-managed-node-1",
              "Type": "managed-node"
            },
            "tags_all": {
              "Name": "sulaiman-managed-node-1",
              "Type": "managed-node"
            },
            "tenancy": "default",
            "timeouts": null,
            "user_data": null,
            "user_data_base64": null,
            "user_data_replace_on_change": false,
            "volume_tags": null,
            "vpc_security_group_ids": [
              "sg-0485d82bb85249f01"
            ]
          },
          "sensitive_attributes": [],
          "private": "eyJlMmJmYjczMC1lY2FhLTExZTYtOGY4OC0zNDM2M2JjN2M0YzAiOnsiY3JlYXRlIjo2MDAwMDAwMDAwMDAsImRlbGV0ZSI6MTIwMDAwMDAwMDAwMCwidXBkYXRlIjo2MDAwMDAwMDAwMDB9LCJzY2hlbWFfdmVyc2lvbiI6IjEifQ==",
          "dependencies": [
            "aws_key_pair.myawskey",
            "aws_security_group.sulaiman_sg",
            "aws_subnet.sulaiman_subnet",
            "aws_vpc.sulaiman_vpc",
            "tls_private_key.mypem"
          ]
        },
        {
          "index_key": 1,
          "schema_version": 1,
          "attributes": {
            "ami": "ami-0302f42a44bf53a45",
            "arn": "arn:aws:ec2:eu-west-3:682390094476:instance/i-0d01ae399d80a3c78",
            "associate_public_ip_address": true,
            "availability_zone": "eu-west-3c",
            "capacity_reservation_specification": [
              {
                "capacity_reservation_preference": "open",
                "capacity_reservation_target": []
              }
            ],
            "cpu_core_count": 1,
            "cpu_options": [
              {
                "amd_sev_snp": "",
                "core_count": 1,
                "threads_per_core": 1
              }
            ],
            "cpu_threads_per_core": 1,
            "credit_specification": [
              {
                "cpu_credits": "standard"
              }
            ],
            "disable_api_stop": false,
            "disable_api_termination": false,
            "ebs_block_device": [],
            "ebs_optimized": false,
            "enclave_options": [
              {
                "enabled": false
              }
            ],
            "ephemeral_block_device": [],
            "get_password_data": false,
            "hibernation": false,
            "host_id": "",
            "host_resource_group_arn": null,
            "iam_instance_profile": "",
            "id": "i-0d01ae399d80a3c78",
            "instance_initiated_shutdown_behavior": "stop",
            "instance_state": "running",
            "instance_type": "t2.micro",
            "ipv6_address_count": 0,
            "ipv6_addresses": [],
            "key_name": "awskey",
            "launch_template": [],
            "maintenance_options": [
              {
                "auto_recovery": "default"
              }
            ],
            "metadata_options": [
              {
                "http_endpoint": "enabled",
                "http_put_response_hop_limit": 2,
                "http_tokens": "required",
                "instance_metadata_tags": "disabled"
              }
            ],
            "monitoring": false,
            "network_interface": [],
            "outpost_arn": "",
            "password_data": "",
            "placement_group": "",
            "placement_partition_number": 0,
            "primary_network_interface_id": "eni-029b0b2766689ef99",
            "private_dns": "ip-192-168-1-233.eu-west-3.compute.internal",
            "private_dns_name_options": [
              {
                "enable_resource_name_dns_a_record": false,
                "enable_resource_name_dns_aaaa_record": false,
                "hostname_type": "ip-name"
              }
            ],
            "private_ip": "192.168.1.233",
            "public_dns": "",
            "public_ip": "35.181.44.97",
            "root_block_device": [
              {
                "delete_on_termination": true,
                "device_name": "/dev/xvda",
                "encrypted": false,
                "iops": 3000,
                "kms_key_id": "",
                "tags": {},
                "throughput": 125,
                "volume_id": "vol-01475cad142cfe9aa",
                "volume_size": 8,
                "volume_type": "gp3"
              }
            ],
            "secondary_private_ips": [],
            "security_groups": [
              "sg-0485d82bb85249f01"
            ],
            "source_dest_check": true,
            "subnet_id": "subnet-066c7aefcca75795f",
            "tags": {
              "Name": "sulaiman-managed-node-2",
              "Type": "managed-node"
            },
            "tags_all": {
              "Name": "sulaiman-managed-node-2",
              "Type": "managed-node"
            },
            "tenancy": "default",
            "timeouts": null,
            "user_data": null,
            "user_data_base64": null,
            "user_data_replace_on_change": false,
            "volume_tags": null,
            "vpc_security_group_ids": [
              "sg-0485d82bb85249f01"
            ]
          },
          "sensitive_attributes": [],
          "private": "eyJlMmJmYjczMC1lY2FhLTExZTYtOGY4OC0zNDM2M2JjN2M0YzAiOnsiY3JlYXRlIjo2MDAwMDAwMDAwMDAsImRlbGV0ZSI6MTIwMDAwMDAwMDAwMCwidXBkYXRlIjo2MDAwMDAwMDAwMDB9LCJzY2hlbWFfdmVyc2lvbiI6IjEifQ==",
          "dependencies": [
            "aws_key_pair.myawskey",
            "aws_security_group.sulaiman_sg",
            "aws_subnet.sulaiman_subnet",
            "aws_vpc.sulaiman_vpc",
            "tls_private_key.mypem"
          ]
        }
      ]
    },
    {
      "mode": "managed",
      "type": "aws_internet_gateway",
      "name": "sulaiman_igw",
      "provider": "provider[\"registry.terraform.io/hashicorp/aws\"]",
      "instances": [
        {
          "schema_version": 0,
          "attributes": {
            "arn": "arn:aws:ec2:eu-west-3:682390094476:internet-gateway/igw-0331e594242ebb51a",
            "id": "igw-0331e594242ebb51a",
            "owner_id": "682390094476",
            "tags": {
              "Name": "sulaiman_igw"
            },
            "tags_all": {
              "Name": "sulaiman_igw"
            },
            "timeouts": null,
            "vpc_id": "vpc-09bb8db254f74ebd2"
          },
          "sensitive_attributes": [],
          "private": "eyJlMmJmYjczMC1lY2FhLTExZTYtOGY4OC0zNDM2M2JjN2M0YzAiOnsiY3JlYXRlIjoxMjAwMDAwMDAwMDAwLCJkZWxldGUiOjEyMDAwMDAwMDAwMDAsInVwZGF0ZSI6MTIwMDAwMDAwMDAwMH19",
          "dependencies": [
            "aws_vpc.sulaiman_vpc"
          ]
        }
      ]
    },
    {
      "mode": "managed",
      "type": "aws_key_pair",
      "name": "myawskey",
      "provider": "provider[\"registry.terraform.io/hashicorp/aws\"]",
      "instances": [
        {
          "schema_version": 1,
          "attributes": {
            "arn": "arn:aws:ec2:eu-west-3:682390094476:key-pair/awskey",
            "fingerprint": "94:e6:bb:57:07:89:e3:ca:31:62:d8:39:ca:b2:33:55",
            "id": "awskey",
            "key_name": "awskey",
            "key_name_prefix": "",
            "key_pair_id": "key-05720e2d1ca4532d9",
            "key_type": "rsa",
            "public_key": "ssh-rsa AAAAB3NzaC1yc2EAAAADAQABAAACAQDCKh1Br6vsxsjPUs15f4nCtwH116ibs1BzDsyTbh5iyY0LAuB53gQIHuSHrZtWp7VRgE75sMVXt4KuAgC5btunD1lh/zBtyxtrpziG9yzCCDuhsoIokCFohRJrkpBgu8wn1dRjNQslb2zNLAnG/SWNzaHYEwH6ookwf/G06avwlIeBczilELcL5TdVA+qNAxOYoBT/QzrxXAbnJ+mpLHasZEnZjVZYHFz99J0PlrH1Fa/UzKRxksxw6xDYPrFoKULeDQ2zLboiYgBID8lLUUXXYCsUK4a3lJS/x8GnXgGqdgo6B19xPVn4oXgGP4ZR8AeiDKNYA0Ie2iMyacP0Ln1YADcO2EtFtW3AMt2SlExp7eJNOsCgdoCtuvwU0qWQabYkkwC1pfRjbc2R6FpYjFyjlJn2XgoKcKstCAze6tiNjlAOlD83DxpgH7TGsVkP14YFY8U3LkZyRmjpnpRDPt3Rp1Gyv5Fd4F5GUTImNGkrbRs4EP3xQqq9yg5A3qVQv4HBn9DG4BrGX9l/Kv8NN91KcRP+KBbkz54Z+TtUMlKBjPR8QW9DS/iPfKvFzr1pkI0dWbMjOCkfcBTtepxeaSvoUsoEjoZDExntFYpGcAMNlFXjj8V/YgmfMx3D0/2HivqDXTGzL0aOhvJZEJhriXgV5d+8FiBwH7MsvxoNTHUULw==",
            "tags": null,
            "tags_all": {}
          },
          "sensitive_attributes": [],
          "private": "eyJzY2hlbWFfdmVyc2lvbiI6IjEifQ==",
          "dependencies": [
            "tls_private_key.mypem"
          ]
        }
      ]
    },
    {
      "mode": "managed",
      "type": "aws_route",
      "name": "sulaiman_route",
      "provider": "provider[\"registry.terraform.io/hashicorp/aws\"]",
      "instances": [
        {
          "schema_version": 0,
          "attributes": {
            "carrier_gateway_id": "",
            "core_network_arn": "",
            "destination_cidr_block": "0.0.0.0/0",
            "destination_ipv6_cidr_block": "",
            "destination_prefix_list_id": "",
            "egress_only_gateway_id": "",
            "gateway_id": "igw-0331e594242ebb51a",
            "id": "r-rtb-020e58500327cc6431080289494",
            "instance_id": "",
            "instance_owner_id": "",
            "local_gateway_id": "",
            "nat_gateway_id": "",
            "network_interface_id": "",
            "origin": "CreateRoute",
            "route_table_id": "rtb-020e58500327cc643",
            "state": "active",
            "timeouts": null,
            "transit_gateway_id": "",
            "vpc_endpoint_id": "",
            "vpc_peering_connection_id": ""
          },
          "sensitive_attributes": [],
          "private": "eyJlMmJmYjczMC1lY2FhLTExZTYtOGY4OC0zNDM2M2JjN2M0YzAiOnsiY3JlYXRlIjozMDAwMDAwMDAwMDAsImRlbGV0ZSI6MzAwMDAwMDAwMDAwLCJ1cGRhdGUiOjEyMDAwMDAwMDAwMH19",
          "dependencies": [
            "aws_internet_gateway.sulaiman_igw",
            "aws_route_table.sulaiman_route_table",
            "aws_vpc.sulaiman_vpc"
          ]
        }
      ]
    },
    {
      "mode": "managed",
      "type": "aws_route_table",
      "name": "sulaiman_route_table",
      "provider": "provider[\"registry.terraform.io/hashicorp/aws\"]",
      "instances": [
        {
          "schema_version": 0,
          "attributes": {
            "arn": "arn:aws:ec2:eu-west-3:682390094476:route-table/rtb-020e58500327cc643",
            "id": "rtb-020e58500327cc643",
            "owner_id": "682390094476",
            "propagating_vgws": [],
            "route": [
              {
                "carrier_gateway_id": "",
                "cidr_block": "0.0.0.0/0",
                "core_network_arn": "",
                "destination_prefix_list_id": "",
                "egress_only_gateway_id": "",
                "gateway_id": "igw-0331e594242ebb51a",
                "instance_id": "",
                "ipv6_cidr_block": "",
                "local_gateway_id": "",
                "nat_gateway_id": "",
                "network_interface_id": "",
                "transit_gateway_id": "",
                "vpc_endpoint_id": "",
                "vpc_peering_connection_id": ""
              }
            ],
            "tags": {
              "Name": "sulaiman_route_table"
            },
            "tags_all": {
              "Name": "sulaiman_route_table"
            },
            "timeouts": null,
            "vpc_id": "vpc-09bb8db254f74ebd2"
          },
          "sensitive_attributes": [],
          "private": "eyJlMmJmYjczMC1lY2FhLTExZTYtOGY4OC0zNDM2M2JjN2M0YzAiOnsiY3JlYXRlIjozMDAwMDAwMDAwMDAsImRlbGV0ZSI6MzAwMDAwMDAwMDAwLCJ1cGRhdGUiOjEyMDAwMDAwMDAwMH19",
          "dependencies": [
            "aws_internet_gateway.sulaiman_igw",
            "aws_vpc.sulaiman_vpc"
          ]
        }
      ]
    },
    {
      "mode": "managed",
      "type": "aws_security_group",
      "name": "sulaiman_sg",
      "provider": "provider[\"registry.terraform.io/hashicorp/aws\"]",
      "instances": [
        {
          "schema_version": 1,
          "attributes": {
            "arn": "arn:aws:ec2:eu-west-3:682390094476:security-group/sg-0485d82bb85249f01",
            "description": "Allow SSH access",
            "egress": [
              {
                "cidr_blocks": [
                  "0.0.0.0/0"
                ],
                "description": "egress allow all",
                "from_port": 0,
                "ipv6_cidr_blocks": [],
                "prefix_list_ids": [],
                "protocol": "-1",
                "security_groups": [],
                "self": false,
                "to_port": 0
              }
            ],
            "id": "sg-0485d82bb85249f01",
            "ingress": [
              {
                "cidr_blocks": [
                  "0.0.0.0/0"
                ],
                "description": "ingress port 22 allow",
                "from_port": 22,
                "ipv6_cidr_blocks": [],
                "prefix_list_ids": [],
                "protocol": "tcp",
                "security_groups": [],
                "self": true,
                "to_port": 22
              }
            ],
            "name": "sulaiman_ssh",
            "name_prefix": "",
            "owner_id": "682390094476",
            "revoke_rules_on_delete": false,
            "tags": {
              "Name": "sulaiman_ssh_security_group"
            },
            "tags_all": {
              "Name": "sulaiman_ssh_security_group"
            },
            "timeouts": null,
            "vpc_id": "vpc-09bb8db254f74ebd2"
          },
          "sensitive_attributes": [],
          "private": "eyJlMmJmYjczMC1lY2FhLTExZTYtOGY4OC0zNDM2M2JjN2M0YzAiOnsiY3JlYXRlIjo2MDAwMDAwMDAwMDAsImRlbGV0ZSI6OTAwMDAwMDAwMDAwfSwic2NoZW1hX3ZlcnNpb24iOiIxIn0=",
          "dependencies": [
            "aws_vpc.sulaiman_vpc"
          ]
        }
      ]
    },
    {
      "mode": "managed",
      "type": "aws_subnet",
      "name": "sulaiman_subnet",
      "provider": "provider[\"registry.terraform.io/hashicorp/aws\"]",
      "instances": [
        {
          "schema_version": 1,
          "attributes": {
            "arn": "arn:aws:ec2:eu-west-3:682390094476:subnet/subnet-066c7aefcca75795f",
            "assign_ipv6_address_on_creation": false,
            "availability_zone": "eu-west-3c",
            "availability_zone_id": "euw3-az3",
            "cidr_block": "192.168.1.0/24",
            "customer_owned_ipv4_pool": "",
            "enable_dns64": false,
            "enable_lni_at_device_index": 0,
            "enable_resource_name_dns_a_record_on_launch": false,
            "enable_resource_name_dns_aaaa_record_on_launch": false,
            "id": "subnet-066c7aefcca75795f",
            "ipv6_cidr_block": "",
            "ipv6_cidr_block_association_id": "",
            "ipv6_native": false,
            "map_customer_owned_ip_on_launch": false,
            "map_public_ip_on_launch": true,
            "outpost_arn": "",
            "owner_id": "682390094476",
            "private_dns_hostname_type_on_launch": "ip-name",
            "tags": null,
            "tags_all": {},
            "timeouts": null,
            "vpc_id": "vpc-09bb8db254f74ebd2"
          },
          "sensitive_attributes": [],
          "private": "eyJlMmJmYjczMC1lY2FhLTExZTYtOGY4OC0zNDM2M2JjN2M0YzAiOnsiY3JlYXRlIjo2MDAwMDAwMDAwMDAsImRlbGV0ZSI6MTIwMDAwMDAwMDAwMH0sInNjaGVtYV92ZXJzaW9uIjoiMSJ9",
          "dependencies": [
            "aws_vpc.sulaiman_vpc"
          ]
        }
      ]
    },
    {
      "mode": "managed",
      "type": "aws_vpc",
      "name": "sulaiman_vpc",
      "provider": "provider[\"registry.terraform.io/hashicorp/aws\"]",
      "instances": [
        {
          "schema_version": 1,
          "attributes": {
            "arn": "arn:aws:ec2:eu-west-3:682390094476:vpc/vpc-09bb8db254f74ebd2",
            "assign_generated_ipv6_cidr_block": false,
            "cidr_block": "192.168.0.0/16",
            "default_network_acl_id": "acl-063047681bee527da",
            "default_route_table_id": "rtb-09133fa8b6ad52bd4",
            "default_security_group_id": "sg-081ad0ab1e5cb04f2",
            "dhcp_options_id": "dopt-013af424c023c78d3",
            "enable_classiclink": false,
            "enable_classiclink_dns_support": false,
            "enable_dns_hostnames": false,
            "enable_dns_support": true,
            "enable_network_address_usage_metrics": false,
            "id": "vpc-09bb8db254f74ebd2",
            "instance_tenancy": "default",
            "ipv4_ipam_pool_id": null,
            "ipv4_netmask_length": null,
            "ipv6_association_id": "",
            "ipv6_cidr_block": "",
            "ipv6_cidr_block_network_border_group": "",
            "ipv6_ipam_pool_id": "",
            "ipv6_netmask_length": 0,
            "main_route_table_id": "rtb-09133fa8b6ad52bd4",
            "owner_id": "682390094476",
            "tags": {
              "Name": "sulaiman_vpc"
            },
            "tags_all": {
              "Name": "sulaiman_vpc"
            }
          },
          "sensitive_attributes": [],
          "private": "eyJzY2hlbWFfdmVyc2lvbiI6IjEifQ=="
        }
      ]
    },
    {
      "mode": "managed",
      "type": "local_file",
      "name": "mykeyfile",
      "provider": "provider[\"registry.terraform.io/hashicorp/local\"]",
      "instances": [
        {
          "schema_version": 0,
          "attributes": {
            "content": "-----BEGIN RSA PRIVATE KEY-----\nMIIJKAIBAAKCAgEAwiodQa+r7MbIz1LNeX+JwrcB9deom7NQcw7Mk24eYsmNCwLg\ned4ECB7kh62bVqe1UYBO+bDFV7eCrgIAuW7bpw9ZYf8wbcsba6c4hvcswgg7obKC\nKJAhaIUSa5KQYLvMJ9XUYzULJW9szSwJxv0ljc2h2BMB+qKJMH/xtOmr8JSHgXM4\npRC3C+U3VQPqjQMTmKAU/0M68VwG5yfpqSx2rGRJ2Y1WWBxc/fSdD5ax9RWv1Myk\ncZLMcOsQ2D6xaClC3g0Nsy26ImIASA/JS1FF12ArFCuGt5SUv8fBp14BqnYKOgdf\ncT1Z+KF4Bj+GUfAHogyjWANCHtojMmnD9C59WAA3DthLRbVtwDLdkpRMae3iTTrA\noHaArbr8FNKlkGm2JJMAtaX0Y23NkehaWIxco5SZ9l4KCnCrLQgM3urYjY5QDpQ/\nNw8aYB+0xrFZD9eGBWPFNy5GckZo6Z6UQz7d0adRsr+RXeBeRlEyJjRpK20bOBD9\n8UKqvcoOQN6lUL+BwZ/QxuAaxl/Zfyr/DTfdSnET/igW5M+eGfk7VDJSgYz0fEFv\nQ0v4j3yrxc69aZCNHVmzIzgpH3AU7XqcXmkr6FLKBI6GQxMZ7RWKRnADDZRV44/F\nf2IJnzMdw9P9h4r6g10xsy9GjobyWRCYa4l4FeXfvBYgcB+zLL8aDUx1FC8CAwEA\nAQKCAgAyt8uCn/+5zscfmNKBfTYf/avuatHpMfK+y0vW6vnW9iz4hlzamIrXEDLD\n2i5seUxcqLZ4dJtn6VCiYXWM+o832UOQ3Jbq5xYXjcuvPZucZ4gkGbv0GooPgkso\nfFVoX0XZ1fovm+h4c92ozmsTZobLvr4a8gQfUxug5prdlfhK1JF81/sg6vfVjJ9i\nfq5i/T2+LXqunwIjj9VhxkQ745hwOZYs1MWMKISF9cKdEtETYwHWBUqjPCRZDp4M\nznuK6NRFqoU8m6I2XwER0cXT/bvPoZg/IYuEIrSkT+qe7Ghk/YZ4V/qvWsZIsuzm\nPOu6NYfY5ZI5aEh6RKLTBVuhSg+FWxy7+gzEyBq/LanAJ1xrlrbXxOjbbe7pMSno\nbtxb7n6kX9aQJRzhIM0e0dQoGGckknDph6+jFwgFS4+hDVNd2H0XnFfy9wH5wcAc\nbA3MAiXi3wtRnkK6fcMMPcgxxXQCxgVBKn/LxLAkY1d/GcXstVKbrdvX+RViczzr\nBCIXrLFAhWj5GUyLIv4gtz7d2G6z6gdIb9dsCKATtXprdaFvzn59078XtlyqEXBG\n+wDt3p0+V+OaXQDq+jEX48A5gxESc0LeGq90NcZGLlXVPtqX/J3KJekkdQ/00PSx\nlV+tZFLZo7Pztj6ZZMzn4OC8l9VTpKVzTlwgZ74+yL87DCSMcQKCAQEA9tdVpR41\ni3Dpbk4JiroEOmj4P/Kq0cXj/tkSyNVJA8DYu+9hNC6j8pdkEumiJ4aS9WTTMJ0A\n4bX92Pw3kG9lJPRKR17qulwLbanE1r8b/t4YakqhrsTurYn0B9PJRr3pnYyiAHjx\nMFl6llXIyb2ZQ/FRAqfbGuNwu37T9Ek0v6wjBVmzSMG8vKFBTi+/NWFBGIqk0Ou3\np9Firo5eiP0iJpAyCLwkvQpEitRKEq9eIapFmvcK6qkHCT/ZYpS6YSpUZ9EPDAFu\n4p6QEXbkaBFif4Y0EDVAF9JOD6D8xb1TrXPEC3850SrtPzoBAzLKXFbtwrDSkCcA\n39FvL7cfPUcJBwKCAQEAyV5rzOxjlINY5ITNDBNY/O/tESqj6EHpa++pVXRrL4vi\n7fp3GRgRIr08T2RFkksRCCnY83ni5FghiXbIB1WQu9yFP0JwBvfF8oMlcTsv6v3G\n8no66YK6otKEdpvgGKsJT4fLpaTesNPdXlsvNE++y5NvFj08Os9O9jHHX1CF1ULX\nZ354od2spQpG53p0G7+y5mN6ZvowQBGPU2/T+BGQZAock++lmjcwEhAQRRiTA6Xz\nOpIhPHp1OG2215c5/LEtNTM62AxYSncG/ZXdNodRGVxVMdepp9pN0fMlgUoEGg6f\nCjFLQtOw5rkYseIlTXYp+imiVFmbsfjhsH6knSkZmQKCAQEAkUdzlNcO1J8EBHPR\nkeChlG8rjReaChTad6fzMli1vIvIA/SD1V6OB72qnKb9VR4TaHKLCdWeKzodyZPI\ncC3f7bwJ66+ln0GFSGne/DVGmN7Gp+h8+IvXnjPPeLvhfs1PrfaTcou8CKThTZH3\ntyTsC9z/vPxmLJEoTHH89Y4Qia8afY+pwWylVK/j68yWUSiIU5VmI8BYO2E1H1+T\nrDSv4NqFWDbDuK9OYBdJ8W1djZrVlLtJpYsOJRd7LlYyy/VJ8EBPBtXhGWgRivXa\nwJVaz4uBIPj2XA7e+rvZidhAY5n7DHk44i7Nq6TL68H88BQJo8jGZSlPjmuJcR/q\nNvqUCQKCAQAgLFTe9fnnFaFTSaCVSFYUe6UN9BkiF73av/z3KVWi0B/e1ADJYp4C\nRefn62ZuPE4pVr5SEGxe/XHGS9Mj0NkCGvazJ8NMabQXzjpiQAmk6w0pWrwk6P02\n3JnLdZY1esZPDaxM9+2YpREebUU6f29FiXXbQMdpwgukrEllgjEP5NETuRI/EnLu\nH5k6jMcWU+eahdRdtaWV5vhWZWyhmvTN9wuf209DN4QXrrdawtViZNZaylRDHHG0\nJVtsUL40EH7fnCLPuBE3PJNCWvpwJuifO7Bk+UcjCW8bl1Srto63NxTUBRI4SChg\nhLxcV3yMRs/oJ1THU1Xb9p7gmytj7NgpAoIBAHjimqTpW321plGPXBgEu2O9PJat\nZQx1jHxCEbhuTTLv1w8eLOPeRTf7YLnsSEFWnxFS7cvVvRNyENew7mWFk902BOSV\nxVER2IYJtNOncP8dDpYbuhRj5KApRoVRFRBNAtJBNHRdjYUu4aSSvSfIxxYEV4hk\nk19Pbr335NtzdgzZ+JIbsLUwny88T9H4aGlXf9T7t8r2SDWZiVTTIBcrm/icoAJm\nF2uU7nNEsL8McJ8Uha9/tkZ9oegzNTPbASmkSoiJ3x0xEp0EEIn0IPeXaI0Klnki\nqIp7ycINeP1Wp585IXwOv/I2V6gkFxVNdmhgiCvGXA7o+0AW2XHW9D2rPiw=\n-----END RSA PRIVATE KEY-----\n",
            "content_base64": null,
            "content_base64sha256": "9GX7FZ0o9yBfPGiXdCLG4tSMOrC1VySfCsvLCvt3JLA=",
            "content_base64sha512": "KK22eJIaL9AN2Qddz1vADm6Pi/hAUVxDUxCEnPctMhTPewyGHqULF52r08O+04xP7apGMl5Jl7JFGbsdLopmcg==",
            "content_md5": "39d24ed10919bc4d6fd62e80389db836",
            "content_sha1": "8bbe409802bba10a0260deb120c3c75671d20235",
            "content_sha256": "f465fb159d28f7205f3c68977422c6e2d48c3ab0b557249f0acbcb0afb7724b0",
            "content_sha512": "28adb678921a2fd00dd9075dcf5bc00e6e8f8bf840515c435310849cf72d3214cf7b0c861ea50b179dabd3c3bed38c4fedaa46325e4997b24519bb1d2e8a6672",
            "directory_permission": "0777",
            "file_permission": "0600",
            "filename": "./awskey.pem",
            "id": "8bbe409802bba10a0260deb120c3c75671d20235",
            "sensitive_content": null,
            "source": null
          },
          "sensitive_attributes": [
            [
              {
                "type": "get_attr",
                "value": "content"
              }
            ]
          ],
          "dependencies": [
            "tls_private_key.mypem"
          ]
        }
      ]
    },
    {
      "mode": "managed",
      "type": "tls_private_key",
      "name": "mypem",
      "provider": "provider[\"registry.terraform.io/hashicorp/tls\"]",
      "instances": [
        {
          "schema_version": 1,
          "attributes": {
            "algorithm": "RSA",
            "ecdsa_curve": "P224",
            "id": "cf734a4633d0c3a996c9ef4cffc2fedd1e795232",
            "private_key_openssh": "-----BEGIN OPENSSH PRIVATE KEY-----\nb3BlbnNzaC1rZXktdjEAAAAABG5vbmUAAAAEbm9uZQAAAAAAAAABAAACFwAAAAdz\nc2gtcnNhAAAAAwEAAQAAAgEAwiodQa+r7MbIz1LNeX+JwrcB9deom7NQcw7Mk24e\nYsmNCwLged4ECB7kh62bVqe1UYBO+bDFV7eCrgIAuW7bpw9ZYf8wbcsba6c4hvcs\nwgg7obKCKJAhaIUSa5KQYLvMJ9XUYzULJW9szSwJxv0ljc2h2BMB+qKJMH/xtOmr\n8JSHgXM4pRC3C+U3VQPqjQMTmKAU/0M68VwG5yfpqSx2rGRJ2Y1WWBxc/fSdD5ax\n9RWv1MykcZLMcOsQ2D6xaClC3g0Nsy26ImIASA/JS1FF12ArFCuGt5SUv8fBp14B\nqnYKOgdfcT1Z+KF4Bj+GUfAHogyjWANCHtojMmnD9C59WAA3DthLRbVtwDLdkpRM\nae3iTTrAoHaArbr8FNKlkGm2JJMAtaX0Y23NkehaWIxco5SZ9l4KCnCrLQgM3urY\njY5QDpQ/Nw8aYB+0xrFZD9eGBWPFNy5GckZo6Z6UQz7d0adRsr+RXeBeRlEyJjRp\nK20bOBD98UKqvcoOQN6lUL+BwZ/QxuAaxl/Zfyr/DTfdSnET/igW5M+eGfk7VDJS\ngYz0fEFvQ0v4j3yrxc69aZCNHVmzIzgpH3AU7XqcXmkr6FLKBI6GQxMZ7RWKRnAD\nDZRV44/Ff2IJnzMdw9P9h4r6g10xsy9GjobyWRCYa4l4FeXfvBYgcB+zLL8aDUx1\nFC8AAAc4axFnsmsRZ7IAAAAHc3NoLXJzYQAAAgEAwiodQa+r7MbIz1LNeX+JwrcB\n9deom7NQcw7Mk24eYsmNCwLged4ECB7kh62bVqe1UYBO+bDFV7eCrgIAuW7bpw9Z\nYf8wbcsba6c4hvcswgg7obKCKJAhaIUSa5KQYLvMJ9XUYzULJW9szSwJxv0ljc2h\n2BMB+qKJMH/xtOmr8JSHgXM4pRC3C+U3VQPqjQMTmKAU/0M68VwG5yfpqSx2rGRJ\n2Y1WWBxc/fSdD5ax9RWv1MykcZLMcOsQ2D6xaClC3g0Nsy26ImIASA/JS1FF12Ar\nFCuGt5SUv8fBp14BqnYKOgdfcT1Z+KF4Bj+GUfAHogyjWANCHtojMmnD9C59WAA3\nDthLRbVtwDLdkpRMae3iTTrAoHaArbr8FNKlkGm2JJMAtaX0Y23NkehaWIxco5SZ\n9l4KCnCrLQgM3urYjY5QDpQ/Nw8aYB+0xrFZD9eGBWPFNy5GckZo6Z6UQz7d0adR\nsr+RXeBeRlEyJjRpK20bOBD98UKqvcoOQN6lUL+BwZ/QxuAaxl/Zfyr/DTfdSnET\n/igW5M+eGfk7VDJSgYz0fEFvQ0v4j3yrxc69aZCNHVmzIzgpH3AU7XqcXmkr6FLK\nBI6GQxMZ7RWKRnADDZRV44/Ff2IJnzMdw9P9h4r6g10xsy9GjobyWRCYa4l4FeXf\nvBYgcB+zLL8aDUx1FC8AAAADAQABAAACADK3y4Kf/7nOxx+Y0oF9Nh/9q+5q0ekx\n8r7LS9bq+db2LPiGXNqYitcQMsPaLmx5TFyotnh0m2fpUKJhdYz6jzfZQ5Dclurn\nFheNy689m5xniCQZu/Qaig+CSyh8VWhfRdnV+i+b6Hhz3ajOaxNmhsu+vhryBB9T\nG6Dmmt2V+ErUkXzX+yDq99WMn2J+rmL9Pb4teq6fAiOP1WHGRDvjmHA5lizUxYwo\nhIX1wp0S0RNjAdYFSqM8JFkOngzOe4ro1EWqhTybojZfARHRxdP9u8+hmD8hi4Qi\ntKRP6p7saGT9hnhX+q9axkiy7OY867o1h9jlkjloSHpEotMFW6FKD4VbHLv6DMTI\nGr8tqcAnXGuWttfE6Ntt7ukxKehu3FvufqRf1pAlHOEgzR7R1CgYZySScOmHr6MX\nCAVLj6ENU13YfRecV/L3AfnBwBxsDcwCJeLfC1GeQrp9www9yDHFdALGBUEqf8vE\nsCRjV38Zxey1Uput29f5FWJzPOsEIhessUCFaPkZTIsi/iC3Pt3YbrPqB0hv12wI\noBO1emt1oW/Ofn3Tvxe2XKoRcEb7AO3enT5X45pdAOr6MRfjwDmDERJzQt4ar3Q1\nxkYuVdU+2pf8ncol6SR1D/TQ9LGVX61kUtmjs/O2PplkzOfg4LyX1VOkpXNOXCBn\nvj7IvzsMJIxxAAABAHjimqTpW321plGPXBgEu2O9PJatZQx1jHxCEbhuTTLv1w8e\nLOPeRTf7YLnsSEFWnxFS7cvVvRNyENew7mWFk902BOSVxVER2IYJtNOncP8dDpYb\nuhRj5KApRoVRFRBNAtJBNHRdjYUu4aSSvSfIxxYEV4hkk19Pbr335NtzdgzZ+JIb\nsLUwny88T9H4aGlXf9T7t8r2SDWZiVTTIBcrm/icoAJmF2uU7nNEsL8McJ8Uha9/\ntkZ9oegzNTPbASmkSoiJ3x0xEp0EEIn0IPeXaI0KlnkiqIp7ycINeP1Wp585IXwO\nv/I2V6gkFxVNdmhgiCvGXA7o+0AW2XHW9D2rPiwAAAEBAPbXVaUeNYtw6W5OCYq6\nBDpo+D/yqtHF4/7ZEsjVSQPA2LvvYTQuo/KXZBLpoieGkvVk0zCdAOG1/dj8N5Bv\nZST0Skde6rpcC22pxNa/G/7eGGpKoa7E7q2J9AfTyUa96Z2MogB48TBZepZVyMm9\nmUPxUQKn2xrjcLt+0/RJNL+sIwVZs0jBvLyhQU4vvzVhQRiKpNDrt6fRYq6OXoj9\nIiaQMgi8JL0KRIrUShKvXiGqRZr3CuqpBwk/2WKUumEqVGfRDwwBbuKekBF25GgR\nYn+GNBA1QBfSTg+g/MW9U61zxAt/OdEq7T86AQMyylxW7cKw0pAnAN/Rby+3Hz1H\nCQcAAAEBAMlea8zsY5SDWOSEzQwTWPzv7REqo+hB6WvvqVV0ay+L4u36dxkYESK9\nPE9kRZJLEQgp2PN54uRYIYl2yAdVkLvchT9CcAb3xfKDJXE7L+r9xvJ6OumCuqLS\nhHab4BirCU+Hy6Wk3rDT3V5bLzRPvsuTbxY9PDrPTvYxx19QhdVC12d+eKHdrKUK\nRud6dBu/suZjemb6MEARj1Nv0/gRkGQKHJPvpZo3MBIQEEUYkwOl8zqSITx6dTht\ntteXOfyxLTUzOtgMWEp3Bv2V3TaHURlcVTHXqafaTdHzJYFKBBoOnwoxS0LTsOa5\nGLHiJU12KfopolRZm7H44bB+pJ0pGZkAAAAAAQID\n-----END OPENSSH PRIVATE KEY-----\n",
            "private_key_pem": "-----BEGIN RSA PRIVATE KEY-----\nMIIJKAIBAAKCAgEAwiodQa+r7MbIz1LNeX+JwrcB9deom7NQcw7Mk24eYsmNCwLg\ned4ECB7kh62bVqe1UYBO+bDFV7eCrgIAuW7bpw9ZYf8wbcsba6c4hvcswgg7obKC\nKJAhaIUSa5KQYLvMJ9XUYzULJW9szSwJxv0ljc2h2BMB+qKJMH/xtOmr8JSHgXM4\npRC3C+U3VQPqjQMTmKAU/0M68VwG5yfpqSx2rGRJ2Y1WWBxc/fSdD5ax9RWv1Myk\ncZLMcOsQ2D6xaClC3g0Nsy26ImIASA/JS1FF12ArFCuGt5SUv8fBp14BqnYKOgdf\ncT1Z+KF4Bj+GUfAHogyjWANCHtojMmnD9C59WAA3DthLRbVtwDLdkpRMae3iTTrA\noHaArbr8FNKlkGm2JJMAtaX0Y23NkehaWIxco5SZ9l4KCnCrLQgM3urYjY5QDpQ/\nNw8aYB+0xrFZD9eGBWPFNy5GckZo6Z6UQz7d0adRsr+RXeBeRlEyJjRpK20bOBD9\n8UKqvcoOQN6lUL+BwZ/QxuAaxl/Zfyr/DTfdSnET/igW5M+eGfk7VDJSgYz0fEFv\nQ0v4j3yrxc69aZCNHVmzIzgpH3AU7XqcXmkr6FLKBI6GQxMZ7RWKRnADDZRV44/F\nf2IJnzMdw9P9h4r6g10xsy9GjobyWRCYa4l4FeXfvBYgcB+zLL8aDUx1FC8CAwEA\nAQKCAgAyt8uCn/+5zscfmNKBfTYf/avuatHpMfK+y0vW6vnW9iz4hlzamIrXEDLD\n2i5seUxcqLZ4dJtn6VCiYXWM+o832UOQ3Jbq5xYXjcuvPZucZ4gkGbv0GooPgkso\nfFVoX0XZ1fovm+h4c92ozmsTZobLvr4a8gQfUxug5prdlfhK1JF81/sg6vfVjJ9i\nfq5i/T2+LXqunwIjj9VhxkQ745hwOZYs1MWMKISF9cKdEtETYwHWBUqjPCRZDp4M\nznuK6NRFqoU8m6I2XwER0cXT/bvPoZg/IYuEIrSkT+qe7Ghk/YZ4V/qvWsZIsuzm\nPOu6NYfY5ZI5aEh6RKLTBVuhSg+FWxy7+gzEyBq/LanAJ1xrlrbXxOjbbe7pMSno\nbtxb7n6kX9aQJRzhIM0e0dQoGGckknDph6+jFwgFS4+hDVNd2H0XnFfy9wH5wcAc\nbA3MAiXi3wtRnkK6fcMMPcgxxXQCxgVBKn/LxLAkY1d/GcXstVKbrdvX+RViczzr\nBCIXrLFAhWj5GUyLIv4gtz7d2G6z6gdIb9dsCKATtXprdaFvzn59078XtlyqEXBG\n+wDt3p0+V+OaXQDq+jEX48A5gxESc0LeGq90NcZGLlXVPtqX/J3KJekkdQ/00PSx\nlV+tZFLZo7Pztj6ZZMzn4OC8l9VTpKVzTlwgZ74+yL87DCSMcQKCAQEA9tdVpR41\ni3Dpbk4JiroEOmj4P/Kq0cXj/tkSyNVJA8DYu+9hNC6j8pdkEumiJ4aS9WTTMJ0A\n4bX92Pw3kG9lJPRKR17qulwLbanE1r8b/t4YakqhrsTurYn0B9PJRr3pnYyiAHjx\nMFl6llXIyb2ZQ/FRAqfbGuNwu37T9Ek0v6wjBVmzSMG8vKFBTi+/NWFBGIqk0Ou3\np9Firo5eiP0iJpAyCLwkvQpEitRKEq9eIapFmvcK6qkHCT/ZYpS6YSpUZ9EPDAFu\n4p6QEXbkaBFif4Y0EDVAF9JOD6D8xb1TrXPEC3850SrtPzoBAzLKXFbtwrDSkCcA\n39FvL7cfPUcJBwKCAQEAyV5rzOxjlINY5ITNDBNY/O/tESqj6EHpa++pVXRrL4vi\n7fp3GRgRIr08T2RFkksRCCnY83ni5FghiXbIB1WQu9yFP0JwBvfF8oMlcTsv6v3G\n8no66YK6otKEdpvgGKsJT4fLpaTesNPdXlsvNE++y5NvFj08Os9O9jHHX1CF1ULX\nZ354od2spQpG53p0G7+y5mN6ZvowQBGPU2/T+BGQZAock++lmjcwEhAQRRiTA6Xz\nOpIhPHp1OG2215c5/LEtNTM62AxYSncG/ZXdNodRGVxVMdepp9pN0fMlgUoEGg6f\nCjFLQtOw5rkYseIlTXYp+imiVFmbsfjhsH6knSkZmQKCAQEAkUdzlNcO1J8EBHPR\nkeChlG8rjReaChTad6fzMli1vIvIA/SD1V6OB72qnKb9VR4TaHKLCdWeKzodyZPI\ncC3f7bwJ66+ln0GFSGne/DVGmN7Gp+h8+IvXnjPPeLvhfs1PrfaTcou8CKThTZH3\ntyTsC9z/vPxmLJEoTHH89Y4Qia8afY+pwWylVK/j68yWUSiIU5VmI8BYO2E1H1+T\nrDSv4NqFWDbDuK9OYBdJ8W1djZrVlLtJpYsOJRd7LlYyy/VJ8EBPBtXhGWgRivXa\nwJVaz4uBIPj2XA7e+rvZidhAY5n7DHk44i7Nq6TL68H88BQJo8jGZSlPjmuJcR/q\nNvqUCQKCAQAgLFTe9fnnFaFTSaCVSFYUe6UN9BkiF73av/z3KVWi0B/e1ADJYp4C\nRefn62ZuPE4pVr5SEGxe/XHGS9Mj0NkCGvazJ8NMabQXzjpiQAmk6w0pWrwk6P02\n3JnLdZY1esZPDaxM9+2YpREebUU6f29FiXXbQMdpwgukrEllgjEP5NETuRI/EnLu\nH5k6jMcWU+eahdRdtaWV5vhWZWyhmvTN9wuf209DN4QXrrdawtViZNZaylRDHHG0\nJVtsUL40EH7fnCLPuBE3PJNCWvpwJuifO7Bk+UcjCW8bl1Srto63NxTUBRI4SChg\nhLxcV3yMRs/oJ1THU1Xb9p7gmytj7NgpAoIBAHjimqTpW321plGPXBgEu2O9PJat\nZQx1jHxCEbhuTTLv1w8eLOPeRTf7YLnsSEFWnxFS7cvVvRNyENew7mWFk902BOSV\nxVER2IYJtNOncP8dDpYbuhRj5KApRoVRFRBNAtJBNHRdjYUu4aSSvSfIxxYEV4hk\nk19Pbr335NtzdgzZ+JIbsLUwny88T9H4aGlXf9T7t8r2SDWZiVTTIBcrm/icoAJm\nF2uU7nNEsL8McJ8Uha9/tkZ9oegzNTPbASmkSoiJ3x0xEp0EEIn0IPeXaI0Klnki\nqIp7ycINeP1Wp585IXwOv/I2V6gkFxVNdmhgiCvGXA7o+0AW2XHW9D2rPiw=\n-----END RSA PRIVATE KEY-----\n",
            "private_key_pem_pkcs8": "-----BEGIN PRIVATE KEY-----\nMIIJQgIBADANBgkqhkiG9w0BAQEFAASCCSwwggkoAgEAAoICAQDCKh1Br6vsxsjP\nUs15f4nCtwH116ibs1BzDsyTbh5iyY0LAuB53gQIHuSHrZtWp7VRgE75sMVXt4Ku\nAgC5btunD1lh/zBtyxtrpziG9yzCCDuhsoIokCFohRJrkpBgu8wn1dRjNQslb2zN\nLAnG/SWNzaHYEwH6ookwf/G06avwlIeBczilELcL5TdVA+qNAxOYoBT/QzrxXAbn\nJ+mpLHasZEnZjVZYHFz99J0PlrH1Fa/UzKRxksxw6xDYPrFoKULeDQ2zLboiYgBI\nD8lLUUXXYCsUK4a3lJS/x8GnXgGqdgo6B19xPVn4oXgGP4ZR8AeiDKNYA0Ie2iMy\nacP0Ln1YADcO2EtFtW3AMt2SlExp7eJNOsCgdoCtuvwU0qWQabYkkwC1pfRjbc2R\n6FpYjFyjlJn2XgoKcKstCAze6tiNjlAOlD83DxpgH7TGsVkP14YFY8U3LkZyRmjp\nnpRDPt3Rp1Gyv5Fd4F5GUTImNGkrbRs4EP3xQqq9yg5A3qVQv4HBn9DG4BrGX9l/\nKv8NN91KcRP+KBbkz54Z+TtUMlKBjPR8QW9DS/iPfKvFzr1pkI0dWbMjOCkfcBTt\nepxeaSvoUsoEjoZDExntFYpGcAMNlFXjj8V/YgmfMx3D0/2HivqDXTGzL0aOhvJZ\nEJhriXgV5d+8FiBwH7MsvxoNTHUULwIDAQABAoICADK3y4Kf/7nOxx+Y0oF9Nh/9\nq+5q0ekx8r7LS9bq+db2LPiGXNqYitcQMsPaLmx5TFyotnh0m2fpUKJhdYz6jzfZ\nQ5DclurnFheNy689m5xniCQZu/Qaig+CSyh8VWhfRdnV+i+b6Hhz3ajOaxNmhsu+\nvhryBB9TG6Dmmt2V+ErUkXzX+yDq99WMn2J+rmL9Pb4teq6fAiOP1WHGRDvjmHA5\nlizUxYwohIX1wp0S0RNjAdYFSqM8JFkOngzOe4ro1EWqhTybojZfARHRxdP9u8+h\nmD8hi4QitKRP6p7saGT9hnhX+q9axkiy7OY867o1h9jlkjloSHpEotMFW6FKD4Vb\nHLv6DMTIGr8tqcAnXGuWttfE6Ntt7ukxKehu3FvufqRf1pAlHOEgzR7R1CgYZySS\ncOmHr6MXCAVLj6ENU13YfRecV/L3AfnBwBxsDcwCJeLfC1GeQrp9www9yDHFdALG\nBUEqf8vEsCRjV38Zxey1Uput29f5FWJzPOsEIhessUCFaPkZTIsi/iC3Pt3YbrPq\nB0hv12wIoBO1emt1oW/Ofn3Tvxe2XKoRcEb7AO3enT5X45pdAOr6MRfjwDmDERJz\nQt4ar3Q1xkYuVdU+2pf8ncol6SR1D/TQ9LGVX61kUtmjs/O2PplkzOfg4LyX1VOk\npXNOXCBnvj7IvzsMJIxxAoIBAQD211WlHjWLcOluTgmKugQ6aPg/8qrRxeP+2RLI\n1UkDwNi772E0LqPyl2QS6aInhpL1ZNMwnQDhtf3Y/DeQb2Uk9EpHXuq6XAttqcTW\nvxv+3hhqSqGuxO6tifQH08lGvemdjKIAePEwWXqWVcjJvZlD8VECp9sa43C7ftP0\nSTS/rCMFWbNIwby8oUFOL781YUEYiqTQ67en0WKujl6I/SImkDIIvCS9CkSK1EoS\nr14hqkWa9wrqqQcJP9lilLphKlRn0Q8MAW7inpARduRoEWJ/hjQQNUAX0k4PoPzF\nvVOtc8QLfznRKu0/OgEDMspcVu3CsNKQJwDf0W8vtx89RwkHAoIBAQDJXmvM7GOU\ng1jkhM0ME1j87+0RKqPoQelr76lVdGsvi+Lt+ncZGBEivTxPZEWSSxEIKdjzeeLk\nWCGJdsgHVZC73IU/QnAG98XygyVxOy/q/cbyejrpgrqi0oR2m+AYqwlPh8ulpN6w\n091eWy80T77Lk28WPTw6z072McdfUIXVQtdnfnih3aylCkbnenQbv7LmY3pm+jBA\nEY9Tb9P4EZBkChyT76WaNzASEBBFGJMDpfM6kiE8enU4bbbXlzn8sS01MzrYDFhK\ndwb9ld02h1EZXFUx16mn2k3R8yWBSgQaDp8KMUtC07DmuRix4iVNdin6KaJUWZux\n+OGwfqSdKRmZAoIBAQCRR3OU1w7UnwQEc9GR4KGUbyuNF5oKFNp3p/MyWLW8i8gD\n9IPVXo4Hvaqcpv1VHhNocosJ1Z4rOh3Jk8hwLd/tvAnrr6WfQYVIad78NUaY3san\n6Hz4i9eeM894u+F+zU+t9pNyi7wIpOFNkfe3JOwL3P+8/GYskShMcfz1jhCJrxp9\nj6nBbKVUr+PrzJZRKIhTlWYjwFg7YTUfX5OsNK/g2oVYNsO4r05gF0nxbV2NmtWU\nu0mliw4lF3suVjLL9UnwQE8G1eEZaBGK9drAlVrPi4Eg+PZcDt76u9mJ2EBjmfsM\neTjiLs2rpMvrwfzwFAmjyMZlKU+Oa4lxH+o2+pQJAoIBACAsVN71+ecVoVNJoJVI\nVhR7pQ30GSIXvdq//PcpVaLQH97UAMlingJF5+frZm48TilWvlIQbF79ccZL0yPQ\n2QIa9rMnw0xptBfOOmJACaTrDSlavCTo/Tbcmct1ljV6xk8NrEz37ZilER5tRTp/\nb0WJddtAx2nCC6SsSWWCMQ/k0RO5Ej8Scu4fmTqMxxZT55qF1F21pZXm+FZlbKGa\n9M33C5/bT0M3hBeut1rC1WJk1lrKVEMccbQlW2xQvjQQft+cIs+4ETc8k0Ja+nAm\n6J87sGT5RyMJbxuXVKu2jrc3FNQFEjhIKGCEvFxXfIxGz+gnVMdTVdv2nuCbK2Ps\n2CkCggEAeOKapOlbfbWmUY9cGAS7Y708lq1lDHWMfEIRuG5NMu/XDx4s495FN/tg\nuexIQVafEVLty9W9E3IQ17DuZYWT3TYE5JXFURHYhgm006dw/x0Olhu6FGPkoClG\nhVEVEE0C0kE0dF2NhS7hpJK9J8jHFgRXiGSTX09uvffk23N2DNn4khuwtTCfLzxP\n0fhoaVd/1Pu3yvZINZmJVNMgFyub+JygAmYXa5Tuc0SwvwxwnxSFr3+2Rn2h6DM1\nM9sBKaRKiInfHTESnQQQifQg95dojQqWeSKoinvJwg14/VannzkhfA6/8jZXqCQX\nFU12aGCIK8ZcDuj7QBbZcdb0Pas+LA==\n-----END PRIVATE KEY-----\n",
            "public_key_fingerprint_md5": "f7:b3:f1:e6:32:6d:07:49:2c:68:4a:46:b8:79:d2:3c",
            "public_key_fingerprint_sha256": "SHA256:9f9Cw0xaSSTU3sTKLrJVM8jxdjXR/aVw4Aju8HAD6rs",
            "public_key_openssh": "ssh-rsa AAAAB3NzaC1yc2EAAAADAQABAAACAQDCKh1Br6vsxsjPUs15f4nCtwH116ibs1BzDsyTbh5iyY0LAuB53gQIHuSHrZtWp7VRgE75sMVXt4KuAgC5btunD1lh/zBtyxtrpziG9yzCCDuhsoIokCFohRJrkpBgu8wn1dRjNQslb2zNLAnG/SWNzaHYEwH6ookwf/G06avwlIeBczilELcL5TdVA+qNAxOYoBT/QzrxXAbnJ+mpLHasZEnZjVZYHFz99J0PlrH1Fa/UzKRxksxw6xDYPrFoKULeDQ2zLboiYgBID8lLUUXXYCsUK4a3lJS/x8GnXgGqdgo6B19xPVn4oXgGP4ZR8AeiDKNYA0Ie2iMyacP0Ln1YADcO2EtFtW3AMt2SlExp7eJNOsCgdoCtuvwU0qWQabYkkwC1pfRjbc2R6FpYjFyjlJn2XgoKcKstCAze6tiNjlAOlD83DxpgH7TGsVkP14YFY8U3LkZyRmjpnpRDPt3Rp1Gyv5Fd4F5GUTImNGkrbRs4EP3xQqq9yg5A3qVQv4HBn9DG4BrGX9l/Kv8NN91KcRP+KBbkz54Z+TtUMlKBjPR8QW9DS/iPfKvFzr1pkI0dWbMjOCkfcBTtepxeaSvoUsoEjoZDExntFYpGcAMNlFXjj8V/YgmfMx3D0/2HivqDXTGzL0aOhvJZEJhriXgV5d+8FiBwH7MsvxoNTHUULw==\n",
            "public_key_pem": "-----BEGIN PUBLIC KEY-----\nMIICIjANBgkqhkiG9w0BAQEFAAOCAg8AMIICCgKCAgEAwiodQa+r7MbIz1LNeX+J\nwrcB9deom7NQcw7Mk24eYsmNCwLged4ECB7kh62bVqe1UYBO+bDFV7eCrgIAuW7b\npw9ZYf8wbcsba6c4hvcswgg7obKCKJAhaIUSa5KQYLvMJ9XUYzULJW9szSwJxv0l\njc2h2BMB+qKJMH/xtOmr8JSHgXM4pRC3C+U3VQPqjQMTmKAU/0M68VwG5yfpqSx2\nrGRJ2Y1WWBxc/fSdD5ax9RWv1MykcZLMcOsQ2D6xaClC3g0Nsy26ImIASA/JS1FF\n12ArFCuGt5SUv8fBp14BqnYKOgdfcT1Z+KF4Bj+GUfAHogyjWANCHtojMmnD9C59\nWAA3DthLRbVtwDLdkpRMae3iTTrAoHaArbr8FNKlkGm2JJMAtaX0Y23NkehaWIxc\no5SZ9l4KCnCrLQgM3urYjY5QDpQ/Nw8aYB+0xrFZD9eGBWPFNy5GckZo6Z6UQz7d\n0adRsr+RXeBeRlEyJjRpK20bOBD98UKqvcoOQN6lUL+BwZ/QxuAaxl/Zfyr/DTfd\nSnET/igW5M+eGfk7VDJSgYz0fEFvQ0v4j3yrxc69aZCNHVmzIzgpH3AU7XqcXmkr\n6FLKBI6GQxMZ7RWKRnADDZRV44/Ff2IJnzMdw9P9h4r6g10xsy9GjobyWRCYa4l4\nFeXfvBYgcB+zLL8aDUx1FC8CAwEAAQ==\n-----END PUBLIC KEY-----\n",
            "rsa_bits": 4096
          },
          "sensitive_attributes": []
        }
      ]
    }
  ],
  "check_results": null
}
